<?xml version="1.0" encoding="utf-8"?>
<Project ToolsVersion="4.0" xmlns="http://schemas.microsoft.com/developer/msbuild/2003">
  <ItemGroup>
    <Filter Include="Source Files">
      <UniqueIdentifier>{4FC737F1-C7A5-4376-A066-2A32D752A2FF}</UniqueIdentifier>
      <Extensions>cpp;c;cc;cxx;c++;def;odl;idl;hpj;bat;asm;asmx</Extensions>
    </Filter>
    <Filter Include="Header Files">
      <UniqueIdentifier>{93995380-89BD-4b04-88EB-625FBE52EBFB}</UniqueIdentifier>
      <Extensions>h;hh;hpp;hxx;h++;hm;inl;inc;ipp;xsd</Extensions>
    </Filter>
    <Filter Include="Resource Files">
      <UniqueIdentifier>{67DA6AB6-F800-4c08-8B7A-83BB121AAD01}</UniqueIdentifier>
      <Extensions>rc;ico;cur;bmp;dlg;rc2;rct;bin;rgs;gif;jpg;jpeg;jpe;resx;tiff;tif;png;wav;mfcribbon-ms</Extensions>
    </Filter>
    <Filter Include="Header Files\Core">
      <UniqueIdentifier>{eeb3fc94-e880-4128-a306-244799410937}</UniqueIdentifier>
    </Filter>
    <Filter Include="Header Files\Core\Math">
      <UniqueIdentifier>{38e62dde-4580-4147-b8bd-898d3b5595d6}</UniqueIdentifier>
    </Filter>
    <Filter Include="Header Files\Core\FileIO">
      <UniqueIdentifier>{e8cd4a2d-8c45-43c1-a0b4-04937c2e90eb}</UniqueIdentifier>
    </Filter>
    <Filter Include="Header Files\Core\Debug">
      <UniqueIdentifier>{b07e275d-b36e-45fb-9c79-027722df4c8e}</UniqueIdentifier>
    </Filter>
    <Filter Include="Header Files\Core\Profiler">
      <UniqueIdentifier>{554808a9-0761-42d4-b3e9-5487cbeb6eb2}</UniqueIdentifier>
    </Filter>
    <Filter Include="Header Files\Core\Graphics">
      <UniqueIdentifier>{2a6e81f5-f4f9-436f-a627-f3fad6e44057}</UniqueIdentifier>
    </Filter>
    <Filter Include="Header Files\Core\Thread">
      <UniqueIdentifier>{e6da78be-8d6a-4a6d-90ce-558835bcce01}</UniqueIdentifier>
    </Filter>
    <Filter Include="Header Files\Core\Math\Primitive">
      <UniqueIdentifier>{9e14800d-c30e-4e20-9d9c-cace5021a112}</UniqueIdentifier>
    </Filter>
    <Filter Include="Header Files\World">
      <UniqueIdentifier>{83593953-6622-439e-bd3e-99aa0c32984f}</UniqueIdentifier>
    </Filter>
    <Filter Include="Header Files\Resouce">
      <UniqueIdentifier>{438539ef-88f1-4d0f-b607-46ca1cde3aec}</UniqueIdentifier>
    </Filter>
    <Filter Include="Header Files\Resouce\AssetManagement">
      <UniqueIdentifier>{602f039c-6df3-4506-acaf-5bebf3cbb0f7}</UniqueIdentifier>
    </Filter>
    <Filter Include="Header Files\Resouce\ResourceManagement">
      <UniqueIdentifier>{02d0775a-1bac-43a8-be44-c19f959f4df1}</UniqueIdentifier>
    </Filter>
    <Filter Include="Header Files\World\EntityManagement">
      <UniqueIdentifier>{03819bc1-4c40-4982-a8de-e361c84458c6}</UniqueIdentifier>
    </Filter>
    <Filter Include="Header Files\World\SystemManagement">
      <UniqueIdentifier>{238671ab-daf3-4622-b525-3a3202950f6f}</UniqueIdentifier>
    </Filter>
    <Filter Include="Header Files\Core\MemoryManagement">
      <UniqueIdentifier>{cd980753-1cfd-4c0c-8be6-fb7b90e4a906}</UniqueIdentifier>
    </Filter>
    <Filter Include="Source Files\External">
      <UniqueIdentifier>{46576c80-f142-4473-aa78-5bd0f4d67bf1}</UniqueIdentifier>
    </Filter>
    <Filter Include="Header Files\Core\Time">
      <UniqueIdentifier>{0a686eed-22ea-47bb-8c92-cf0f15d68dae}</UniqueIdentifier>
    </Filter>
  </ItemGroup>
  <ItemGroup>
    <ClCompile Include="UniEngine.cpp">
      <Filter>Source Files</Filter>
    </ClCompile>
    <ClCompile Include="Mesh.cpp">
      <Filter>Source Files</Filter>
    </ClCompile>
    <ClCompile Include="Memory.cpp">
      <Filter>Source Files</Filter>
    </ClCompile>
    <ClCompile Include="includes\glad\src\glad.c">
      <Filter>Source Files\External</Filter>
    </ClCompile>
    <ClCompile Include="Main.cpp">
      <Filter>Source Files</Filter>
    </ClCompile>
    <ClCompile Include="World.cpp">
      <Filter>Source Files</Filter>
    </ClCompile>
    <ClCompile Include="Material.cpp">
      <Filter>Source Files</Filter>
    </ClCompile>
    <ClCompile Include="Debug.cpp">
      <Filter>Source Files</Filter>
    </ClCompile>
    <ClCompile Include="Graphics.cpp">
      <Filter>Source Files</Filter>
    </ClCompile>
    <ClCompile Include="Time.cpp">
      <Filter>Source Files</Filter>
    </ClCompile>
    <ClCompile Include="GLProgram.cpp">
      <Filter>Source Files</Filter>
    </ClCompile>
    <ClCompile Include="GLShader.cpp">
      <Filter>Source Files</Filter>
    </ClCompile>
    <ClCompile Include="GLBufferObject.cpp">
      <Filter>Source Files</Filter>
    </ClCompile>
    <ClCompile Include="GLTexture.cpp">
      <Filter>Source Files</Filter>
    </ClCompile>
  </ItemGroup>
  <ItemGroup>
    <ClInclude Include="Misc.h">
      <Filter>Header Files</Filter>
    </ClInclude>
    <ClInclude Include="UniEngine.h">
      <Filter>Header Files</Filter>
    </ClInclude>
    <ClInclude Include="Math.h">
      <Filter>Header Files\Core\Math</Filter>
    </ClInclude>
    <ClInclude Include="bool.h">
      <Filter>Header Files\Core\Math\Primitive</Filter>
    </ClInclude>
    <ClInclude Include="double.h">
      <Filter>Header Files\Core\Math\Primitive</Filter>
    </ClInclude>
    <ClInclude Include="float.h">
      <Filter>Header Files\Core\Math\Primitive</Filter>
    </ClInclude>
    <ClInclude Include="int.h">
      <Filter>Header Files\Core\Math\Primitive</Filter>
    </ClInclude>
    <ClInclude Include="long.h">
      <Filter>Header Files\Core\Math\Primitive</Filter>
    </ClInclude>
    <ClInclude Include="uint.h">
      <Filter>Header Files\Core\Math\Primitive</Filter>
    </ClInclude>
    <ClInclude Include="ulong.h">
      <Filter>Header Files\Core\Math\Primitive</Filter>
    </ClInclude>
    <ClInclude Include="Mesh.h">
      <Filter>Header Files\Resouce\ResourceManagement</Filter>
    </ClInclude>
    <ClInclude Include="Core.h">
      <Filter>Header Files\Core</Filter>
    </ClInclude>
    <ClInclude Include="Memory.h">
      <Filter>Header Files\Core\MemoryManagement</Filter>
    </ClInclude>
    <ClInclude Include="World.h">
      <Filter>Header Files\World</Filter>
    </ClInclude>
    <ClInclude Include="SystemBase.h">
      <Filter>Header Files\World\SystemManagement</Filter>
    </ClInclude>
    <ClInclude Include="Material.h">
      <Filter>Header Files\Resouce\ResourceManagement</Filter>
    </ClInclude>
    <ClInclude Include="Debug.h">
      <Filter>Header Files\Core\Debug</Filter>
    </ClInclude>
    <ClInclude Include="Graphics.h">
      <Filter>Header Files\Core\Graphics</Filter>
    </ClInclude>
    <ClInclude Include="Time.h">
      <Filter>Header Files</Filter>
    </ClInclude>
    <ClInclude Include="GLObject.h">
      <Filter>Header Files\Core\Graphics</Filter>
    </ClInclude>
    <ClInclude Include="GLProgram.h">
      <Filter>Header Files\Core\Graphics</Filter>
    </ClInclude>
    <ClInclude Include="GLShader.h">
      <Filter>Header Files\Core\Graphics</Filter>
    </ClInclude>
    <ClInclude Include="GLBufferObject.h">
      <Filter>Header Files\Core\Graphics</Filter>
    </ClInclude>
    <ClInclude Include="GLTexture.h">
      <Filter>Header Files\Core\Graphics</Filter>
    </ClInclude>
  </ItemGroup>
</Project>