<?xml version="1.0" encoding="utf-8"?>
<Project ToolsVersion="4.0" xmlns="http://schemas.microsoft.com/developer/msbuild/2003">
  <ItemGroup>
    <Filter Include="Source Files">
      <UniqueIdentifier>{4FC737F1-C7A5-4376-A066-2A32D752A2FF}</UniqueIdentifier>
      <Extensions>cpp;c;cc;cxx;c++;def;odl;idl;hpj;bat;asm;asmx</Extensions>
    </Filter>
    <Filter Include="Header Files">
      <UniqueIdentifier>{93995380-89BD-4b04-88EB-625FBE52EBFB}</UniqueIdentifier>
      <Extensions>h;hh;hpp;hxx;h++;hm;inl;inc;ipp;xsd</Extensions>
    </Filter>
    <Filter Include="Resource Files">
      <UniqueIdentifier>{67DA6AB6-F800-4c08-8B7A-83BB121AAD01}</UniqueIdentifier>
      <Extensions>rc;ico;cur;bmp;dlg;rc2;rct;bin;rgs;gif;jpg;jpeg;jpe;resx;tiff;tif;png;wav;mfcribbon-ms</Extensions>
    </Filter>
    <Filter Include="Header Files\Resource">
      <UniqueIdentifier>{dbca06b1-d1f9-4e4f-8783-811867853664}</UniqueIdentifier>
    </Filter>
    <Filter Include="Header Files\Resource\Asset">
      <UniqueIdentifier>{4f8380f0-a61e-404d-bf0d-fbe6f52c6184}</UniqueIdentifier>
    </Filter>
    <Filter Include="Header Files\Resource\Manager">
      <UniqueIdentifier>{5f364dd2-ef88-4cb5-b742-359d46d2ccc7}</UniqueIdentifier>
    </Filter>
    <Filter Include="Source Files\Resource">
      <UniqueIdentifier>{1c8b910f-251b-446e-a0f5-22ae0ff94f9b}</UniqueIdentifier>
    </Filter>
    <Filter Include="Source Files\Resource\Asset">
      <UniqueIdentifier>{044ca4de-41cf-4918-9b9c-9db261496f37}</UniqueIdentifier>
    </Filter>
    <Filter Include="Source Files\Resource\Manager">
      <UniqueIdentifier>{a5deae8c-3e4f-4595-822d-d86fd9a44f03}</UniqueIdentifier>
    </Filter>
    <Filter Include="Source Files\Resource\SharedComponent">
      <UniqueIdentifier>{38693c77-a117-47b3-ade0-8f4fa54bf0bd}</UniqueIdentifier>
    </Filter>
    <Filter Include="Header Files\Resource\SharedComponent">
      <UniqueIdentifier>{a71b4075-ed8f-43ee-986e-edf3c93ebd04}</UniqueIdentifier>
    </Filter>
    <Filter Include="Header Files\Systems">
      <UniqueIdentifier>{a3c20565-e827-416b-99b7-90bc09c95a9f}</UniqueIdentifier>
    </Filter>
    <Filter Include="Source Files\Systems">
      <UniqueIdentifier>{5e7affdb-525a-4e62-976e-d931b9c44bc7}</UniqueIdentifier>
    </Filter>
    <Filter Include="Header Files\External">
      <UniqueIdentifier>{600b98ef-cb4a-42bc-b4f9-6c2032d3df22}</UniqueIdentifier>
    </Filter>
    <Filter Include="Source Files\External">
      <UniqueIdentifier>{10d94e26-7228-417a-a4f0-1e081e421a3d}</UniqueIdentifier>
    </Filter>
    <Filter Include="Source Files\Resource\Rendering">
      <UniqueIdentifier>{a84dcb55-783b-484d-9b67-316f019967c3}</UniqueIdentifier>
    </Filter>
    <Filter Include="Header Files\Core">
      <UniqueIdentifier>{5be41011-6f73-4911-aecf-b568f710bb76}</UniqueIdentifier>
    </Filter>
    <Filter Include="Source Files\Core">
      <UniqueIdentifier>{de175eab-21b9-4063-a163-e1d8fc6e62ca}</UniqueIdentifier>
    </Filter>
    <Filter Include="Header Files\Resource\Rendering">
      <UniqueIdentifier>{7ab163c2-3e06-42f1-bac1-c119e0b1d8e8}</UniqueIdentifier>
    </Filter>
    <Filter Include="Header Files\Resource\ComponentData">
      <UniqueIdentifier>{98d9d20f-ef8f-48b9-8036-be6a5c011733}</UniqueIdentifier>
    </Filter>
    <Filter Include="Header Files\Resource\PrivateComponent">
      <UniqueIdentifier>{75e2d44d-ea1e-45bf-a86a-604102388020}</UniqueIdentifier>
    </Filter>
    <Filter Include="Source Files\Resource\ComponentData">
      <UniqueIdentifier>{3d72652e-0113-4c97-aa32-c390abf10261}</UniqueIdentifier>
    </Filter>
    <Filter Include="Source Files\Resource\PrivateComponent">
      <UniqueIdentifier>{b6c738f3-3353-4c5d-8037-78f5cecdc252}</UniqueIdentifier>
    </Filter>
  </ItemGroup>
  <ItemGroup>
    <ClInclude Include="framework.h">
      <Filter>Header Files</Filter>
    </ClInclude>
    <ClInclude Include="pch.h">
      <Filter>Header Files</Filter>
    </ClInclude>
    <ClInclude Include="UniEngine.h">
      <Filter>Header Files</Filter>
    </ClInclude>
    <ClInclude Include="Camera.h">
      <Filter>Header Files\Resource\Rendering</Filter>
    </ClInclude>
    <ClInclude Include="Cubemap.h">
      <Filter>Header Files\Resource\Rendering</Filter>
    </ClInclude>
    <ClInclude Include="DirectionalLightShadowMap.h">
      <Filter>Header Files\Resource\Rendering</Filter>
    </ClInclude>
    <ClInclude Include="Material.h">
      <Filter>Header Files\Resource\Rendering</Filter>
    </ClInclude>
    <ClInclude Include="Mesh.h">
      <Filter>Header Files\Resource\Rendering</Filter>
    </ClInclude>
    <ClInclude Include="PointLightShadowMap.h">
      <Filter>Header Files\Resource\Rendering</Filter>
    </ClInclude>
    <ClInclude Include="RenderTarget.h">
      <Filter>Header Files\Resource\Rendering</Filter>
    </ClInclude>
    <ClInclude Include="Texture2D.h">
      <Filter>Header Files\Resource\Rendering</Filter>
    </ClInclude>
    <ClInclude Include="Default.h">
      <Filter>Header Files</Filter>
    </ClInclude>
    <ClInclude Include="UniEngineAPI.h">
      <Filter>Header Files</Filter>
    </ClInclude>
    <ClInclude Include="Model.h">
      <Filter>Header Files</Filter>
    </ClInclude>
    <ClInclude Include="CameraControlSystem.h">
      <Filter>Header Files\Systems</Filter>
    </ClInclude>
    <ClInclude Include="..\Submodules\ImGui\imgui.h">
      <Filter>Header Files\External</Filter>
    </ClInclude>
    <ClInclude Include="..\Submodules\ImGui\imgui_internal.h">
      <Filter>Header Files\External</Filter>
    </ClInclude>
    <ClInclude Include="..\Submodules\ImGui\imstb_rectpack.h">
      <Filter>Header Files\External</Filter>
    </ClInclude>
    <ClInclude Include="..\Submodules\ImGui\imstb_textedit.h">
      <Filter>Header Files\External</Filter>
    </ClInclude>
    <ClInclude Include="..\Submodules\ImGui\imstb_truetype.h">
      <Filter>Header Files\External</Filter>
    </ClInclude>
    <ClInclude Include="..\Submodules\ImGui\imconfig.h">
      <Filter>Header Files\External</Filter>
    </ClInclude>
    <ClInclude Include="Ray.h">
      <Filter>Header Files\Resource\ComponentData</Filter>
    </ClInclude>
    <ClInclude Include="Memory.h">
      <Filter>Header Files\Core</Filter>
    </ClInclude>
    <ClInclude Include="ThreadPool.h">
      <Filter>Header Files\Core</Filter>
    </ClInclude>
    <ClInclude Include="Core.h">
      <Filter>Header Files\Core</Filter>
    </ClInclude>
    <ClInclude Include="Debug.h">
      <Filter>Header Files\Core</Filter>
    </ClInclude>
    <ClInclude Include="FileIO.h">
      <Filter>Header Files\Core</Filter>
    </ClInclude>
    <ClInclude Include="GLBuffer.h">
      <Filter>Header Files\Core</Filter>
    </ClInclude>
    <ClInclude Include="GLCore.h">
      <Filter>Header Files\Core</Filter>
    </ClInclude>
    <ClInclude Include="GLFrameBuffer.h">
      <Filter>Header Files\Core</Filter>
    </ClInclude>
    <ClInclude Include="GLObject.h">
      <Filter>Header Files\Core</Filter>
    </ClInclude>
    <ClInclude Include="GLProgram.h">
      <Filter>Header Files\Core</Filter>
    </ClInclude>
    <ClInclude Include="GLRenderBuffer.h">
      <Filter>Header Files\Core</Filter>
    </ClInclude>
    <ClInclude Include="GLShader.h">
      <Filter>Header Files\Core</Filter>
    </ClInclude>
    <ClInclude Include="GLTexture.h">
      <Filter>Header Files\Core</Filter>
    </ClInclude>
    <ClInclude Include="Entity.h">
      <Filter>Header Files\Core</Filter>
    </ClInclude>
    <ClInclude Include="ManagerBase.h">
      <Filter>Header Files\Core</Filter>
    </ClInclude>
    <ClInclude Include="SharedComponentStorage.h">
      <Filter>Header Files\Core</Filter>
    </ClInclude>
    <ClInclude Include="SystemBase.h">
      <Filter>Header Files\Core</Filter>
    </ClInclude>
    <ClInclude Include="World.h">
      <Filter>Header Files\Core</Filter>
    </ClInclude>
    <ClInclude Include="WorldTime.h">
      <Filter>Header Files\Core</Filter>
    </ClInclude>
    <ClInclude Include="InputManager.h">
      <Filter>Header Files\Resource\Manager</Filter>
    </ClInclude>
    <ClInclude Include="RenderManager.h">
      <Filter>Header Files\Resource\Manager</Filter>
    </ClInclude>
    <ClInclude Include="WindowManager.h">
      <Filter>Header Files\Resource\Manager</Filter>
    </ClInclude>
    <ClInclude Include="..\Submodules\ImGui\backends\imgui_impl_glfw.h">
      <Filter>Header Files\External</Filter>
    </ClInclude>
    <ClInclude Include="..\Submodules\ImGui\backends\imgui_impl_opengl3.h">
      <Filter>Header Files\External</Filter>
    </ClInclude>
    <ClInclude Include="..\Submodules\ImGui\backends\imgui_impl_win32.h">
      <Filter>Header Files\External</Filter>
    </ClInclude>
    <ClInclude Include="FileBrowser.h">
      <Filter>Header Files\External</Filter>
    </ClInclude>
    <ClInclude Include="AssetManager.h">
      <Filter>Header Files\Resource\Manager</Filter>
    </ClInclude>
    <ClInclude Include="PhysicsSimulationManager.h">
      <Filter>Header Files\Resource\Manager</Filter>
    </ClInclude>
    <ClInclude Include="EntityManager.h">
      <Filter>Header Files\Resource\Manager</Filter>
    </ClInclude>
    <ClInclude Include="PrivateComponentStorage.h">
      <Filter>Header Files</Filter>
    </ClInclude>
    <ClInclude Include="CameraComponent.h">
      <Filter>Header Files\Resource\PrivateComponent</Filter>
    </ClInclude>
    <ClInclude Include="EditorManager.h">
      <Filter>Header Files\Resource\Manager</Filter>
    </ClInclude>
    <ClInclude Include="MeshRenderer.h">
      <Filter>Header Files\Resource\PrivateComponent</Filter>
    </ClInclude>
    <ClInclude Include="Transforms.h">
      <Filter>Header Files\Resource\ComponentData</Filter>
    </ClInclude>
    <ClInclude Include="RigidBody.h">
      <Filter>Header Files\Resource\PrivateComponent</Filter>
    </ClInclude>
    <ClInclude Include="DirectionalLight.h">
      <Filter>Header Files\Resource\ComponentData</Filter>
    </ClInclude>
    <ClInclude Include="PointLight.h">
      <Filter>Header Files\Resource\ComponentData</Filter>
    </ClInclude>
    <ClInclude Include="SpotLight.h">
      <Filter>Header Files\Resource\ComponentData</Filter>
    </ClInclude>
    <ClInclude Include="Particles.h">
      <Filter>Header Files\Resource\PrivateComponent</Filter>
    </ClInclude>
    <ClInclude Include="TransformManager.h">
      <Filter>Header Files\Resource\Manager</Filter>
    </ClInclude>
  </ItemGroup>
  <ItemGroup>
    <ClCompile Include="dllmain.cpp">
      <Filter>Source Files</Filter>
    </ClCompile>
    <ClCompile Include="pch.cpp">
      <Filter>Source Files</Filter>
    </ClCompile>
    <ClCompile Include="stb.cpp">
      <Filter>Source Files</Filter>
    </ClCompile>
    <ClCompile Include="UniEngine.cpp">
      <Filter>Source Files</Filter>
    </ClCompile>
    <ClCompile Include="Camera.cpp">
      <Filter>Source Files\Resource\Rendering</Filter>
    </ClCompile>
    <ClCompile Include="Cubemap.cpp">
      <Filter>Source Files\Resource\Rendering</Filter>
    </ClCompile>
    <ClCompile Include="DirectionalLightShadowMap.cpp">
      <Filter>Source Files\Resource\Rendering</Filter>
    </ClCompile>
    <ClCompile Include="Material.cpp">
      <Filter>Source Files\Resource\Rendering</Filter>
    </ClCompile>
    <ClCompile Include="Mesh.cpp">
      <Filter>Source Files\Resource\Rendering</Filter>
    </ClCompile>
    <ClCompile Include="PointLightShadowMap.cpp">
      <Filter>Source Files\Resource\Rendering</Filter>
    </ClCompile>
    <ClCompile Include="RenderTarget.cpp">
      <Filter>Source Files\Resource\Rendering</Filter>
    </ClCompile>
    <ClCompile Include="Texture2D.cpp">
      <Filter>Source Files\Resource\Rendering</Filter>
    </ClCompile>
    <ClCompile Include="Default.cpp">
      <Filter>Source Files\Resource</Filter>
    </ClCompile>
    <ClCompile Include="Model.cpp">
      <Filter>Source Files</Filter>
    </ClCompile>
    <ClCompile Include="CameraControlSystem.cpp">
      <Filter>Source Files\Systems</Filter>
    </ClCompile>
    <ClCompile Include="..\Submodules\ImGui\imgui_widgets.cpp">
      <Filter>Source Files\External</Filter>
    </ClCompile>
    <ClCompile Include="..\Submodules\ImGui\imgui.cpp">
      <Filter>Source Files\External</Filter>
    </ClCompile>
    <ClCompile Include="..\Submodules\ImGui\imgui_demo.cpp">
      <Filter>Source Files\External</Filter>
    </ClCompile>
    <ClCompile Include="..\Submodules\ImGui\imgui_draw.cpp">
      <Filter>Source Files\External</Filter>
    </ClCompile>
    <ClCompile Include="Debug.cpp">
      <Filter>Source Files\Core</Filter>
    </ClCompile>
    <ClCompile Include="FileIO.cpp">
      <Filter>Source Files\Core</Filter>
    </ClCompile>
    <ClCompile Include="GLBuffer.cpp">
      <Filter>Source Files\Core</Filter>
    </ClCompile>
    <ClCompile Include="GLCore.cpp">
      <Filter>Source Files\Core</Filter>
    </ClCompile>
    <ClCompile Include="GLFrameBuffer.cpp">
      <Filter>Source Files\Core</Filter>
    </ClCompile>
    <ClCompile Include="GLProgram.cpp">
      <Filter>Source Files\Core</Filter>
    </ClCompile>
    <ClCompile Include="GLRenderBuffer.cpp">
      <Filter>Source Files\Core</Filter>
    </ClCompile>
    <ClCompile Include="GLShader.cpp">
      <Filter>Source Files\Core</Filter>
    </ClCompile>
    <ClCompile Include="GLTexture.cpp">
      <Filter>Source Files\Core</Filter>
    </ClCompile>
    <ClCompile Include="Memory.cpp">
      <Filter>Source Files\Core</Filter>
    </ClCompile>
    <ClCompile Include="..\includes\glad\src\glad.c">
      <Filter>Source Files\Core</Filter>
    </ClCompile>
    <ClCompile Include="Entity.cpp">
      <Filter>Source Files\Core</Filter>
    </ClCompile>
    <ClCompile Include="ManagerBase.cpp">
      <Filter>Source Files\Core</Filter>
    </ClCompile>
    <ClCompile Include="SharedComponentStorage.cpp">
      <Filter>Source Files\Core</Filter>
    </ClCompile>
    <ClCompile Include="SystemBase.cpp">
      <Filter>Source Files\Core</Filter>
    </ClCompile>
    <ClCompile Include="World.cpp">
      <Filter>Source Files\Core</Filter>
    </ClCompile>
    <ClCompile Include="WorldTime.cpp">
      <Filter>Source Files\Core</Filter>
    </ClCompile>
    <ClCompile Include="InputManager.cpp">
      <Filter>Source Files\Resource\Manager</Filter>
    </ClCompile>
    <ClCompile Include="RenderManager.cpp">
      <Filter>Source Files\Resource\Manager</Filter>
    </ClCompile>
    <ClCompile Include="WindowManager.cpp">
      <Filter>Source Files\Resource\Manager</Filter>
    </ClCompile>
    <ClCompile Include="..\Submodules\ImGui\backends\imgui_impl_opengl3.cpp">
      <Filter>Source Files\External</Filter>
    </ClCompile>
    <ClCompile Include="..\Submodules\ImGui\backends\imgui_impl_win32.cpp">
      <Filter>Source Files\External</Filter>
    </ClCompile>
    <ClCompile Include="..\Submodules\ImGui\backends\imgui_impl_glfw.cpp">
      <Filter>Source Files\External</Filter>
    </ClCompile>
    <ClCompile Include="FileBrowser.cpp">
      <Filter>Source Files\External</Filter>
    </ClCompile>
    <ClCompile Include="AssetManager.cpp">
      <Filter>Source Files\Resource\Manager</Filter>
    </ClCompile>
    <ClCompile Include="PhysicsSimulationManager.cpp">
      <Filter>Source Files\Resource\Manager</Filter>
    </ClCompile>
    <ClCompile Include="EntityManager.cpp">
      <Filter>Source Files\Resource\Manager</Filter>
    </ClCompile>
    <ClCompile Include="PrivateComponentStorage.cpp">
      <Filter>Source Files</Filter>
    </ClCompile>
    <ClCompile Include="CameraComponent.cpp">
      <Filter>Source Files\Resource\PrivateComponent</Filter>
    </ClCompile>
    <ClCompile Include="EditorManager.cpp">
      <Filter>Source Files\Resource\Manager</Filter>
    </ClCompile>
    <ClCompile Include="MeshRenderer.cpp">
      <Filter>Source Files\Resource\PrivateComponent</Filter>
    </ClCompile>
    <ClCompile Include="RigidBody.cpp">
      <Filter>Source Files\Resource\PrivateComponent</Filter>
    </ClCompile>
    <ClCompile Include="DirectionalLight.cpp">
      <Filter>Source Files\Resource\ComponentData</Filter>
    </ClCompile>
    <ClCompile Include="PointLight.cpp">
      <Filter>Source Files\Resource\ComponentData</Filter>
    </ClCompile>
    <ClCompile Include="SpotLight.cpp">
      <Filter>Source Files\Resource\ComponentData</Filter>
    </ClCompile>
    <ClCompile Include="Particles.cpp">
      <Filter>Source Files\Resource\PrivateComponent</Filter>
    </ClCompile>
    <ClCompile Include="TransformManager.cpp">
      <Filter>Source Files\Resource\Manager</Filter>
    </ClCompile>
  </ItemGroup>
</Project>