<?xml version="1.0" encoding="utf-8"?>
<Project ToolsVersion="4.0" xmlns="http://schemas.microsoft.com/developer/msbuild/2003">
  <ItemGroup>
    <Filter Include="Source Files">
      <UniqueIdentifier>{4FC737F1-C7A5-4376-A066-2A32D752A2FF}</UniqueIdentifier>
      <Extensions>cpp;c;cc;cxx;c++;def;odl;idl;hpj;bat;asm;asmx</Extensions>
    </Filter>
    <Filter Include="Header Files">
      <UniqueIdentifier>{93995380-89BD-4b04-88EB-625FBE52EBFB}</UniqueIdentifier>
      <Extensions>h;hh;hpp;hxx;h++;hm;inl;inc;ipp;xsd</Extensions>
    </Filter>
    <Filter Include="Resource Files">
      <UniqueIdentifier>{67DA6AB6-F800-4c08-8B7A-83BB121AAD01}</UniqueIdentifier>
      <Extensions>rc;ico;cur;bmp;dlg;rc2;rct;bin;rgs;gif;jpg;jpeg;jpe;resx;tiff;tif;png;wav;mfcribbon-ms</Extensions>
    </Filter>
    <Filter Include="Header Files\Resource">
      <UniqueIdentifier>{dbca06b1-d1f9-4e4f-8783-811867853664}</UniqueIdentifier>
    </Filter>
    <Filter Include="Header Files\Resource\Asset">
      <UniqueIdentifier>{4f8380f0-a61e-404d-bf0d-fbe6f52c6184}</UniqueIdentifier>
    </Filter>
    <Filter Include="Header Files\Resource\Manager">
      <UniqueIdentifier>{5f364dd2-ef88-4cb5-b742-359d46d2ccc7}</UniqueIdentifier>
    </Filter>
    <Filter Include="Header Files\Resource\Manager\Model">
      <UniqueIdentifier>{3260ec06-616a-49f7-90db-fb9f72c57f61}</UniqueIdentifier>
    </Filter>
    <Filter Include="Header Files\Resource\Manager\Rendering">
      <UniqueIdentifier>{7ab163c2-3e06-42f1-bac1-c119e0b1d8e8}</UniqueIdentifier>
    </Filter>
    <Filter Include="Header Files\Resource\Manager\Window">
      <UniqueIdentifier>{e7e12a2a-5caf-4caf-b428-7994e60aa507}</UniqueIdentifier>
    </Filter>
    <Filter Include="Source Files\Resource">
      <UniqueIdentifier>{1c8b910f-251b-446e-a0f5-22ae0ff94f9b}</UniqueIdentifier>
    </Filter>
    <Filter Include="Source Files\Resource\Asset">
      <UniqueIdentifier>{044ca4de-41cf-4918-9b9c-9db261496f37}</UniqueIdentifier>
    </Filter>
    <Filter Include="Source Files\Resource\Manager">
      <UniqueIdentifier>{a5deae8c-3e4f-4595-822d-d86fd9a44f03}</UniqueIdentifier>
    </Filter>
    <Filter Include="Source Files\Resource\Manager\Input">
      <UniqueIdentifier>{f1ccd168-af9c-4c5d-956f-74be91a22133}</UniqueIdentifier>
    </Filter>
    <Filter Include="Source Files\Resource\Manager\Window">
      <UniqueIdentifier>{24212c05-bf3d-4918-b0c1-87e4e105353a}</UniqueIdentifier>
    </Filter>
    <Filter Include="Source Files\Resource\SharedComponent">
      <UniqueIdentifier>{38693c77-a117-47b3-ade0-8f4fa54bf0bd}</UniqueIdentifier>
    </Filter>
    <Filter Include="Source Files\Resource\Manager\Model">
      <UniqueIdentifier>{0d2b0169-09a9-4d40-ada6-d6fd594d9344}</UniqueIdentifier>
    </Filter>
    <Filter Include="Header Files\Resource\SharedComponent">
      <UniqueIdentifier>{a71b4075-ed8f-43ee-986e-edf3c93ebd04}</UniqueIdentifier>
    </Filter>
    <Filter Include="Header Files\Systems">
      <UniqueIdentifier>{a3c20565-e827-416b-99b7-90bc09c95a9f}</UniqueIdentifier>
    </Filter>
    <Filter Include="Source Files\Systems">
      <UniqueIdentifier>{5e7affdb-525a-4e62-976e-d931b9c44bc7}</UniqueIdentifier>
    </Filter>
    <Filter Include="Header Files\External">
      <UniqueIdentifier>{600b98ef-cb4a-42bc-b4f9-6c2032d3df22}</UniqueIdentifier>
    </Filter>
    <Filter Include="Source Files\External">
      <UniqueIdentifier>{10d94e26-7228-417a-a4f0-1e081e421a3d}</UniqueIdentifier>
    </Filter>
    <Filter Include="Header Files\Resource\Manager\Input">
      <UniqueIdentifier>{a9f840bf-14fd-417a-a501-3ca615605c08}</UniqueIdentifier>
    </Filter>
    <Filter Include="Source Files\Resource\Rendering">
      <UniqueIdentifier>{a84dcb55-783b-484d-9b67-316f019967c3}</UniqueIdentifier>
    </Filter>
    <Filter Include="Source Files\Resource\Manager\Render">
      <UniqueIdentifier>{381e113b-2cd0-42e3-b73f-24ed202d65c8}</UniqueIdentifier>
    </Filter>
    <Filter Include="Header Files\Editor">
      <UniqueIdentifier>{afff9a08-eef9-40e7-9459-235eeb82f4ca}</UniqueIdentifier>
    </Filter>
    <Filter Include="Source Files\Editor">
      <UniqueIdentifier>{210e56f2-fe82-4185-a171-e73ca7cde671}</UniqueIdentifier>
    </Filter>
  </ItemGroup>
  <ItemGroup>
    <ClInclude Include="framework.h">
      <Filter>Header Files</Filter>
    </ClInclude>
    <ClInclude Include="pch.h">
      <Filter>Header Files</Filter>
    </ClInclude>
    <ClInclude Include="UniEngine.h">
      <Filter>Header Files</Filter>
    </ClInclude>
    <ClInclude Include="InputManager.h">
      <Filter>Header Files\Resource\Manager\Input</Filter>
    </ClInclude>
    <ClInclude Include="Camera.h">
      <Filter>Header Files\Resource\Manager\Rendering</Filter>
    </ClInclude>
    <ClInclude Include="Cubemap.h">
      <Filter>Header Files\Resource\Manager\Rendering</Filter>
    </ClInclude>
    <ClInclude Include="DirectionalLightShadowMap.h">
      <Filter>Header Files\Resource\Manager\Rendering</Filter>
    </ClInclude>
    <ClInclude Include="LightingManager.h">
      <Filter>Header Files\Resource\Manager\Rendering</Filter>
    </ClInclude>
    <ClInclude Include="Material.h">
      <Filter>Header Files\Resource\Manager\Rendering</Filter>
    </ClInclude>
    <ClInclude Include="Mesh.h">
      <Filter>Header Files\Resource\Manager\Rendering</Filter>
    </ClInclude>
    <ClInclude Include="PointLightShadowMap.h">
      <Filter>Header Files\Resource\Manager\Rendering</Filter>
    </ClInclude>
    <ClInclude Include="RenderManager.h">
      <Filter>Header Files\Resource\Manager\Rendering</Filter>
    </ClInclude>
    <ClInclude Include="RenderTarget.h">
      <Filter>Header Files\Resource\Manager\Rendering</Filter>
    </ClInclude>
    <ClInclude Include="Texture2D.h">
      <Filter>Header Files\Resource\Manager\Rendering</Filter>
    </ClInclude>
    <ClInclude Include="WindowManager.h">
      <Filter>Header Files\Resource\Manager\Window</Filter>
    </ClInclude>
    <ClInclude Include="Default.h">
      <Filter>Header Files</Filter>
    </ClInclude>
    <ClInclude Include="ModelManager.h">
      <Filter>Header Files\Resource\Manager\Model</Filter>
    </ClInclude>
    <ClInclude Include="UniEngineAPI.h">
      <Filter>Header Files</Filter>
    </ClInclude>
    <ClInclude Include="PointLightComponent.h">
      <Filter>Header Files\Resource\SharedComponent</Filter>
    </ClInclude>
    <ClInclude Include="SpotLightComponent.h">
      <Filter>Header Files\Resource\SharedComponent</Filter>
    </ClInclude>
    <ClInclude Include="CameraComponent.h">
      <Filter>Header Files\Resource\SharedComponent</Filter>
    </ClInclude>
    <ClInclude Include="DirectionalLightComponent.h">
      <Filter>Header Files\Resource\SharedComponent</Filter>
    </ClInclude>
    <ClInclude Include="InstancedMeshMaterialComponent.h">
      <Filter>Header Files\Resource\SharedComponent</Filter>
    </ClInclude>
    <ClInclude Include="MeshMaterialComponent.h">
      <Filter>Header Files\Resource\SharedComponent</Filter>
    </ClInclude>
    <ClInclude Include="TransformSystem.h">
      <Filter>Header Files\Systems</Filter>
    </ClInclude>
    <ClInclude Include="PhysicsSystem.h">
      <Filter>Header Files\Systems</Filter>
    </ClInclude>
    <ClInclude Include="RenderSystem.h">
      <Filter>Header Files\Systems</Filter>
    </ClInclude>
    <ClInclude Include="SharedComponentSystem.h">
      <Filter>Header Files\Systems</Filter>
    </ClInclude>
    <ClInclude Include="Model.h">
      <Filter>Header Files</Filter>
    </ClInclude>
    <ClInclude Include="CameraControlSystem.h">
      <Filter>Header Files\Systems</Filter>
    </ClInclude>
    <ClInclude Include="..\Submodules\ImGui\examples\imgui_impl_opengl3.h">
      <Filter>Header Files\External</Filter>
    </ClInclude>
    <ClInclude Include="..\Submodules\ImGui\examples\imgui_impl_win32.h">
      <Filter>Header Files\External</Filter>
    </ClInclude>
    <ClInclude Include="..\Submodules\ImGui\examples\imgui_impl_glfw.h">
      <Filter>Header Files\External</Filter>
    </ClInclude>
    <ClInclude Include="..\Submodules\ImGui\imgui.h">
      <Filter>Header Files\External</Filter>
    </ClInclude>
    <ClInclude Include="..\Submodules\ImGui\imgui_internal.h">
      <Filter>Header Files\External</Filter>
    </ClInclude>
    <ClInclude Include="..\Submodules\ImGui\imstb_rectpack.h">
      <Filter>Header Files\External</Filter>
    </ClInclude>
    <ClInclude Include="..\Submodules\ImGui\imstb_textedit.h">
      <Filter>Header Files\External</Filter>
    </ClInclude>
    <ClInclude Include="..\Submodules\ImGui\imstb_truetype.h">
      <Filter>Header Files\External</Filter>
    </ClInclude>
    <ClInclude Include="..\Submodules\ImGui\imconfig.h">
      <Filter>Header Files\External</Filter>
    </ClInclude>
  </ItemGroup>
  <ItemGroup>
    <ClCompile Include="dllmain.cpp">
      <Filter>Source Files</Filter>
    </ClCompile>
    <ClCompile Include="pch.cpp">
      <Filter>Source Files</Filter>
    </ClCompile>
    <ClCompile Include="stb.cpp">
      <Filter>Source Files</Filter>
    </ClCompile>
    <ClCompile Include="UniEngine.cpp">
      <Filter>Source Files</Filter>
    </ClCompile>
    <ClCompile Include="InputManager.cpp">
      <Filter>Source Files\Resource\Manager\Input</Filter>
    </ClCompile>
    <ClCompile Include="Camera.cpp">
      <Filter>Source Files\Resource\Rendering</Filter>
    </ClCompile>
    <ClCompile Include="Cubemap.cpp">
      <Filter>Source Files\Resource\Rendering</Filter>
    </ClCompile>
    <ClCompile Include="DirectionalLightShadowMap.cpp">
      <Filter>Source Files\Resource\Rendering</Filter>
    </ClCompile>
    <ClCompile Include="Material.cpp">
      <Filter>Source Files\Resource\Rendering</Filter>
    </ClCompile>
    <ClCompile Include="Mesh.cpp">
      <Filter>Source Files\Resource\Rendering</Filter>
    </ClCompile>
    <ClCompile Include="PointLightShadowMap.cpp">
      <Filter>Source Files\Resource\Rendering</Filter>
    </ClCompile>
    <ClCompile Include="RenderTarget.cpp">
      <Filter>Source Files\Resource\Rendering</Filter>
    </ClCompile>
    <ClCompile Include="Texture2D.cpp">
      <Filter>Source Files\Resource\Rendering</Filter>
    </ClCompile>
    <ClCompile Include="WindowManager.cpp">
      <Filter>Source Files\Resource\Manager\Window</Filter>
    </ClCompile>
    <ClCompile Include="CameraComponent.cpp">
      <Filter>Source Files\Resource\SharedComponent</Filter>
    </ClCompile>
    <ClCompile Include="DirectionalLightComponent.cpp">
      <Filter>Source Files\Resource\SharedComponent</Filter>
    </ClCompile>
    <ClCompile Include="InstancedMeshMaterialComponent.cpp">
      <Filter>Source Files\Resource\SharedComponent</Filter>
    </ClCompile>
    <ClCompile Include="MeshMaterialComponent.cpp">
      <Filter>Source Files\Resource\SharedComponent</Filter>
    </ClCompile>
    <ClCompile Include="PointLightComponent.cpp">
      <Filter>Source Files\Resource\SharedComponent</Filter>
    </ClCompile>
    <ClCompile Include="SpotLightComponent.cpp">
      <Filter>Source Files\Resource\SharedComponent</Filter>
    </ClCompile>
    <ClCompile Include="ModelManager.cpp">
      <Filter>Source Files\Resource\Manager\Model</Filter>
    </ClCompile>
    <ClCompile Include="Default.cpp">
      <Filter>Source Files\Resource</Filter>
    </ClCompile>
    <ClCompile Include="PhysicsSystem.cpp">
      <Filter>Source Files\Systems</Filter>
    </ClCompile>
    <ClCompile Include="RenderSystem.cpp">
      <Filter>Source Files\Systems</Filter>
    </ClCompile>
    <ClCompile Include="SharedComponentSystem.cpp">
      <Filter>Source Files\Systems</Filter>
    </ClCompile>
    <ClCompile Include="TransformSystem.cpp">
      <Filter>Source Files\Systems</Filter>
    </ClCompile>
    <ClCompile Include="Model.cpp">
      <Filter>Source Files</Filter>
    </ClCompile>
    <ClCompile Include="RenderManager.cpp">
      <Filter>Source Files\Resource\Manager\Render</Filter>
    </ClCompile>
    <ClCompile Include="LightingManager.cpp">
      <Filter>Source Files\Resource\Manager\Render</Filter>
    </ClCompile>
    <ClCompile Include="CameraControlSystem.cpp">
      <Filter>Source Files\Systems</Filter>
    </ClCompile>
    <ClCompile Include="..\Submodules\ImGui\imgui_widgets.cpp">
      <Filter>Source Files\External</Filter>
    </ClCompile>
    <ClCompile Include="..\Submodules\ImGui\imgui.cpp">
      <Filter>Source Files\External</Filter>
    </ClCompile>
    <ClCompile Include="..\Submodules\ImGui\imgui_demo.cpp">
      <Filter>Source Files\External</Filter>
    </ClCompile>
    <ClCompile Include="..\Submodules\ImGui\imgui_draw.cpp">
      <Filter>Source Files\External</Filter>
    </ClCompile>
    <ClCompile Include="..\Submodules\ImGui\examples\imgui_impl_glfw.cpp">
      <Filter>Source Files\External</Filter>
    </ClCompile>
    <ClCompile Include="..\Submodules\ImGui\examples\imgui_impl_opengl3.cpp">
      <Filter>Source Files\External</Filter>
    </ClCompile>
    <ClCompile Include="..\Submodules\ImGui\examples\imgui_impl_win32.cpp">
      <Filter>Source Files\External</Filter>
    </ClCompile>
  </ItemGroup>
</Project>