<?xml version="1.0" encoding="utf-8"?>
<Project ToolsVersion="16.0" xmlns="http://schemas.microsoft.com/developer/msbuild/2003">
  <ItemGroup>
    <ClCompile Include="C:\Users\lllll\Documents\GitHub\UniEngine\UniEngine\includes\glfw-3.3.2\tests\tearing.c">
      <Filter>Source Files</Filter>
    </ClCompile>
    <ClCompile Include="C:\Users\lllll\Documents\GitHub\UniEngine\UniEngine\includes\glfw-3.3.2\deps\glad_gl.c">
      <Filter>Source Files</Filter>
    </ClCompile>
  </ItemGroup>
  <ItemGroup>
    <ClInclude Include="C:\Users\lllll\Documents\GitHub\UniEngine\UniEngine\includes\glfw-3.3.2\deps\glad\gl.h">
      <Filter>Header Files</Filter>
    </ClInclude>
  </ItemGroup>
  <ItemGroup>
    <CustomBuild Include="C:\Users\lllll\Documents\GitHub\UniEngine\UniEngine\includes\glfw-3.3.2\tests\CMakeLists.txt" />
  </ItemGroup>
  <ItemGroup>
    <Filter Include="Header Files">
      <UniqueIdentifier>{D2C09AB0-68F3-3393-A742-5EB58C6A313A}</UniqueIdentifier>
    </Filter>
    <Filter Include="Source Files">
      <UniqueIdentifier>{6F91E2CB-021D-3B38-B8FD-BC00043BBED9}</UniqueIdentifier>
    </Filter>
  </ItemGroup>
</Project>
