<?xml version="1.0" encoding="utf-8"?>
<Project ToolsVersion="4.0" xmlns="http://schemas.microsoft.com/developer/msbuild/2003">
  <ItemGroup>
    <Filter Include="Source Files">
      <UniqueIdentifier>{4FC737F1-C7A5-4376-A066-2A32D752A2FF}</UniqueIdentifier>
      <Extensions>cpp;c;cc;cxx;c++;def;odl;idl;hpj;bat;asm;asmx</Extensions>
    </Filter>
    <Filter Include="Header Files">
      <UniqueIdentifier>{93995380-89BD-4b04-88EB-625FBE52EBFB}</UniqueIdentifier>
      <Extensions>h;hh;hpp;hxx;h++;hm;inl;inc;ipp;xsd</Extensions>
    </Filter>
    <Filter Include="Resource Files">
      <UniqueIdentifier>{67DA6AB6-F800-4c08-8B7A-83BB121AAD01}</UniqueIdentifier>
      <Extensions>rc;ico;cur;bmp;dlg;rc2;rct;bin;rgs;gif;jpg;jpeg;jpe;resx;tiff;tif;png;wav;mfcribbon-ms</Extensions>
    </Filter>
    <Filter Include="Header Files\Envelope">
      <UniqueIdentifier>{78408524-08f7-4dcf-aba1-777bf3fafbab}</UniqueIdentifier>
    </Filter>
    <Filter Include="Header Files\Math">
      <UniqueIdentifier>{5b6e3643-19c7-4855-bb68-1a6eef8a72a2}</UniqueIdentifier>
    </Filter>
    <Filter Include="Header Files\Branch">
      <UniqueIdentifier>{22ad1618-02ca-4f04-9cff-7dcc47c556ba}</UniqueIdentifier>
    </Filter>
    <Filter Include="Source Files\Envelope">
      <UniqueIdentifier>{3010721d-d01d-4577-88aa-1a24d1c91fa3}</UniqueIdentifier>
    </Filter>
    <Filter Include="Source Files\Math">
      <UniqueIdentifier>{dea37f00-c2e6-49dc-aa02-36cc6cf20874}</UniqueIdentifier>
    </Filter>
    <Filter Include="Source Files\Branch">
      <UniqueIdentifier>{a048d3ee-a5f6-472a-9be0-3015f77e1be5}</UniqueIdentifier>
    </Filter>
    <Filter Include="Source Files\External">
      <UniqueIdentifier>{2ce01755-a202-4b69-87d1-f748796b6845}</UniqueIdentifier>
    </Filter>
  </ItemGroup>
  <ItemGroup>
    <ClCompile Include="SpaceColonizationTree.cpp">
      <Filter>Source Files</Filter>
    </ClCompile>
    <ClCompile Include="SCTreeSystem.cpp">
      <Filter>Source Files</Filter>
    </ClCompile>
    <ClCompile Include="Tree.cpp">
      <Filter>Source Files</Filter>
    </ClCompile>
    <ClCompile Include="CoilEnvelope.cpp">
      <Filter>Source Files\Envelope</Filter>
    </ClCompile>
    <ClCompile Include="CubeEnvelope.cpp">
      <Filter>Source Files\Envelope</Filter>
    </ClCompile>
    <ClCompile Include="CylinderEnvelope.cpp">
      <Filter>Source Files\Envelope</Filter>
    </ClCompile>
    <ClCompile Include="Envelope.cpp">
      <Filter>Source Files\Envelope</Filter>
    </ClCompile>
    <ClCompile Include="SurfaceOfRevolutionEnvelope.cpp">
      <Filter>Source Files\Envelope</Filter>
    </ClCompile>
    <ClCompile Include="BezierCurve.cpp">
      <Filter>Source Files\Math</Filter>
    </ClCompile>
    <ClCompile Include="Curve.cpp">
      <Filter>Source Files\Math</Filter>
    </ClCompile>
    <ClCompile Include="Branch.cpp">
      <Filter>Source Files\Branch</Filter>
    </ClCompile>
    <ClCompile Include="RingMesh.cpp">
      <Filter>Source Files\Branch</Filter>
    </ClCompile>
    <ClCompile Include="CameraControlSystem.cpp">
      <Filter>Source Files</Filter>
    </ClCompile>
  </ItemGroup>
  <ItemGroup>
    <ClInclude Include="Tree.h">
      <Filter>Header Files</Filter>
    </ClInclude>
    <ClInclude Include="SCTreeSystem.h">
      <Filter>Header Files</Filter>
    </ClInclude>
    <ClInclude Include="CoilEnvelope.h">
      <Filter>Header Files\Envelope</Filter>
    </ClInclude>
    <ClInclude Include="CubeEnvelope.h">
      <Filter>Header Files\Envelope</Filter>
    </ClInclude>
    <ClInclude Include="CylinderEnvelope.h">
      <Filter>Header Files\Envelope</Filter>
    </ClInclude>
    <ClInclude Include="Envelope.h">
      <Filter>Header Files\Envelope</Filter>
    </ClInclude>
    <ClInclude Include="BezierCurve.h">
      <Filter>Header Files\Math</Filter>
    </ClInclude>
    <ClInclude Include="Curve.h">
      <Filter>Header Files\Math</Filter>
    </ClInclude>
    <ClInclude Include="Branch.h">
      <Filter>Header Files\Branch</Filter>
    </ClInclude>
    <ClInclude Include="RingMesh.h">
      <Filter>Header Files\Branch</Filter>
    </ClInclude>
    <ClInclude Include="SurfaceOfRevolutionEnvelope.h">
      <Filter>Header Files\Envelope</Filter>
    </ClInclude>
    <ClInclude Include="CameraControlSystem.h">
      <Filter>Header Files</Filter>
    </ClInclude>
  </ItemGroup>
</Project>