
Microsoft Visual Studio Solution File, Format Version 12.00
# Visual Studio Version 16
VisualStudioVersion = 16.0.30104.148
MinimumVisualStudioVersion = 10.0.40219.1
Project("{8BC9CEB8-8B4A-11D0-8D11-00A0C91BC942}") = "SpaceColonizationTree", "SpaceColonizationTree\SpaceColonizationTree.vcxproj", "{DD4342C8-7A2B-48A4-8F9A-702292AA8F1F}"
	ProjectSection(ProjectDependencies) = postProject
		{324D4482-9924-4F0B-ABA0-E6E9BA51B02F} = {324D4482-9924-4F0B-ABA0-E6E9BA51B02F}
	EndProjectSection
EndProject
Project("{8BC9CEB8-8B4A-11D0-8D11-00A0C91BC942}") = "Planet", "Planet\Planet.vcxproj", "{A8697A41-5636-401D-B43A-8981787E9353}"
	ProjectSection(ProjectDependencies) = postProject
		{324D4482-9924-4F0B-ABA0-E6E9BA51B02F} = {324D4482-9924-4F0B-ABA0-E6E9BA51B02F}
	EndProjectSection
EndProject
Project("{8BC9CEB8-8B4A-11D0-8D11-00A0C91BC942}") = "UniEngine", "UniEngine\UniEngine.vcxproj", "{324D4482-9924-4F0B-ABA0-E6E9BA51B02F}"
	ProjectSection(ProjectDependencies) = postProject
		{6EEFCFB9-6499-4A25-8B47-497AD00822BD} = {6EEFCFB9-6499-4A25-8B47-497AD00822BD}
	EndProjectSection
EndProject
Project("{8BC9CEB8-8B4A-11D0-8D11-00A0C91BC942}") = "Galaxy", "Galaxy\Galaxy.vcxproj", "{A4D55BEE-BEC4-4A9A-B1BD-832314007B4A}"
	ProjectSection(ProjectDependencies) = postProject
		{324D4482-9924-4F0B-ABA0-E6E9BA51B02F} = {324D4482-9924-4F0B-ABA0-E6E9BA51B02F}
	EndProjectSection
EndProject
Project("{8BC9CEB8-8B4A-11D0-8D11-00A0C91BC942}") = "Entities", "Entities\Entities.vcxproj", "{6EEFCFB9-6499-4A25-8B47-497AD00822BD}"
	ProjectSection(ProjectDependencies) = postProject
		{105D0CEC-D794-48FC-AED7-B4C911A6FF4E} = {105D0CEC-D794-48FC-AED7-B4C911A6FF4E}
	EndProjectSection
EndProject
Project("{8BC9CEB8-8B4A-11D0-8D11-00A0C91BC942}") = "Core", "Core\Core.vcxproj", "{105D0CEC-D794-48FC-AED7-B4C911A6FF4E}"
EndProject
Project("{8BC9CEB8-8B4A-11D0-8D11-00A0C91BC942}") = "SponzaTest", "SponzaTest\SponzaTest.vcxproj", "{70909587-7159-43BF-BDB3-43E091328CE0}"
	ProjectSection(ProjectDependencies) = postProject
		{324D4482-9924-4F0B-ABA0-E6E9BA51B02F} = {324D4482-9924-4F0B-ABA0-E6E9BA51B02F}
	EndProjectSection
EndProject
Project("{8BC9CEB8-8B4A-11D0-8D11-00A0C91BC942}") = "TreeCreator", "TreeCreator\TreeCreator.vcxproj", "{80518F9A-9C15-4067-99FB-2B25B3BADB57}"
	ProjectSection(ProjectDependencies) = postProject
		{324D4482-9924-4F0B-ABA0-E6E9BA51B02F} = {324D4482-9924-4F0B-ABA0-E6E9BA51B02F}
	EndProjectSection
EndProject
Project("{8BC9CEB8-8B4A-11D0-8D11-00A0C91BC942}") = "TreeUtilities", "TreeUtilities\TreeUtilities.vcxproj", "{E0C6F70B-F996-43A3-AD08-11725C1D01D8}"
EndProject
Project("{8BC9CEB8-8B4A-11D0-8D11-00A0C91BC942}") = "glfw", "GLFW\src\glfw.vcxproj", "{978DDCE4-9EBD-327E-8849-8C7FB44D206A}"
EndProject
Global
	GlobalSection(SolutionConfigurationPlatforms) = preSolution
		Debug|x64 = Debug|x64
		Debug|x86 = Debug|x86
		MinSizeRel|x64 = MinSizeRel|x64
		MinSizeRel|x86 = MinSizeRel|x86
		Release|x64 = Release|x64
		Release|x86 = Release|x86
		RelWithDebInfo|x64 = RelWithDebInfo|x64
		RelWithDebInfo|x86 = RelWithDebInfo|x86
	EndGlobalSection
	GlobalSection(ProjectConfigurationPlatforms) = postSolution
		{DD4342C8-7A2B-48A4-8F9A-702292AA8F1F}.Debug|x64.ActiveCfg = Debug|x64
		{DD4342C8-7A2B-48A4-8F9A-702292AA8F1F}.Debug|x64.Build.0 = Debug|x64
		{DD4342C8-7A2B-48A4-8F9A-702292AA8F1F}.Debug|x86.ActiveCfg = Debug|x64
		{DD4342C8-7A2B-48A4-8F9A-702292AA8F1F}.MinSizeRel|x64.ActiveCfg = Release|x64
		{DD4342C8-7A2B-48A4-8F9A-702292AA8F1F}.MinSizeRel|x64.Build.0 = Release|x64
		{DD4342C8-7A2B-48A4-8F9A-702292AA8F1F}.MinSizeRel|x86.ActiveCfg = Release|x64
		{DD4342C8-7A2B-48A4-8F9A-702292AA8F1F}.MinSizeRel|x86.Build.0 = Release|x64
		{DD4342C8-7A2B-48A4-8F9A-702292AA8F1F}.Release|x64.ActiveCfg = Release|x64
		{DD4342C8-7A2B-48A4-8F9A-702292AA8F1F}.Release|x64.Build.0 = Release|x64
		{DD4342C8-7A2B-48A4-8F9A-702292AA8F1F}.Release|x86.ActiveCfg = Release|x64
		{DD4342C8-7A2B-48A4-8F9A-702292AA8F1F}.RelWithDebInfo|x64.ActiveCfg = Release|x64
		{DD4342C8-7A2B-48A4-8F9A-702292AA8F1F}.RelWithDebInfo|x64.Build.0 = Release|x64
		{DD4342C8-7A2B-48A4-8F9A-702292AA8F1F}.RelWithDebInfo|x86.ActiveCfg = Release|x64
		{DD4342C8-7A2B-48A4-8F9A-702292AA8F1F}.RelWithDebInfo|x86.Build.0 = Release|x64
		{A8697A41-5636-401D-B43A-8981787E9353}.Debug|x64.ActiveCfg = Debug|x64
		{A8697A41-5636-401D-B43A-8981787E9353}.Debug|x64.Build.0 = Debug|x64
		{A8697A41-5636-401D-B43A-8981787E9353}.Debug|x86.ActiveCfg = Debug|x64
		{A8697A41-5636-401D-B43A-8981787E9353}.MinSizeRel|x64.ActiveCfg = Release|x64
		{A8697A41-5636-401D-B43A-8981787E9353}.MinSizeRel|x64.Build.0 = Release|x64
		{A8697A41-5636-401D-B43A-8981787E9353}.MinSizeRel|x86.ActiveCfg = Release|x64
		{A8697A41-5636-401D-B43A-8981787E9353}.MinSizeRel|x86.Build.0 = Release|x64
		{A8697A41-5636-401D-B43A-8981787E9353}.Release|x64.ActiveCfg = Release|x64
		{A8697A41-5636-401D-B43A-8981787E9353}.Release|x64.Build.0 = Release|x64
		{A8697A41-5636-401D-B43A-8981787E9353}.Release|x86.ActiveCfg = Release|x64
		{A8697A41-5636-401D-B43A-8981787E9353}.RelWithDebInfo|x64.ActiveCfg = Release|x64
		{A8697A41-5636-401D-B43A-8981787E9353}.RelWithDebInfo|x64.Build.0 = Release|x64
		{A8697A41-5636-401D-B43A-8981787E9353}.RelWithDebInfo|x86.ActiveCfg = Release|x64
		{A8697A41-5636-401D-B43A-8981787E9353}.RelWithDebInfo|x86.Build.0 = Release|x64
		{324D4482-9924-4F0B-ABA0-E6E9BA51B02F}.Debug|x64.ActiveCfg = Debug|x64
		{324D4482-9924-4F0B-ABA0-E6E9BA51B02F}.Debug|x64.Build.0 = Debug|x64
		{324D4482-9924-4F0B-ABA0-E6E9BA51B02F}.Debug|x86.ActiveCfg = Debug|x64
		{324D4482-9924-4F0B-ABA0-E6E9BA51B02F}.MinSizeRel|x64.ActiveCfg = Release|x64
		{324D4482-9924-4F0B-ABA0-E6E9BA51B02F}.MinSizeRel|x64.Build.0 = Release|x64
		{324D4482-9924-4F0B-ABA0-E6E9BA51B02F}.MinSizeRel|x86.ActiveCfg = Release|x64
		{324D4482-9924-4F0B-ABA0-E6E9BA51B02F}.MinSizeRel|x86.Build.0 = Release|x64
		{324D4482-9924-4F0B-ABA0-E6E9BA51B02F}.Release|x64.ActiveCfg = Release|x64
		{324D4482-9924-4F0B-ABA0-E6E9BA51B02F}.Release|x64.Build.0 = Release|x64
		{324D4482-9924-4F0B-ABA0-E6E9BA51B02F}.Release|x86.ActiveCfg = Release|x64
		{324D4482-9924-4F0B-ABA0-E6E9BA51B02F}.RelWithDebInfo|x64.ActiveCfg = Release|x64
		{324D4482-9924-4F0B-ABA0-E6E9BA51B02F}.RelWithDebInfo|x64.Build.0 = Release|x64
		{324D4482-9924-4F0B-ABA0-E6E9BA51B02F}.RelWithDebInfo|x86.ActiveCfg = Release|x64
		{324D4482-9924-4F0B-ABA0-E6E9BA51B02F}.RelWithDebInfo|x86.Build.0 = Release|x64
		{A4D55BEE-BEC4-4A9A-B1BD-832314007B4A}.Debug|x64.ActiveCfg = Debug|x64
		{A4D55BEE-BEC4-4A9A-B1BD-832314007B4A}.Debug|x64.Build.0 = Debug|x64
		{A4D55BEE-BEC4-4A9A-B1BD-832314007B4A}.Debug|x86.ActiveCfg = Debug|x64
		{A4D55BEE-BEC4-4A9A-B1BD-832314007B4A}.MinSizeRel|x64.ActiveCfg = Release|x64
		{A4D55BEE-BEC4-4A9A-B1BD-832314007B4A}.MinSizeRel|x64.Build.0 = Release|x64
		{A4D55BEE-BEC4-4A9A-B1BD-832314007B4A}.MinSizeRel|x86.ActiveCfg = Release|x64
		{A4D55BEE-BEC4-4A9A-B1BD-832314007B4A}.MinSizeRel|x86.Build.0 = Release|x64
		{A4D55BEE-BEC4-4A9A-B1BD-832314007B4A}.Release|x64.ActiveCfg = Release|x64
		{A4D55BEE-BEC4-4A9A-B1BD-832314007B4A}.Release|x64.Build.0 = Release|x64
		{A4D55BEE-BEC4-4A9A-B1BD-832314007B4A}.Release|x86.ActiveCfg = Release|x64
		{A4D55BEE-BEC4-4A9A-B1BD-832314007B4A}.RelWithDebInfo|x64.ActiveCfg = Release|x64
		{A4D55BEE-BEC4-4A9A-B1BD-832314007B4A}.RelWithDebInfo|x64.Build.0 = Release|x64
		{A4D55BEE-BEC4-4A9A-B1BD-832314007B4A}.RelWithDebInfo|x86.ActiveCfg = Release|x64
		{A4D55BEE-BEC4-4A9A-B1BD-832314007B4A}.RelWithDebInfo|x86.Build.0 = Release|x64
		{6EEFCFB9-6499-4A25-8B47-497AD00822BD}.Debug|x64.ActiveCfg = Debug|x64
		{6EEFCFB9-6499-4A25-8B47-497AD00822BD}.Debug|x64.Build.0 = Debug|x64
		{6EEFCFB9-6499-4A25-8B47-497AD00822BD}.Debug|x86.ActiveCfg = Debug|x64
		{6EEFCFB9-6499-4A25-8B47-497AD00822BD}.MinSizeRel|x64.ActiveCfg = Release|x64
		{6EEFCFB9-6499-4A25-8B47-497AD00822BD}.MinSizeRel|x64.Build.0 = Release|x64
		{6EEFCFB9-6499-4A25-8B47-497AD00822BD}.MinSizeRel|x86.ActiveCfg = Release|x64
		{6EEFCFB9-6499-4A25-8B47-497AD00822BD}.MinSizeRel|x86.Build.0 = Release|x64
		{6EEFCFB9-6499-4A25-8B47-497AD00822BD}.Release|x64.ActiveCfg = Release|x64
		{6EEFCFB9-6499-4A25-8B47-497AD00822BD}.Release|x64.Build.0 = Release|x64
		{6EEFCFB9-6499-4A25-8B47-497AD00822BD}.Release|x86.ActiveCfg = Release|x64
		{6EEFCFB9-6499-4A25-8B47-497AD00822BD}.RelWithDebInfo|x64.ActiveCfg = Release|x64
		{6EEFCFB9-6499-4A25-8B47-497AD00822BD}.RelWithDebInfo|x64.Build.0 = Release|x64
		{6EEFCFB9-6499-4A25-8B47-497AD00822BD}.RelWithDebInfo|x86.ActiveCfg = Release|x64
		{6EEFCFB9-6499-4A25-8B47-497AD00822BD}.RelWithDebInfo|x86.Build.0 = Release|x64
		{105D0CEC-D794-48FC-AED7-B4C911A6FF4E}.Debug|x64.ActiveCfg = Debug|x64
		{105D0CEC-D794-48FC-AED7-B4C911A6FF4E}.Debug|x64.Build.0 = Debug|x64
		{105D0CEC-D794-48FC-AED7-B4C911A6FF4E}.Debug|x86.ActiveCfg = Debug|x64
		{105D0CEC-D794-48FC-AED7-B4C911A6FF4E}.MinSizeRel|x64.ActiveCfg = Release|x64
		{105D0CEC-D794-48FC-AED7-B4C911A6FF4E}.MinSizeRel|x64.Build.0 = Release|x64
		{105D0CEC-D794-48FC-AED7-B4C911A6FF4E}.MinSizeRel|x86.ActiveCfg = Release|x64
		{105D0CEC-D794-48FC-AED7-B4C911A6FF4E}.MinSizeRel|x86.Build.0 = Release|x64
		{105D0CEC-D794-48FC-AED7-B4C911A6FF4E}.Release|x64.ActiveCfg = Release|x64
		{105D0CEC-D794-48FC-AED7-B4C911A6FF4E}.Release|x64.Build.0 = Release|x64
		{105D0CEC-D794-48FC-AED7-B4C911A6FF4E}.Release|x86.ActiveCfg = Release|x64
		{105D0CEC-D794-48FC-AED7-B4C911A6FF4E}.RelWithDebInfo|x64.ActiveCfg = Release|x64
		{105D0CEC-D794-48FC-AED7-B4C911A6FF4E}.RelWithDebInfo|x64.Build.0 = Release|x64
		{105D0CEC-D794-48FC-AED7-B4C911A6FF4E}.RelWithDebInfo|x86.ActiveCfg = Release|x64
		{105D0CEC-D794-48FC-AED7-B4C911A6FF4E}.RelWithDebInfo|x86.Build.0 = Release|x64
		{70909587-7159-43BF-BDB3-43E091328CE0}.Debug|x64.ActiveCfg = Debug|x64
		{70909587-7159-43BF-BDB3-43E091328CE0}.Debug|x64.Build.0 = Debug|x64
		{70909587-7159-43BF-BDB3-43E091328CE0}.Debug|x86.ActiveCfg = Debug|x64
		{70909587-7159-43BF-BDB3-43E091328CE0}.MinSizeRel|x64.ActiveCfg = Release|x64
		{70909587-7159-43BF-BDB3-43E091328CE0}.MinSizeRel|x64.Build.0 = Release|x64
		{70909587-7159-43BF-BDB3-43E091328CE0}.MinSizeRel|x86.ActiveCfg = Release|x64
		{70909587-7159-43BF-BDB3-43E091328CE0}.MinSizeRel|x86.Build.0 = Release|x64
		{70909587-7159-43BF-BDB3-43E091328CE0}.Release|x64.ActiveCfg = Release|x64
		{70909587-7159-43BF-BDB3-43E091328CE0}.Release|x64.Build.0 = Release|x64
		{70909587-7159-43BF-BDB3-43E091328CE0}.Release|x86.ActiveCfg = Release|x64
		{70909587-7159-43BF-BDB3-43E091328CE0}.RelWithDebInfo|x64.ActiveCfg = Release|x64
		{70909587-7159-43BF-BDB3-43E091328CE0}.RelWithDebInfo|x64.Build.0 = Release|x64
		{70909587-7159-43BF-BDB3-43E091328CE0}.RelWithDebInfo|x86.ActiveCfg = Release|x64
		{70909587-7159-43BF-BDB3-43E091328CE0}.RelWithDebInfo|x86.Build.0 = Release|x64
		{80518F9A-9C15-4067-99FB-2B25B3BADB57}.Debug|x64.ActiveCfg = Debug|x64
		{80518F9A-9C15-4067-99FB-2B25B3BADB57}.Debug|x64.Build.0 = Debug|x64
		{80518F9A-9C15-4067-99FB-2B25B3BADB57}.Debug|x86.ActiveCfg = Debug|x64
		{80518F9A-9C15-4067-99FB-2B25B3BADB57}.MinSizeRel|x64.ActiveCfg = Release|x64
		{80518F9A-9C15-4067-99FB-2B25B3BADB57}.MinSizeRel|x64.Build.0 = Release|x64
		{80518F9A-9C15-4067-99FB-2B25B3BADB57}.MinSizeRel|x86.ActiveCfg = Release|x64
		{80518F9A-9C15-4067-99FB-2B25B3BADB57}.MinSizeRel|x86.Build.0 = Release|x64
		{80518F9A-9C15-4067-99FB-2B25B3BADB57}.Release|x64.ActiveCfg = Release|x64
		{80518F9A-9C15-4067-99FB-2B25B3BADB57}.Release|x64.Build.0 = Release|x64
		{80518F9A-9C15-4067-99FB-2B25B3BADB57}.Release|x86.ActiveCfg = Release|x64
		{80518F9A-9C15-4067-99FB-2B25B3BADB57}.RelWithDebInfo|x64.ActiveCfg = Release|x64
		{80518F9A-9C15-4067-99FB-2B25B3BADB57}.RelWithDebInfo|x64.Build.0 = Release|x64
		{80518F9A-9C15-4067-99FB-2B25B3BADB57}.RelWithDebInfo|x86.ActiveCfg = Release|x64
		{80518F9A-9C15-4067-99FB-2B25B3BADB57}.RelWithDebInfo|x86.Build.0 = Release|x64
		{E0C6F70B-F996-43A3-AD08-11725C1D01D8}.Debug|x64.ActiveCfg = Debug|x64
		{E0C6F70B-F996-43A3-AD08-11725C1D01D8}.Debug|x64.Build.0 = Debug|x64
		{E0C6F70B-F996-43A3-AD08-11725C1D01D8}.Debug|x86.ActiveCfg = Debug|Win32
		{E0C6F70B-F996-43A3-AD08-11725C1D01D8}.Debug|x86.Build.0 = Debug|Win32
		{E0C6F70B-F996-43A3-AD08-11725C1D01D8}.MinSizeRel|x64.ActiveCfg = Release|x64
		{E0C6F70B-F996-43A3-AD08-11725C1D01D8}.MinSizeRel|x64.Build.0 = Release|x64
		{E0C6F70B-F996-43A3-AD08-11725C1D01D8}.MinSizeRel|x86.ActiveCfg = Release|Win32
		{E0C6F70B-F996-43A3-AD08-11725C1D01D8}.MinSizeRel|x86.Build.0 = Release|Win32
		{E0C6F70B-F996-43A3-AD08-11725C1D01D8}.Release|x64.ActiveCfg = Release|x64
		{E0C6F70B-F996-43A3-AD08-11725C1D01D8}.Release|x64.Build.0 = Release|x64
		{E0C6F70B-F996-43A3-AD08-11725C1D01D8}.Release|x86.ActiveCfg = Release|Win32
		{E0C6F70B-F996-43A3-AD08-11725C1D01D8}.Release|x86.Build.0 = Release|Win32
		{E0C6F70B-F996-43A3-AD08-11725C1D01D8}.RelWithDebInfo|x64.ActiveCfg = Release|x64
		{E0C6F70B-F996-43A3-AD08-11725C1D01D8}.RelWithDebInfo|x64.Build.0 = Release|x64
		{E0C6F70B-F996-43A3-AD08-11725C1D01D8}.RelWithDebInfo|x86.ActiveCfg = Release|Win32
		{E0C6F70B-F996-43A3-AD08-11725C1D01D8}.RelWithDebInfo|x86.Build.0 = Release|Win32
		{978DDCE4-9EBD-327E-8849-8C7FB44D206A}.Debug|x64.ActiveCfg = Debug|x64
		{978DDCE4-9EBD-327E-8849-8C7FB44D206A}.Debug|x64.Build.0 = Debug|x64
		{978DDCE4-9EBD-327E-8849-8C7FB44D206A}.Debug|x86.ActiveCfg = Debug|x64
		{978DDCE4-9EBD-327E-8849-8C7FB44D206A}.MinSizeRel|x64.ActiveCfg = MinSizeRel|x64
		{978DDCE4-9EBD-327E-8849-8C7FB44D206A}.MinSizeRel|x64.Build.0 = MinSizeRel|x64
		{978DDCE4-9EBD-327E-8849-8C7FB44D206A}.MinSizeRel|x86.ActiveCfg = MinSizeRel|x64
		{978DDCE4-9EBD-327E-8849-8C7FB44D206A}.Release|x64.ActiveCfg = Release|x64
		{978DDCE4-9EBD-327E-8849-8C7FB44D206A}.Release|x64.Build.0 = Release|x64
		{978DDCE4-9EBD-327E-8849-8C7FB44D206A}.Release|x86.ActiveCfg = Release|x64
		{978DDCE4-9EBD-327E-8849-8C7FB44D206A}.RelWithDebInfo|x64.ActiveCfg = RelWithDebInfo|x64
		{978DDCE4-9EBD-327E-8849-8C7FB44D206A}.RelWithDebInfo|x64.Build.0 = RelWithDebInfo|x64
		{978DDCE4-9EBD-327E-8849-8C7FB44D206A}.RelWithDebInfo|x86.ActiveCfg = RelWithDebInfo|x64
	EndGlobalSection
	GlobalSection(SolutionProperties) = preSolution
		HideSolutionNode = FALSE
	EndGlobalSection
	GlobalSection(ExtensibilityGlobals) = postSolution
		SolutionGuid = {1893B1FE-2B79-4C78-A22B-07313430B06D}
	EndGlobalSection
EndGlobal
