<?xml version="1.0" encoding="utf-8"?>
<Project ToolsVersion="16.0" xmlns="http://schemas.microsoft.com/developer/msbuild/2003">
  <ItemGroup>
    <CustomBuild Include="C:\Users\lllll\Documents\GitHub\UniEngine\UniEngine\includes\GLFW\CMakeFiles\4f74b96f7bc65dea1c7e36ace3e67469\INSTALL_force.rule">
      <Filter>CMake Rules</Filter>
    </CustomBuild>
  </ItemGroup>
  <ItemGroup>
    <Filter Include="CMake Rules">
      <UniqueIdentifier>{C392B1AC-EB96-39EC-A99E-F529131FA652}</UniqueIdentifier>
    </Filter>
  </ItemGroup>
</Project>
