<?xml version="1.0" encoding="utf-8"?>
<Project ToolsVersion="4.0" xmlns="http://schemas.microsoft.com/developer/msbuild/2003">
  <ItemGroup>
    <Filter Include="Source Files">
      <UniqueIdentifier>{4FC737F1-C7A5-4376-A066-2A32D752A2FF}</UniqueIdentifier>
      <Extensions>cpp;c;cc;cxx;c++;cppm;ixx;def;odl;idl;hpj;bat;asm;asmx</Extensions>
    </Filter>
    <Filter Include="Header Files">
      <UniqueIdentifier>{93995380-89BD-4b04-88EB-625FBE52EBFB}</UniqueIdentifier>
      <Extensions>h;hh;hpp;hxx;h++;hm;inl;inc;ipp;xsd</Extensions>
    </Filter>
    <Filter Include="Resource Files">
      <UniqueIdentifier>{67DA6AB6-F800-4c08-8B7A-83BB121AAD01}</UniqueIdentifier>
      <Extensions>rc;ico;cur;bmp;dlg;rc2;rct;bin;rgs;gif;jpg;jpeg;jpe;resx;tiff;tif;png;wav;mfcribbon-ms</Extensions>
    </Filter>
    <Filter Include="Header Files\Systems">
      <UniqueIdentifier>{a01e692a-9e03-4854-a9ad-b6e6ca358105}</UniqueIdentifier>
    </Filter>
    <Filter Include="Source Files\Systems">
      <UniqueIdentifier>{608dd607-d79e-4275-b82a-0c40bf957e54}</UniqueIdentifier>
    </Filter>
    <Filter Include="Header Files\Estimators">
      <UniqueIdentifier>{07e90259-d527-45a3-a1b4-c64b6fdc3232}</UniqueIdentifier>
    </Filter>
    <Filter Include="Source Files\Estimators">
      <UniqueIdentifier>{de0da8a3-61e8-4f79-a797-8375369f61d5}</UniqueIdentifier>
    </Filter>
    <Filter Include="Header Files\SimpleMeshModel">
      <UniqueIdentifier>{57d63043-3738-4e8f-bda8-33ca6566a14d}</UniqueIdentifier>
    </Filter>
    <Filter Include="Source Files\SimpleMeshModel">
      <UniqueIdentifier>{df5d0390-ae07-4f95-9284-531e8f8a766f}</UniqueIdentifier>
    </Filter>
  </ItemGroup>
  <ItemGroup>
    <ClInclude Include="framework.h">
      <Filter>Header Files</Filter>
    </ClInclude>
    <ClInclude Include="pch.h">
      <Filter>Header Files</Filter>
    </ClInclude>
    <ClInclude Include="TreeUtilities.h">
      <Filter>Header Files</Filter>
    </ClInclude>
    <ClInclude Include="TreeUtilitiesAPI.h">
      <Filter>Header Files</Filter>
    </ClInclude>
    <ClInclude Include="TreeManager.h">
      <Filter>Header Files</Filter>
    </ClInclude>
    <ClInclude Include="LeafSystem.h">
      <Filter>Header Files\Systems</Filter>
    </ClInclude>
    <ClInclude Include="TreeSystem.h">
      <Filter>Header Files\Systems</Filter>
    </ClInclude>
    <ClInclude Include="LightEstimator.h">
      <Filter>Header Files\Estimators</Filter>
    </ClInclude>
    <ClInclude Include="BranchSystem.h">
      <Filter>Header Files\Systems</Filter>
    </ClInclude>
    <ClInclude Include="BranchNodeSystem.h">
      <Filter>Header Files\Systems</Filter>
    </ClInclude>
    <ClInclude Include="RingMesh.h">
      <Filter>Header Files\SimpleMeshModel</Filter>
    </ClInclude>
    <ClInclude Include="BezierCurve.h">
      <Filter>Header Files\SimpleMeshModel</Filter>
    </ClInclude>
    <ClInclude Include="Curve.h">
      <Filter>Header Files\SimpleMeshModel</Filter>
    </ClInclude>
  </ItemGroup>
  <ItemGroup>
    <ClCompile Include="dllmain.cpp">
      <Filter>Source Files</Filter>
    </ClCompile>
    <ClCompile Include="pch.cpp">
      <Filter>Source Files</Filter>
    </ClCompile>
    <ClCompile Include="TreeManager.cpp">
      <Filter>Source Files</Filter>
    </ClCompile>
    <ClCompile Include="LeafSystem.cpp">
      <Filter>Source Files\Systems</Filter>
    </ClCompile>
    <ClCompile Include="TreeSystem.cpp">
      <Filter>Source Files\Systems</Filter>
    </ClCompile>
    <ClCompile Include="LightEstimator.cpp">
      <Filter>Source Files\Estimators</Filter>
    </ClCompile>
    <ClCompile Include="BranchSystem.cpp">
      <Filter>Source Files\Systems</Filter>
    </ClCompile>
    <ClCompile Include="BranchNodeSystem.cpp">
      <Filter>Source Files\Systems</Filter>
    </ClCompile>
    <ClCompile Include="BezierCurve.cpp">
      <Filter>Source Files\SimpleMeshModel</Filter>
    </ClCompile>
    <ClCompile Include="Curve.cpp">
      <Filter>Source Files\SimpleMeshModel</Filter>
    </ClCompile>
    <ClCompile Include="RingMesh.cpp">
      <Filter>Source Files\SimpleMeshModel</Filter>
    </ClCompile>
  </ItemGroup>
</Project>