
Microsoft Visual Studio Solution File, Format Version 12.00
# Visual Studio 16
Project("{2150E333-8FDC-42A3-9474-1A3956D46DE8}") = "CMakePredefinedTargets", "CMakePredefinedTargets", "{3AEAC071-C1FE-30EB-8EC2-13BE9CD126E9}"
EndProject
Project("{2150E333-8FDC-42A3-9474-1A3956D46DE8}") = "GLFW3", "GLFW3", "{1B47CF66-0A16-3A36-9C3C-FB7B625FC6FF}"
EndProject
Project("{2150E333-8FDC-42A3-9474-1A3956D46DE8}") = "Examples", "GLFW3\Examples", "{EBFAA75C-DEBB-3DDC-A497-FDF8B0C7B200}"
EndProject
Project("{2150E333-8FDC-42A3-9474-1A3956D46DE8}") = "Tests", "GLFW3\Tests", "{00CD1482-8974-3A5A-AFB1-577C0A18CD31}"
EndProject
Project("{8BC9CEB8-8B4A-11D0-8D11-00A0C91BC942}") = "ALL_BUILD", "ALL_BUILD.vcxproj", "{45C941E5-5FA8-33B5-9B11-EE22481F9ACD}"
	ProjectSection(ProjectDependencies) = postProject
		{A8A0E72F-4683-310B-843E-5B124FEFC962} = {A8A0E72F-4683-310B-843E-5B124FEFC962}
		{85E4F638-F6BB-3F7C-8947-5EEE1220399F} = {85E4F638-F6BB-3F7C-8947-5EEE1220399F}
		{83F14AED-284B-34FB-85F7-340B9D8F332D} = {83F14AED-284B-34FB-85F7-340B9D8F332D}
		{18608225-420D-36E9-9C66-53A09EAA731F} = {18608225-420D-36E9-9C66-53A09EAA731F}
		{DC194ADB-3C58-33B6-AE4A-9D8AB7FC1925} = {DC194ADB-3C58-33B6-AE4A-9D8AB7FC1925}
		{37C5A30C-D155-36D7-832B-9EFEE8EA7E93} = {37C5A30C-D155-36D7-832B-9EFEE8EA7E93}
		{D47D49C5-723D-3481-B630-416C68CDB440} = {D47D49C5-723D-3481-B630-416C68CDB440}
		{B4846B1A-A7B0-326E-B9E9-91E86352010B} = {B4846B1A-A7B0-326E-B9E9-91E86352010B}
		{E4E5C984-8217-3D31-9DFE-84E10BA3D812} = {E4E5C984-8217-3D31-9DFE-84E10BA3D812}
		{390E2A47-8778-3B59-A42B-F41D40C4BFA4} = {390E2A47-8778-3B59-A42B-F41D40C4BFA4}
		{75337D59-6585-31FB-9D89-53D9D7A4BBDA} = {75337D59-6585-31FB-9D89-53D9D7A4BBDA}
		{FD97B5B4-80CE-3C5B-8D17-B3453E35B241} = {FD97B5B4-80CE-3C5B-8D17-B3453E35B241}
		{BD6DF50D-69E7-3D32-9878-3B93F7C6EC66} = {BD6DF50D-69E7-3D32-9878-3B93F7C6EC66}
		{B76A7134-8B6C-3787-AE3B-6614B974F028} = {B76A7134-8B6C-3787-AE3B-6614B974F028}
		{62460469-D850-3E2E-A0E9-22762F613AC7} = {62460469-D850-3E2E-A0E9-22762F613AC7}
		{7318B48D-02DC-3537-A540-862EDA563199} = {7318B48D-02DC-3537-A540-862EDA563199}
		{BCC202EB-43AE-344A-8DEF-DCF9726B285B} = {BCC202EB-43AE-344A-8DEF-DCF9726B285B}
		{1300BAE6-5D52-377D-A246-047EB218891F} = {1300BAE6-5D52-377D-A246-047EB218891F}
		{BBBBCB96-7A2E-3626-AF42-9052DAABF6DC} = {BBBBCB96-7A2E-3626-AF42-9052DAABF6DC}
		{170173B3-D027-3C03-89A9-880DBB0C6D30} = {170173B3-D027-3C03-89A9-880DBB0C6D30}
		{41B76232-8EEC-3E8D-881B-DEAE394803C3} = {41B76232-8EEC-3E8D-881B-DEAE394803C3}
		{D46C43EC-E438-3465-99F5-BC04A208F7A9} = {D46C43EC-E438-3465-99F5-BC04A208F7A9}
		{E576FA3A-8140-335D-9797-A2E6C2F4F33E} = {E576FA3A-8140-335D-9797-A2E6C2F4F33E}
		{26A2337F-0975-30B8-8248-786C51E1477A} = {26A2337F-0975-30B8-8248-786C51E1477A}
		{643108F3-FBAE-393B-AF66-F0D1093278AD} = {643108F3-FBAE-393B-AF66-F0D1093278AD}
		{5600F283-4400-382C-84EB-AAD839603320} = {5600F283-4400-382C-84EB-AAD839603320}
		{5768EC40-CDBC-333E-9457-CDE27E669591} = {5768EC40-CDBC-333E-9457-CDE27E669591}
		{ABC7C41B-17B0-38CC-9010-24FD5D9AF14A} = {ABC7C41B-17B0-38CC-9010-24FD5D9AF14A}
		{AFFE8721-A522-3D2B-822C-BF6CF405C0F9} = {AFFE8721-A522-3D2B-822C-BF6CF405C0F9}
		{8312282C-6902-3475-ACCF-E6147DC6A9DB} = {8312282C-6902-3475-ACCF-E6147DC6A9DB}
		{609CDD1B-F0DB-3D47-9D42-3BC814203F9D} = {609CDD1B-F0DB-3D47-9D42-3BC814203F9D}
	EndProjectSection
EndProject
Project("{8BC9CEB8-8B4A-11D0-8D11-00A0C91BC942}") = "INSTALL", "INSTALL.vcxproj", "{F866BF49-19C1-3CEA-B8CA-E19091C61223}"
	ProjectSection(ProjectDependencies) = postProject
		{45C941E5-5FA8-33B5-9B11-EE22481F9ACD} = {45C941E5-5FA8-33B5-9B11-EE22481F9ACD}
		{A8A0E72F-4683-310B-843E-5B124FEFC962} = {A8A0E72F-4683-310B-843E-5B124FEFC962}
	EndProjectSection
EndProject
Project("{8BC9CEB8-8B4A-11D0-8D11-00A0C91BC942}") = "ZERO_CHECK", "ZERO_CHECK.vcxproj", "{A8A0E72F-4683-310B-843E-5B124FEFC962}"
	ProjectSection(ProjectDependencies) = postProject
	EndProjectSection
EndProject
Project("{8BC9CEB8-8B4A-11D0-8D11-00A0C91BC942}") = "boing", "examples\boing.vcxproj", "{85E4F638-F6BB-3F7C-8947-5EEE1220399F}"
	ProjectSection(ProjectDependencies) = postProject
		{A8A0E72F-4683-310B-843E-5B124FEFC962} = {A8A0E72F-4683-310B-843E-5B124FEFC962}
		{E4E5C984-8217-3D31-9DFE-84E10BA3D812} = {E4E5C984-8217-3D31-9DFE-84E10BA3D812}
	EndProjectSection
EndProject
Project("{8BC9CEB8-8B4A-11D0-8D11-00A0C91BC942}") = "clipboard", "tests\clipboard.vcxproj", "{83F14AED-284B-34FB-85F7-340B9D8F332D}"
	ProjectSection(ProjectDependencies) = postProject
		{A8A0E72F-4683-310B-843E-5B124FEFC962} = {A8A0E72F-4683-310B-843E-5B124FEFC962}
		{E4E5C984-8217-3D31-9DFE-84E10BA3D812} = {E4E5C984-8217-3D31-9DFE-84E10BA3D812}
	EndProjectSection
EndProject
Project("{8BC9CEB8-8B4A-11D0-8D11-00A0C91BC942}") = "cursor", "tests\cursor.vcxproj", "{18608225-420D-36E9-9C66-53A09EAA731F}"
	ProjectSection(ProjectDependencies) = postProject
		{A8A0E72F-4683-310B-843E-5B124FEFC962} = {A8A0E72F-4683-310B-843E-5B124FEFC962}
		{E4E5C984-8217-3D31-9DFE-84E10BA3D812} = {E4E5C984-8217-3D31-9DFE-84E10BA3D812}
	EndProjectSection
EndProject
Project("{8BC9CEB8-8B4A-11D0-8D11-00A0C91BC942}") = "empty", "tests\empty.vcxproj", "{DC194ADB-3C58-33B6-AE4A-9D8AB7FC1925}"
	ProjectSection(ProjectDependencies) = postProject
		{A8A0E72F-4683-310B-843E-5B124FEFC962} = {A8A0E72F-4683-310B-843E-5B124FEFC962}
		{E4E5C984-8217-3D31-9DFE-84E10BA3D812} = {E4E5C984-8217-3D31-9DFE-84E10BA3D812}
	EndProjectSection
EndProject
Project("{8BC9CEB8-8B4A-11D0-8D11-00A0C91BC942}") = "events", "tests\events.vcxproj", "{37C5A30C-D155-36D7-832B-9EFEE8EA7E93}"
	ProjectSection(ProjectDependencies) = postProject
		{A8A0E72F-4683-310B-843E-5B124FEFC962} = {A8A0E72F-4683-310B-843E-5B124FEFC962}
		{E4E5C984-8217-3D31-9DFE-84E10BA3D812} = {E4E5C984-8217-3D31-9DFE-84E10BA3D812}
	EndProjectSection
EndProject
Project("{8BC9CEB8-8B4A-11D0-8D11-00A0C91BC942}") = "gamma", "tests\gamma.vcxproj", "{D47D49C5-723D-3481-B630-416C68CDB440}"
	ProjectSection(ProjectDependencies) = postProject
		{A8A0E72F-4683-310B-843E-5B124FEFC962} = {A8A0E72F-4683-310B-843E-5B124FEFC962}
		{E4E5C984-8217-3D31-9DFE-84E10BA3D812} = {E4E5C984-8217-3D31-9DFE-84E10BA3D812}
	EndProjectSection
EndProject
Project("{8BC9CEB8-8B4A-11D0-8D11-00A0C91BC942}") = "gears", "examples\gears.vcxproj", "{B4846B1A-A7B0-326E-B9E9-91E86352010B}"
	ProjectSection(ProjectDependencies) = postProject
		{A8A0E72F-4683-310B-843E-5B124FEFC962} = {A8A0E72F-4683-310B-843E-5B124FEFC962}
		{E4E5C984-8217-3D31-9DFE-84E10BA3D812} = {E4E5C984-8217-3D31-9DFE-84E10BA3D812}
	EndProjectSection
EndProject
Project("{8BC9CEB8-8B4A-11D0-8D11-00A0C91BC942}") = "glfw", "src\glfw.vcxproj", "{E4E5C984-8217-3D31-9DFE-84E10BA3D812}"
	ProjectSection(ProjectDependencies) = postProject
		{A8A0E72F-4683-310B-843E-5B124FEFC962} = {A8A0E72F-4683-310B-843E-5B124FEFC962}
	EndProjectSection
EndProject
Project("{8BC9CEB8-8B4A-11D0-8D11-00A0C91BC942}") = "glfwinfo", "tests\glfwinfo.vcxproj", "{390E2A47-8778-3B59-A42B-F41D40C4BFA4}"
	ProjectSection(ProjectDependencies) = postProject
		{A8A0E72F-4683-310B-843E-5B124FEFC962} = {A8A0E72F-4683-310B-843E-5B124FEFC962}
		{E4E5C984-8217-3D31-9DFE-84E10BA3D812} = {E4E5C984-8217-3D31-9DFE-84E10BA3D812}
	EndProjectSection
EndProject
Project("{8BC9CEB8-8B4A-11D0-8D11-00A0C91BC942}") = "heightmap", "examples\heightmap.vcxproj", "{75337D59-6585-31FB-9D89-53D9D7A4BBDA}"
	ProjectSection(ProjectDependencies) = postProject
		{A8A0E72F-4683-310B-843E-5B124FEFC962} = {A8A0E72F-4683-310B-843E-5B124FEFC962}
		{E4E5C984-8217-3D31-9DFE-84E10BA3D812} = {E4E5C984-8217-3D31-9DFE-84E10BA3D812}
	EndProjectSection
EndProject
Project("{8BC9CEB8-8B4A-11D0-8D11-00A0C91BC942}") = "icon", "tests\icon.vcxproj", "{FD97B5B4-80CE-3C5B-8D17-B3453E35B241}"
	ProjectSection(ProjectDependencies) = postProject
		{A8A0E72F-4683-310B-843E-5B124FEFC962} = {A8A0E72F-4683-310B-843E-5B124FEFC962}
		{E4E5C984-8217-3D31-9DFE-84E10BA3D812} = {E4E5C984-8217-3D31-9DFE-84E10BA3D812}
	EndProjectSection
EndProject
Project("{8BC9CEB8-8B4A-11D0-8D11-00A0C91BC942}") = "iconify", "tests\iconify.vcxproj", "{BD6DF50D-69E7-3D32-9878-3B93F7C6EC66}"
	ProjectSection(ProjectDependencies) = postProject
		{A8A0E72F-4683-310B-843E-5B124FEFC962} = {A8A0E72F-4683-310B-843E-5B124FEFC962}
		{E4E5C984-8217-3D31-9DFE-84E10BA3D812} = {E4E5C984-8217-3D31-9DFE-84E10BA3D812}
	EndProjectSection
EndProject
Project("{8BC9CEB8-8B4A-11D0-8D11-00A0C91BC942}") = "inputlag", "tests\inputlag.vcxproj", "{B76A7134-8B6C-3787-AE3B-6614B974F028}"
	ProjectSection(ProjectDependencies) = postProject
		{A8A0E72F-4683-310B-843E-5B124FEFC962} = {A8A0E72F-4683-310B-843E-5B124FEFC962}
		{E4E5C984-8217-3D31-9DFE-84E10BA3D812} = {E4E5C984-8217-3D31-9DFE-84E10BA3D812}
	EndProjectSection
EndProject
Project("{8BC9CEB8-8B4A-11D0-8D11-00A0C91BC942}") = "joysticks", "tests\joysticks.vcxproj", "{62460469-D850-3E2E-A0E9-22762F613AC7}"
	ProjectSection(ProjectDependencies) = postProject
		{A8A0E72F-4683-310B-843E-5B124FEFC962} = {A8A0E72F-4683-310B-843E-5B124FEFC962}
		{E4E5C984-8217-3D31-9DFE-84E10BA3D812} = {E4E5C984-8217-3D31-9DFE-84E10BA3D812}
	EndProjectSection
EndProject
Project("{8BC9CEB8-8B4A-11D0-8D11-00A0C91BC942}") = "monitors", "tests\monitors.vcxproj", "{7318B48D-02DC-3537-A540-862EDA563199}"
	ProjectSection(ProjectDependencies) = postProject
		{A8A0E72F-4683-310B-843E-5B124FEFC962} = {A8A0E72F-4683-310B-843E-5B124FEFC962}
		{E4E5C984-8217-3D31-9DFE-84E10BA3D812} = {E4E5C984-8217-3D31-9DFE-84E10BA3D812}
	EndProjectSection
EndProject
Project("{8BC9CEB8-8B4A-11D0-8D11-00A0C91BC942}") = "msaa", "tests\msaa.vcxproj", "{BCC202EB-43AE-344A-8DEF-DCF9726B285B}"
	ProjectSection(ProjectDependencies) = postProject
		{A8A0E72F-4683-310B-843E-5B124FEFC962} = {A8A0E72F-4683-310B-843E-5B124FEFC962}
		{E4E5C984-8217-3D31-9DFE-84E10BA3D812} = {E4E5C984-8217-3D31-9DFE-84E10BA3D812}
	EndProjectSection
EndProject
Project("{8BC9CEB8-8B4A-11D0-8D11-00A0C91BC942}") = "offscreen", "examples\offscreen.vcxproj", "{1300BAE6-5D52-377D-A246-047EB218891F}"
	ProjectSection(ProjectDependencies) = postProject
		{A8A0E72F-4683-310B-843E-5B124FEFC962} = {A8A0E72F-4683-310B-843E-5B124FEFC962}
		{E4E5C984-8217-3D31-9DFE-84E10BA3D812} = {E4E5C984-8217-3D31-9DFE-84E10BA3D812}
	EndProjectSection
EndProject
Project("{8BC9CEB8-8B4A-11D0-8D11-00A0C91BC942}") = "particles", "examples\particles.vcxproj", "{BBBBCB96-7A2E-3626-AF42-9052DAABF6DC}"
	ProjectSection(ProjectDependencies) = postProject
		{A8A0E72F-4683-310B-843E-5B124FEFC962} = {A8A0E72F-4683-310B-843E-5B124FEFC962}
		{E4E5C984-8217-3D31-9DFE-84E10BA3D812} = {E4E5C984-8217-3D31-9DFE-84E10BA3D812}
	EndProjectSection
EndProject
Project("{8BC9CEB8-8B4A-11D0-8D11-00A0C91BC942}") = "reopen", "tests\reopen.vcxproj", "{170173B3-D027-3C03-89A9-880DBB0C6D30}"
	ProjectSection(ProjectDependencies) = postProject
		{A8A0E72F-4683-310B-843E-5B124FEFC962} = {A8A0E72F-4683-310B-843E-5B124FEFC962}
		{E4E5C984-8217-3D31-9DFE-84E10BA3D812} = {E4E5C984-8217-3D31-9DFE-84E10BA3D812}
	EndProjectSection
EndProject
Project("{8BC9CEB8-8B4A-11D0-8D11-00A0C91BC942}") = "sharing", "examples\sharing.vcxproj", "{41B76232-8EEC-3E8D-881B-DEAE394803C3}"
	ProjectSection(ProjectDependencies) = postProject
		{A8A0E72F-4683-310B-843E-5B124FEFC962} = {A8A0E72F-4683-310B-843E-5B124FEFC962}
		{E4E5C984-8217-3D31-9DFE-84E10BA3D812} = {E4E5C984-8217-3D31-9DFE-84E10BA3D812}
	EndProjectSection
EndProject
Project("{8BC9CEB8-8B4A-11D0-8D11-00A0C91BC942}") = "splitview", "examples\splitview.vcxproj", "{D46C43EC-E438-3465-99F5-BC04A208F7A9}"
	ProjectSection(ProjectDependencies) = postProject
		{A8A0E72F-4683-310B-843E-5B124FEFC962} = {A8A0E72F-4683-310B-843E-5B124FEFC962}
		{E4E5C984-8217-3D31-9DFE-84E10BA3D812} = {E4E5C984-8217-3D31-9DFE-84E10BA3D812}
	EndProjectSection
EndProject
Project("{8BC9CEB8-8B4A-11D0-8D11-00A0C91BC942}") = "tearing", "tests\tearing.vcxproj", "{E576FA3A-8140-335D-9797-A2E6C2F4F33E}"
	ProjectSection(ProjectDependencies) = postProject
		{A8A0E72F-4683-310B-843E-5B124FEFC962} = {A8A0E72F-4683-310B-843E-5B124FEFC962}
		{E4E5C984-8217-3D31-9DFE-84E10BA3D812} = {E4E5C984-8217-3D31-9DFE-84E10BA3D812}
	EndProjectSection
EndProject
Project("{8BC9CEB8-8B4A-11D0-8D11-00A0C91BC942}") = "threads", "tests\threads.vcxproj", "{26A2337F-0975-30B8-8248-786C51E1477A}"
	ProjectSection(ProjectDependencies) = postProject
		{A8A0E72F-4683-310B-843E-5B124FEFC962} = {A8A0E72F-4683-310B-843E-5B124FEFC962}
		{E4E5C984-8217-3D31-9DFE-84E10BA3D812} = {E4E5C984-8217-3D31-9DFE-84E10BA3D812}
	EndProjectSection
EndProject
Project("{8BC9CEB8-8B4A-11D0-8D11-00A0C91BC942}") = "timeout", "tests\timeout.vcxproj", "{643108F3-FBAE-393B-AF66-F0D1093278AD}"
	ProjectSection(ProjectDependencies) = postProject
		{A8A0E72F-4683-310B-843E-5B124FEFC962} = {A8A0E72F-4683-310B-843E-5B124FEFC962}
		{E4E5C984-8217-3D31-9DFE-84E10BA3D812} = {E4E5C984-8217-3D31-9DFE-84E10BA3D812}
	EndProjectSection
EndProject
Project("{8BC9CEB8-8B4A-11D0-8D11-00A0C91BC942}") = "title", "tests\title.vcxproj", "{5600F283-4400-382C-84EB-AAD839603320}"
	ProjectSection(ProjectDependencies) = postProject
		{A8A0E72F-4683-310B-843E-5B124FEFC962} = {A8A0E72F-4683-310B-843E-5B124FEFC962}
		{E4E5C984-8217-3D31-9DFE-84E10BA3D812} = {E4E5C984-8217-3D31-9DFE-84E10BA3D812}
	EndProjectSection
EndProject
Project("{8BC9CEB8-8B4A-11D0-8D11-00A0C91BC942}") = "triangle-opengl", "examples\triangle-opengl.vcxproj", "{5768EC40-CDBC-333E-9457-CDE27E669591}"
	ProjectSection(ProjectDependencies) = postProject
		{A8A0E72F-4683-310B-843E-5B124FEFC962} = {A8A0E72F-4683-310B-843E-5B124FEFC962}
		{E4E5C984-8217-3D31-9DFE-84E10BA3D812} = {E4E5C984-8217-3D31-9DFE-84E10BA3D812}
	EndProjectSection
EndProject
Project("{8BC9CEB8-8B4A-11D0-8D11-00A0C91BC942}") = "triangle-vulkan", "tests\triangle-vulkan.vcxproj", "{ABC7C41B-17B0-38CC-9010-24FD5D9AF14A}"
	ProjectSection(ProjectDependencies) = postProject
		{A8A0E72F-4683-310B-843E-5B124FEFC962} = {A8A0E72F-4683-310B-843E-5B124FEFC962}
		{E4E5C984-8217-3D31-9DFE-84E10BA3D812} = {E4E5C984-8217-3D31-9DFE-84E10BA3D812}
	EndProjectSection
EndProject
Project("{8BC9CEB8-8B4A-11D0-8D11-00A0C91BC942}") = "uninstall", "uninstall.vcxproj", "{22B5DC16-5F36-310C-BB14-554ED38F82DF}"
	ProjectSection(ProjectDependencies) = postProject
		{A8A0E72F-4683-310B-843E-5B124FEFC962} = {A8A0E72F-4683-310B-843E-5B124FEFC962}
	EndProjectSection
EndProject
Project("{8BC9CEB8-8B4A-11D0-8D11-00A0C91BC942}") = "wave", "examples\wave.vcxproj", "{AFFE8721-A522-3D2B-822C-BF6CF405C0F9}"
	ProjectSection(ProjectDependencies) = postProject
		{A8A0E72F-4683-310B-843E-5B124FEFC962} = {A8A0E72F-4683-310B-843E-5B124FEFC962}
		{E4E5C984-8217-3D31-9DFE-84E10BA3D812} = {E4E5C984-8217-3D31-9DFE-84E10BA3D812}
	EndProjectSection
EndProject
Project("{8BC9CEB8-8B4A-11D0-8D11-00A0C91BC942}") = "window", "tests\window.vcxproj", "{8312282C-6902-3475-ACCF-E6147DC6A9DB}"
	ProjectSection(ProjectDependencies) = postProject
		{A8A0E72F-4683-310B-843E-5B124FEFC962} = {A8A0E72F-4683-310B-843E-5B124FEFC962}
		{E4E5C984-8217-3D31-9DFE-84E10BA3D812} = {E4E5C984-8217-3D31-9DFE-84E10BA3D812}
	EndProjectSection
EndProject
Project("{8BC9CEB8-8B4A-11D0-8D11-00A0C91BC942}") = "windows", "examples\windows.vcxproj", "{609CDD1B-F0DB-3D47-9D42-3BC814203F9D}"
	ProjectSection(ProjectDependencies) = postProject
		{A8A0E72F-4683-310B-843E-5B124FEFC962} = {A8A0E72F-4683-310B-843E-5B124FEFC962}
		{E4E5C984-8217-3D31-9DFE-84E10BA3D812} = {E4E5C984-8217-3D31-9DFE-84E10BA3D812}
	EndProjectSection
EndProject
Global
	GlobalSection(SolutionConfigurationPlatforms) = preSolution
		Debug|x64 = Debug|x64
		Release|x64 = Release|x64
		MinSizeRel|x64 = MinSizeRel|x64
		RelWithDebInfo|x64 = RelWithDebInfo|x64
	EndGlobalSection
	GlobalSection(ProjectConfigurationPlatforms) = postSolution
		{45C941E5-5FA8-33B5-9B11-EE22481F9ACD}.Debug|x64.ActiveCfg = Debug|x64
		{45C941E5-5FA8-33B5-9B11-EE22481F9ACD}.Debug|x64.Build.0 = Debug|x64
		{45C941E5-5FA8-33B5-9B11-EE22481F9ACD}.Release|x64.ActiveCfg = Release|x64
		{45C941E5-5FA8-33B5-9B11-EE22481F9ACD}.Release|x64.Build.0 = Release|x64
		{45C941E5-5FA8-33B5-9B11-EE22481F9ACD}.MinSizeRel|x64.ActiveCfg = MinSizeRel|x64
		{45C941E5-5FA8-33B5-9B11-EE22481F9ACD}.MinSizeRel|x64.Build.0 = MinSizeRel|x64
		{45C941E5-5FA8-33B5-9B11-EE22481F9ACD}.RelWithDebInfo|x64.ActiveCfg = RelWithDebInfo|x64
		{45C941E5-5FA8-33B5-9B11-EE22481F9ACD}.RelWithDebInfo|x64.Build.0 = RelWithDebInfo|x64
		{F866BF49-19C1-3CEA-B8CA-E19091C61223}.Debug|x64.ActiveCfg = Debug|x64
		{F866BF49-19C1-3CEA-B8CA-E19091C61223}.Release|x64.ActiveCfg = Release|x64
		{F866BF49-19C1-3CEA-B8CA-E19091C61223}.MinSizeRel|x64.ActiveCfg = MinSizeRel|x64
		{F866BF49-19C1-3CEA-B8CA-E19091C61223}.RelWithDebInfo|x64.ActiveCfg = RelWithDebInfo|x64
		{A8A0E72F-4683-310B-843E-5B124FEFC962}.Debug|x64.ActiveCfg = Debug|x64
		{A8A0E72F-4683-310B-843E-5B124FEFC962}.Debug|x64.Build.0 = Debug|x64
		{A8A0E72F-4683-310B-843E-5B124FEFC962}.Release|x64.ActiveCfg = Release|x64
		{A8A0E72F-4683-310B-843E-5B124FEFC962}.Release|x64.Build.0 = Release|x64
		{A8A0E72F-4683-310B-843E-5B124FEFC962}.MinSizeRel|x64.ActiveCfg = MinSizeRel|x64
		{A8A0E72F-4683-310B-843E-5B124FEFC962}.MinSizeRel|x64.Build.0 = MinSizeRel|x64
		{A8A0E72F-4683-310B-843E-5B124FEFC962}.RelWithDebInfo|x64.ActiveCfg = RelWithDebInfo|x64
		{A8A0E72F-4683-310B-843E-5B124FEFC962}.RelWithDebInfo|x64.Build.0 = RelWithDebInfo|x64
		{85E4F638-F6BB-3F7C-8947-5EEE1220399F}.Debug|x64.ActiveCfg = Debug|x64
		{85E4F638-F6BB-3F7C-8947-5EEE1220399F}.Debug|x64.Build.0 = Debug|x64
		{85E4F638-F6BB-3F7C-8947-5EEE1220399F}.Release|x64.ActiveCfg = Release|x64
		{85E4F638-F6BB-3F7C-8947-5EEE1220399F}.Release|x64.Build.0 = Release|x64
		{85E4F638-F6BB-3F7C-8947-5EEE1220399F}.MinSizeRel|x64.ActiveCfg = MinSizeRel|x64
		{85E4F638-F6BB-3F7C-8947-5EEE1220399F}.MinSizeRel|x64.Build.0 = MinSizeRel|x64
		{85E4F638-F6BB-3F7C-8947-5EEE1220399F}.RelWithDebInfo|x64.ActiveCfg = RelWithDebInfo|x64
		{85E4F638-F6BB-3F7C-8947-5EEE1220399F}.RelWithDebInfo|x64.Build.0 = RelWithDebInfo|x64
		{83F14AED-284B-34FB-85F7-340B9D8F332D}.Debug|x64.ActiveCfg = Debug|x64
		{83F14AED-284B-34FB-85F7-340B9D8F332D}.Debug|x64.Build.0 = Debug|x64
		{83F14AED-284B-34FB-85F7-340B9D8F332D}.Release|x64.ActiveCfg = Release|x64
		{83F14AED-284B-34FB-85F7-340B9D8F332D}.Release|x64.Build.0 = Release|x64
		{83F14AED-284B-34FB-85F7-340B9D8F332D}.MinSizeRel|x64.ActiveCfg = MinSizeRel|x64
		{83F14AED-284B-34FB-85F7-340B9D8F332D}.MinSizeRel|x64.Build.0 = MinSizeRel|x64
		{83F14AED-284B-34FB-85F7-340B9D8F332D}.RelWithDebInfo|x64.ActiveCfg = RelWithDebInfo|x64
		{83F14AED-284B-34FB-85F7-340B9D8F332D}.RelWithDebInfo|x64.Build.0 = RelWithDebInfo|x64
		{18608225-420D-36E9-9C66-53A09EAA731F}.Debug|x64.ActiveCfg = Debug|x64
		{18608225-420D-36E9-9C66-53A09EAA731F}.Debug|x64.Build.0 = Debug|x64
		{18608225-420D-36E9-9C66-53A09EAA731F}.Release|x64.ActiveCfg = Release|x64
		{18608225-420D-36E9-9C66-53A09EAA731F}.Release|x64.Build.0 = Release|x64
		{18608225-420D-36E9-9C66-53A09EAA731F}.MinSizeRel|x64.ActiveCfg = MinSizeRel|x64
		{18608225-420D-36E9-9C66-53A09EAA731F}.MinSizeRel|x64.Build.0 = MinSizeRel|x64
		{18608225-420D-36E9-9C66-53A09EAA731F}.RelWithDebInfo|x64.ActiveCfg = RelWithDebInfo|x64
		{18608225-420D-36E9-9C66-53A09EAA731F}.RelWithDebInfo|x64.Build.0 = RelWithDebInfo|x64
		{DC194ADB-3C58-33B6-AE4A-9D8AB7FC1925}.Debug|x64.ActiveCfg = Debug|x64
		{DC194ADB-3C58-33B6-AE4A-9D8AB7FC1925}.Debug|x64.Build.0 = Debug|x64
		{DC194ADB-3C58-33B6-AE4A-9D8AB7FC1925}.Release|x64.ActiveCfg = Release|x64
		{DC194ADB-3C58-33B6-AE4A-9D8AB7FC1925}.Release|x64.Build.0 = Release|x64
		{DC194ADB-3C58-33B6-AE4A-9D8AB7FC1925}.MinSizeRel|x64.ActiveCfg = MinSizeRel|x64
		{DC194ADB-3C58-33B6-AE4A-9D8AB7FC1925}.MinSizeRel|x64.Build.0 = MinSizeRel|x64
		{DC194ADB-3C58-33B6-AE4A-9D8AB7FC1925}.RelWithDebInfo|x64.ActiveCfg = RelWithDebInfo|x64
		{DC194ADB-3C58-33B6-AE4A-9D8AB7FC1925}.RelWithDebInfo|x64.Build.0 = RelWithDebInfo|x64
		{37C5A30C-D155-36D7-832B-9EFEE8EA7E93}.Debug|x64.ActiveCfg = Debug|x64
		{37C5A30C-D155-36D7-832B-9EFEE8EA7E93}.Debug|x64.Build.0 = Debug|x64
		{37C5A30C-D155-36D7-832B-9EFEE8EA7E93}.Release|x64.ActiveCfg = Release|x64
		{37C5A30C-D155-36D7-832B-9EFEE8EA7E93}.Release|x64.Build.0 = Release|x64
		{37C5A30C-D155-36D7-832B-9EFEE8EA7E93}.MinSizeRel|x64.ActiveCfg = MinSizeRel|x64
		{37C5A30C-D155-36D7-832B-9EFEE8EA7E93}.MinSizeRel|x64.Build.0 = MinSizeRel|x64
		{37C5A30C-D155-36D7-832B-9EFEE8EA7E93}.RelWithDebInfo|x64.ActiveCfg = RelWithDebInfo|x64
		{37C5A30C-D155-36D7-832B-9EFEE8EA7E93}.RelWithDebInfo|x64.Build.0 = RelWithDebInfo|x64
		{D47D49C5-723D-3481-B630-416C68CDB440}.Debug|x64.ActiveCfg = Debug|x64
		{D47D49C5-723D-3481-B630-416C68CDB440}.Debug|x64.Build.0 = Debug|x64
		{D47D49C5-723D-3481-B630-416C68CDB440}.Release|x64.ActiveCfg = Release|x64
		{D47D49C5-723D-3481-B630-416C68CDB440}.Release|x64.Build.0 = Release|x64
		{D47D49C5-723D-3481-B630-416C68CDB440}.MinSizeRel|x64.ActiveCfg = MinSizeRel|x64
		{D47D49C5-723D-3481-B630-416C68CDB440}.MinSizeRel|x64.Build.0 = MinSizeRel|x64
		{D47D49C5-723D-3481-B630-416C68CDB440}.RelWithDebInfo|x64.ActiveCfg = RelWithDebInfo|x64
		{D47D49C5-723D-3481-B630-416C68CDB440}.RelWithDebInfo|x64.Build.0 = RelWithDebInfo|x64
		{B4846B1A-A7B0-326E-B9E9-91E86352010B}.Debug|x64.ActiveCfg = Debug|x64
		{B4846B1A-A7B0-326E-B9E9-91E86352010B}.Debug|x64.Build.0 = Debug|x64
		{B4846B1A-A7B0-326E-B9E9-91E86352010B}.Release|x64.ActiveCfg = Release|x64
		{B4846B1A-A7B0-326E-B9E9-91E86352010B}.Release|x64.Build.0 = Release|x64
		{B4846B1A-A7B0-326E-B9E9-91E86352010B}.MinSizeRel|x64.ActiveCfg = MinSizeRel|x64
		{B4846B1A-A7B0-326E-B9E9-91E86352010B}.MinSizeRel|x64.Build.0 = MinSizeRel|x64
		{B4846B1A-A7B0-326E-B9E9-91E86352010B}.RelWithDebInfo|x64.ActiveCfg = RelWithDebInfo|x64
		{B4846B1A-A7B0-326E-B9E9-91E86352010B}.RelWithDebInfo|x64.Build.0 = RelWithDebInfo|x64
		{E4E5C984-8217-3D31-9DFE-84E10BA3D812}.Debug|x64.ActiveCfg = Debug|x64
		{E4E5C984-8217-3D31-9DFE-84E10BA3D812}.Debug|x64.Build.0 = Debug|x64
		{E4E5C984-8217-3D31-9DFE-84E10BA3D812}.Release|x64.ActiveCfg = Release|x64
		{E4E5C984-8217-3D31-9DFE-84E10BA3D812}.Release|x64.Build.0 = Release|x64
		{E4E5C984-8217-3D31-9DFE-84E10BA3D812}.MinSizeRel|x64.ActiveCfg = MinSizeRel|x64
		{E4E5C984-8217-3D31-9DFE-84E10BA3D812}.MinSizeRel|x64.Build.0 = MinSizeRel|x64
		{E4E5C984-8217-3D31-9DFE-84E10BA3D812}.RelWithDebInfo|x64.ActiveCfg = RelWithDebInfo|x64
		{E4E5C984-8217-3D31-9DFE-84E10BA3D812}.RelWithDebInfo|x64.Build.0 = RelWithDebInfo|x64
		{390E2A47-8778-3B59-A42B-F41D40C4BFA4}.Debug|x64.ActiveCfg = Debug|x64
		{390E2A47-8778-3B59-A42B-F41D40C4BFA4}.Debug|x64.Build.0 = Debug|x64
		{390E2A47-8778-3B59-A42B-F41D40C4BFA4}.Release|x64.ActiveCfg = Release|x64
		{390E2A47-8778-3B59-A42B-F41D40C4BFA4}.Release|x64.Build.0 = Release|x64
		{390E2A47-8778-3B59-A42B-F41D40C4BFA4}.MinSizeRel|x64.ActiveCfg = MinSizeRel|x64
		{390E2A47-8778-3B59-A42B-F41D40C4BFA4}.MinSizeRel|x64.Build.0 = MinSizeRel|x64
		{390E2A47-8778-3B59-A42B-F41D40C4BFA4}.RelWithDebInfo|x64.ActiveCfg = RelWithDebInfo|x64
		{390E2A47-8778-3B59-A42B-F41D40C4BFA4}.RelWithDebInfo|x64.Build.0 = RelWithDebInfo|x64
		{75337D59-6585-31FB-9D89-53D9D7A4BBDA}.Debug|x64.ActiveCfg = Debug|x64
		{75337D59-6585-31FB-9D89-53D9D7A4BBDA}.Debug|x64.Build.0 = Debug|x64
		{75337D59-6585-31FB-9D89-53D9D7A4BBDA}.Release|x64.ActiveCfg = Release|x64
		{75337D59-6585-31FB-9D89-53D9D7A4BBDA}.Release|x64.Build.0 = Release|x64
		{75337D59-6585-31FB-9D89-53D9D7A4BBDA}.MinSizeRel|x64.ActiveCfg = MinSizeRel|x64
		{75337D59-6585-31FB-9D89-53D9D7A4BBDA}.MinSizeRel|x64.Build.0 = MinSizeRel|x64
		{75337D59-6585-31FB-9D89-53D9D7A4BBDA}.RelWithDebInfo|x64.ActiveCfg = RelWithDebInfo|x64
		{75337D59-6585-31FB-9D89-53D9D7A4BBDA}.RelWithDebInfo|x64.Build.0 = RelWithDebInfo|x64
		{FD97B5B4-80CE-3C5B-8D17-B3453E35B241}.Debug|x64.ActiveCfg = Debug|x64
		{FD97B5B4-80CE-3C5B-8D17-B3453E35B241}.Debug|x64.Build.0 = Debug|x64
		{FD97B5B4-80CE-3C5B-8D17-B3453E35B241}.Release|x64.ActiveCfg = Release|x64
		{FD97B5B4-80CE-3C5B-8D17-B3453E35B241}.Release|x64.Build.0 = Release|x64
		{FD97B5B4-80CE-3C5B-8D17-B3453E35B241}.MinSizeRel|x64.ActiveCfg = MinSizeRel|x64
		{FD97B5B4-80CE-3C5B-8D17-B3453E35B241}.MinSizeRel|x64.Build.0 = MinSizeRel|x64
		{FD97B5B4-80CE-3C5B-8D17-B3453E35B241}.RelWithDebInfo|x64.ActiveCfg = RelWithDebInfo|x64
		{FD97B5B4-80CE-3C5B-8D17-B3453E35B241}.RelWithDebInfo|x64.Build.0 = RelWithDebInfo|x64
		{BD6DF50D-69E7-3D32-9878-3B93F7C6EC66}.Debug|x64.ActiveCfg = Debug|x64
		{BD6DF50D-69E7-3D32-9878-3B93F7C6EC66}.Debug|x64.Build.0 = Debug|x64
		{BD6DF50D-69E7-3D32-9878-3B93F7C6EC66}.Release|x64.ActiveCfg = Release|x64
		{BD6DF50D-69E7-3D32-9878-3B93F7C6EC66}.Release|x64.Build.0 = Release|x64
		{BD6DF50D-69E7-3D32-9878-3B93F7C6EC66}.MinSizeRel|x64.ActiveCfg = MinSizeRel|x64
		{BD6DF50D-69E7-3D32-9878-3B93F7C6EC66}.MinSizeRel|x64.Build.0 = MinSizeRel|x64
		{BD6DF50D-69E7-3D32-9878-3B93F7C6EC66}.RelWithDebInfo|x64.ActiveCfg = RelWithDebInfo|x64
		{BD6DF50D-69E7-3D32-9878-3B93F7C6EC66}.RelWithDebInfo|x64.Build.0 = RelWithDebInfo|x64
		{B76A7134-8B6C-3787-AE3B-6614B974F028}.Debug|x64.ActiveCfg = Debug|x64
		{B76A7134-8B6C-3787-AE3B-6614B974F028}.Debug|x64.Build.0 = Debug|x64
		{B76A7134-8B6C-3787-AE3B-6614B974F028}.Release|x64.ActiveCfg = Release|x64
		{B76A7134-8B6C-3787-AE3B-6614B974F028}.Release|x64.Build.0 = Release|x64
		{B76A7134-8B6C-3787-AE3B-6614B974F028}.MinSizeRel|x64.ActiveCfg = MinSizeRel|x64
		{B76A7134-8B6C-3787-AE3B-6614B974F028}.MinSizeRel|x64.Build.0 = MinSizeRel|x64
		{B76A7134-8B6C-3787-AE3B-6614B974F028}.RelWithDebInfo|x64.ActiveCfg = RelWithDebInfo|x64
		{B76A7134-8B6C-3787-AE3B-6614B974F028}.RelWithDebInfo|x64.Build.0 = RelWithDebInfo|x64
		{62460469-D850-3E2E-A0E9-22762F613AC7}.Debug|x64.ActiveCfg = Debug|x64
		{62460469-D850-3E2E-A0E9-22762F613AC7}.Debug|x64.Build.0 = Debug|x64
		{62460469-D850-3E2E-A0E9-22762F613AC7}.Release|x64.ActiveCfg = Release|x64
		{62460469-D850-3E2E-A0E9-22762F613AC7}.Release|x64.Build.0 = Release|x64
		{62460469-D850-3E2E-A0E9-22762F613AC7}.MinSizeRel|x64.ActiveCfg = MinSizeRel|x64
		{62460469-D850-3E2E-A0E9-22762F613AC7}.MinSizeRel|x64.Build.0 = MinSizeRel|x64
		{62460469-D850-3E2E-A0E9-22762F613AC7}.RelWithDebInfo|x64.ActiveCfg = RelWithDebInfo|x64
		{62460469-D850-3E2E-A0E9-22762F613AC7}.RelWithDebInfo|x64.Build.0 = RelWithDebInfo|x64
		{7318B48D-02DC-3537-A540-862EDA563199}.Debug|x64.ActiveCfg = Debug|x64
		{7318B48D-02DC-3537-A540-862EDA563199}.Debug|x64.Build.0 = Debug|x64
		{7318B48D-02DC-3537-A540-862EDA563199}.Release|x64.ActiveCfg = Release|x64
		{7318B48D-02DC-3537-A540-862EDA563199}.Release|x64.Build.0 = Release|x64
		{7318B48D-02DC-3537-A540-862EDA563199}.MinSizeRel|x64.ActiveCfg = MinSizeRel|x64
		{7318B48D-02DC-3537-A540-862EDA563199}.MinSizeRel|x64.Build.0 = MinSizeRel|x64
		{7318B48D-02DC-3537-A540-862EDA563199}.RelWithDebInfo|x64.ActiveCfg = RelWithDebInfo|x64
		{7318B48D-02DC-3537-A540-862EDA563199}.RelWithDebInfo|x64.Build.0 = RelWithDebInfo|x64
		{BCC202EB-43AE-344A-8DEF-DCF9726B285B}.Debug|x64.ActiveCfg = Debug|x64
		{BCC202EB-43AE-344A-8DEF-DCF9726B285B}.Debug|x64.Build.0 = Debug|x64
		{BCC202EB-43AE-344A-8DEF-DCF9726B285B}.Release|x64.ActiveCfg = Release|x64
		{BCC202EB-43AE-344A-8DEF-DCF9726B285B}.Release|x64.Build.0 = Release|x64
		{BCC202EB-43AE-344A-8DEF-DCF9726B285B}.MinSizeRel|x64.ActiveCfg = MinSizeRel|x64
		{BCC202EB-43AE-344A-8DEF-DCF9726B285B}.MinSizeRel|x64.Build.0 = MinSizeRel|x64
		{BCC202EB-43AE-344A-8DEF-DCF9726B285B}.RelWithDebInfo|x64.ActiveCfg = RelWithDebInfo|x64
		{BCC202EB-43AE-344A-8DEF-DCF9726B285B}.RelWithDebInfo|x64.Build.0 = RelWithDebInfo|x64
		{1300BAE6-5D52-377D-A246-047EB218891F}.Debug|x64.ActiveCfg = Debug|x64
		{1300BAE6-5D52-377D-A246-047EB218891F}.Debug|x64.Build.0 = Debug|x64
		{1300BAE6-5D52-377D-A246-047EB218891F}.Release|x64.ActiveCfg = Release|x64
		{1300BAE6-5D52-377D-A246-047EB218891F}.Release|x64.Build.0 = Release|x64
		{1300BAE6-5D52-377D-A246-047EB218891F}.MinSizeRel|x64.ActiveCfg = MinSizeRel|x64
		{1300BAE6-5D52-377D-A246-047EB218891F}.MinSizeRel|x64.Build.0 = MinSizeRel|x64
		{1300BAE6-5D52-377D-A246-047EB218891F}.RelWithDebInfo|x64.ActiveCfg = RelWithDebInfo|x64
		{1300BAE6-5D52-377D-A246-047EB218891F}.RelWithDebInfo|x64.Build.0 = RelWithDebInfo|x64
		{BBBBCB96-7A2E-3626-AF42-9052DAABF6DC}.Debug|x64.ActiveCfg = Debug|x64
		{BBBBCB96-7A2E-3626-AF42-9052DAABF6DC}.Debug|x64.Build.0 = Debug|x64
		{BBBBCB96-7A2E-3626-AF42-9052DAABF6DC}.Release|x64.ActiveCfg = Release|x64
		{BBBBCB96-7A2E-3626-AF42-9052DAABF6DC}.Release|x64.Build.0 = Release|x64
		{BBBBCB96-7A2E-3626-AF42-9052DAABF6DC}.MinSizeRel|x64.ActiveCfg = MinSizeRel|x64
		{BBBBCB96-7A2E-3626-AF42-9052DAABF6DC}.MinSizeRel|x64.Build.0 = MinSizeRel|x64
		{BBBBCB96-7A2E-3626-AF42-9052DAABF6DC}.RelWithDebInfo|x64.ActiveCfg = RelWithDebInfo|x64
		{BBBBCB96-7A2E-3626-AF42-9052DAABF6DC}.RelWithDebInfo|x64.Build.0 = RelWithDebInfo|x64
		{170173B3-D027-3C03-89A9-880DBB0C6D30}.Debug|x64.ActiveCfg = Debug|x64
		{170173B3-D027-3C03-89A9-880DBB0C6D30}.Debug|x64.Build.0 = Debug|x64
		{170173B3-D027-3C03-89A9-880DBB0C6D30}.Release|x64.ActiveCfg = Release|x64
		{170173B3-D027-3C03-89A9-880DBB0C6D30}.Release|x64.Build.0 = Release|x64
		{170173B3-D027-3C03-89A9-880DBB0C6D30}.MinSizeRel|x64.ActiveCfg = MinSizeRel|x64
		{170173B3-D027-3C03-89A9-880DBB0C6D30}.MinSizeRel|x64.Build.0 = MinSizeRel|x64
		{170173B3-D027-3C03-89A9-880DBB0C6D30}.RelWithDebInfo|x64.ActiveCfg = RelWithDebInfo|x64
		{170173B3-D027-3C03-89A9-880DBB0C6D30}.RelWithDebInfo|x64.Build.0 = RelWithDebInfo|x64
		{41B76232-8EEC-3E8D-881B-DEAE394803C3}.Debug|x64.ActiveCfg = Debug|x64
		{41B76232-8EEC-3E8D-881B-DEAE394803C3}.Debug|x64.Build.0 = Debug|x64
		{41B76232-8EEC-3E8D-881B-DEAE394803C3}.Release|x64.ActiveCfg = Release|x64
		{41B76232-8EEC-3E8D-881B-DEAE394803C3}.Release|x64.Build.0 = Release|x64
		{41B76232-8EEC-3E8D-881B-DEAE394803C3}.MinSizeRel|x64.ActiveCfg = MinSizeRel|x64
		{41B76232-8EEC-3E8D-881B-DEAE394803C3}.MinSizeRel|x64.Build.0 = MinSizeRel|x64
		{41B76232-8EEC-3E8D-881B-DEAE394803C3}.RelWithDebInfo|x64.ActiveCfg = RelWithDebInfo|x64
		{41B76232-8EEC-3E8D-881B-DEAE394803C3}.RelWithDebInfo|x64.Build.0 = RelWithDebInfo|x64
		{D46C43EC-E438-3465-99F5-BC04A208F7A9}.Debug|x64.ActiveCfg = Debug|x64
		{D46C43EC-E438-3465-99F5-BC04A208F7A9}.Debug|x64.Build.0 = Debug|x64
		{D46C43EC-E438-3465-99F5-BC04A208F7A9}.Release|x64.ActiveCfg = Release|x64
		{D46C43EC-E438-3465-99F5-BC04A208F7A9}.Release|x64.Build.0 = Release|x64
		{D46C43EC-E438-3465-99F5-BC04A208F7A9}.MinSizeRel|x64.ActiveCfg = MinSizeRel|x64
		{D46C43EC-E438-3465-99F5-BC04A208F7A9}.MinSizeRel|x64.Build.0 = MinSizeRel|x64
		{D46C43EC-E438-3465-99F5-BC04A208F7A9}.RelWithDebInfo|x64.ActiveCfg = RelWithDebInfo|x64
		{D46C43EC-E438-3465-99F5-BC04A208F7A9}.RelWithDebInfo|x64.Build.0 = RelWithDebInfo|x64
		{E576FA3A-8140-335D-9797-A2E6C2F4F33E}.Debug|x64.ActiveCfg = Debug|x64
		{E576FA3A-8140-335D-9797-A2E6C2F4F33E}.Debug|x64.Build.0 = Debug|x64
		{E576FA3A-8140-335D-9797-A2E6C2F4F33E}.Release|x64.ActiveCfg = Release|x64
		{E576FA3A-8140-335D-9797-A2E6C2F4F33E}.Release|x64.Build.0 = Release|x64
		{E576FA3A-8140-335D-9797-A2E6C2F4F33E}.MinSizeRel|x64.ActiveCfg = MinSizeRel|x64
		{E576FA3A-8140-335D-9797-A2E6C2F4F33E}.MinSizeRel|x64.Build.0 = MinSizeRel|x64
		{E576FA3A-8140-335D-9797-A2E6C2F4F33E}.RelWithDebInfo|x64.ActiveCfg = RelWithDebInfo|x64
		{E576FA3A-8140-335D-9797-A2E6C2F4F33E}.RelWithDebInfo|x64.Build.0 = RelWithDebInfo|x64
		{26A2337F-0975-30B8-8248-786C51E1477A}.Debug|x64.ActiveCfg = Debug|x64
		{26A2337F-0975-30B8-8248-786C51E1477A}.Debug|x64.Build.0 = Debug|x64
		{26A2337F-0975-30B8-8248-786C51E1477A}.Release|x64.ActiveCfg = Release|x64
		{26A2337F-0975-30B8-8248-786C51E1477A}.Release|x64.Build.0 = Release|x64
		{26A2337F-0975-30B8-8248-786C51E1477A}.MinSizeRel|x64.ActiveCfg = MinSizeRel|x64
		{26A2337F-0975-30B8-8248-786C51E1477A}.MinSizeRel|x64.Build.0 = MinSizeRel|x64
		{26A2337F-0975-30B8-8248-786C51E1477A}.RelWithDebInfo|x64.ActiveCfg = RelWithDebInfo|x64
		{26A2337F-0975-30B8-8248-786C51E1477A}.RelWithDebInfo|x64.Build.0 = RelWithDebInfo|x64
		{643108F3-FBAE-393B-AF66-F0D1093278AD}.Debug|x64.ActiveCfg = Debug|x64
		{643108F3-FBAE-393B-AF66-F0D1093278AD}.Debug|x64.Build.0 = Debug|x64
		{643108F3-FBAE-393B-AF66-F0D1093278AD}.Release|x64.ActiveCfg = Release|x64
		{643108F3-FBAE-393B-AF66-F0D1093278AD}.Release|x64.Build.0 = Release|x64
		{643108F3-FBAE-393B-AF66-F0D1093278AD}.MinSizeRel|x64.ActiveCfg = MinSizeRel|x64
		{643108F3-FBAE-393B-AF66-F0D1093278AD}.MinSizeRel|x64.Build.0 = MinSizeRel|x64
		{643108F3-FBAE-393B-AF66-F0D1093278AD}.RelWithDebInfo|x64.ActiveCfg = RelWithDebInfo|x64
		{643108F3-FBAE-393B-AF66-F0D1093278AD}.RelWithDebInfo|x64.Build.0 = RelWithDebInfo|x64
		{5600F283-4400-382C-84EB-AAD839603320}.Debug|x64.ActiveCfg = Debug|x64
		{5600F283-4400-382C-84EB-AAD839603320}.Debug|x64.Build.0 = Debug|x64
		{5600F283-4400-382C-84EB-AAD839603320}.Release|x64.ActiveCfg = Release|x64
		{5600F283-4400-382C-84EB-AAD839603320}.Release|x64.Build.0 = Release|x64
		{5600F283-4400-382C-84EB-AAD839603320}.MinSizeRel|x64.ActiveCfg = MinSizeRel|x64
		{5600F283-4400-382C-84EB-AAD839603320}.MinSizeRel|x64.Build.0 = MinSizeRel|x64
		{5600F283-4400-382C-84EB-AAD839603320}.RelWithDebInfo|x64.ActiveCfg = RelWithDebInfo|x64
		{5600F283-4400-382C-84EB-AAD839603320}.RelWithDebInfo|x64.Build.0 = RelWithDebInfo|x64
		{5768EC40-CDBC-333E-9457-CDE27E669591}.Debug|x64.ActiveCfg = Debug|x64
		{5768EC40-CDBC-333E-9457-CDE27E669591}.Debug|x64.Build.0 = Debug|x64
		{5768EC40-CDBC-333E-9457-CDE27E669591}.Release|x64.ActiveCfg = Release|x64
		{5768EC40-CDBC-333E-9457-CDE27E669591}.Release|x64.Build.0 = Release|x64
		{5768EC40-CDBC-333E-9457-CDE27E669591}.MinSizeRel|x64.ActiveCfg = MinSizeRel|x64
		{5768EC40-CDBC-333E-9457-CDE27E669591}.MinSizeRel|x64.Build.0 = MinSizeRel|x64
		{5768EC40-CDBC-333E-9457-CDE27E669591}.RelWithDebInfo|x64.ActiveCfg = RelWithDebInfo|x64
		{5768EC40-CDBC-333E-9457-CDE27E669591}.RelWithDebInfo|x64.Build.0 = RelWithDebInfo|x64
		{ABC7C41B-17B0-38CC-9010-24FD5D9AF14A}.Debug|x64.ActiveCfg = Debug|x64
		{ABC7C41B-17B0-38CC-9010-24FD5D9AF14A}.Debug|x64.Build.0 = Debug|x64
		{ABC7C41B-17B0-38CC-9010-24FD5D9AF14A}.Release|x64.ActiveCfg = Release|x64
		{ABC7C41B-17B0-38CC-9010-24FD5D9AF14A}.Release|x64.Build.0 = Release|x64
		{ABC7C41B-17B0-38CC-9010-24FD5D9AF14A}.MinSizeRel|x64.ActiveCfg = MinSizeRel|x64
		{ABC7C41B-17B0-38CC-9010-24FD5D9AF14A}.MinSizeRel|x64.Build.0 = MinSizeRel|x64
		{ABC7C41B-17B0-38CC-9010-24FD5D9AF14A}.RelWithDebInfo|x64.ActiveCfg = RelWithDebInfo|x64
		{ABC7C41B-17B0-38CC-9010-24FD5D9AF14A}.RelWithDebInfo|x64.Build.0 = RelWithDebInfo|x64
		{22B5DC16-5F36-310C-BB14-554ED38F82DF}.Debug|x64.ActiveCfg = Debug|x64
		{22B5DC16-5F36-310C-BB14-554ED38F82DF}.Release|x64.ActiveCfg = Release|x64
		{22B5DC16-5F36-310C-BB14-554ED38F82DF}.MinSizeRel|x64.ActiveCfg = MinSizeRel|x64
		{22B5DC16-5F36-310C-BB14-554ED38F82DF}.RelWithDebInfo|x64.ActiveCfg = RelWithDebInfo|x64
		{AFFE8721-A522-3D2B-822C-BF6CF405C0F9}.Debug|x64.ActiveCfg = Debug|x64
		{AFFE8721-A522-3D2B-822C-BF6CF405C0F9}.Debug|x64.Build.0 = Debug|x64
		{AFFE8721-A522-3D2B-822C-BF6CF405C0F9}.Release|x64.ActiveCfg = Release|x64
		{AFFE8721-A522-3D2B-822C-BF6CF405C0F9}.Release|x64.Build.0 = Release|x64
		{AFFE8721-A522-3D2B-822C-BF6CF405C0F9}.MinSizeRel|x64.ActiveCfg = MinSizeRel|x64
		{AFFE8721-A522-3D2B-822C-BF6CF405C0F9}.MinSizeRel|x64.Build.0 = MinSizeRel|x64
		{AFFE8721-A522-3D2B-822C-BF6CF405C0F9}.RelWithDebInfo|x64.ActiveCfg = RelWithDebInfo|x64
		{AFFE8721-A522-3D2B-822C-BF6CF405C0F9}.RelWithDebInfo|x64.Build.0 = RelWithDebInfo|x64
		{8312282C-6902-3475-ACCF-E6147DC6A9DB}.Debug|x64.ActiveCfg = Debug|x64
		{8312282C-6902-3475-ACCF-E6147DC6A9DB}.Debug|x64.Build.0 = Debug|x64
		{8312282C-6902-3475-ACCF-E6147DC6A9DB}.Release|x64.ActiveCfg = Release|x64
		{8312282C-6902-3475-ACCF-E6147DC6A9DB}.Release|x64.Build.0 = Release|x64
		{8312282C-6902-3475-ACCF-E6147DC6A9DB}.MinSizeRel|x64.ActiveCfg = MinSizeRel|x64
		{8312282C-6902-3475-ACCF-E6147DC6A9DB}.MinSizeRel|x64.Build.0 = MinSizeRel|x64
		{8312282C-6902-3475-ACCF-E6147DC6A9DB}.RelWithDebInfo|x64.ActiveCfg = RelWithDebInfo|x64
		{8312282C-6902-3475-ACCF-E6147DC6A9DB}.RelWithDebInfo|x64.Build.0 = RelWithDebInfo|x64
		{609CDD1B-F0DB-3D47-9D42-3BC814203F9D}.Debug|x64.ActiveCfg = Debug|x64
		{609CDD1B-F0DB-3D47-9D42-3BC814203F9D}.Debug|x64.Build.0 = Debug|x64
		{609CDD1B-F0DB-3D47-9D42-3BC814203F9D}.Release|x64.ActiveCfg = Release|x64
		{609CDD1B-F0DB-3D47-9D42-3BC814203F9D}.Release|x64.Build.0 = Release|x64
		{609CDD1B-F0DB-3D47-9D42-3BC814203F9D}.MinSizeRel|x64.ActiveCfg = MinSizeRel|x64
		{609CDD1B-F0DB-3D47-9D42-3BC814203F9D}.MinSizeRel|x64.Build.0 = MinSizeRel|x64
		{609CDD1B-F0DB-3D47-9D42-3BC814203F9D}.RelWithDebInfo|x64.ActiveCfg = RelWithDebInfo|x64
		{609CDD1B-F0DB-3D47-9D42-3BC814203F9D}.RelWithDebInfo|x64.Build.0 = RelWithDebInfo|x64
	EndGlobalSection
	GlobalSection(NestedProjects) = preSolution
		{45C941E5-5FA8-33B5-9B11-EE22481F9ACD} = {3AEAC071-C1FE-30EB-8EC2-13BE9CD126E9}
		{F866BF49-19C1-3CEA-B8CA-E19091C61223} = {3AEAC071-C1FE-30EB-8EC2-13BE9CD126E9}
		{A8A0E72F-4683-310B-843E-5B124FEFC962} = {3AEAC071-C1FE-30EB-8EC2-13BE9CD126E9}
		{EBFAA75C-DEBB-3DDC-A497-FDF8B0C7B200} = {1B47CF66-0A16-3A36-9C3C-FB7B625FC6FF}
		{00CD1482-8974-3A5A-AFB1-577C0A18CD31} = {1B47CF66-0A16-3A36-9C3C-FB7B625FC6FF}
		{E4E5C984-8217-3D31-9DFE-84E10BA3D812} = {1B47CF66-0A16-3A36-9C3C-FB7B625FC6FF}
		{22B5DC16-5F36-310C-BB14-554ED38F82DF} = {1B47CF66-0A16-3A36-9C3C-FB7B625FC6FF}
		{85E4F638-F6BB-3F7C-8947-5EEE1220399F} = {EBFAA75C-DEBB-3DDC-A497-FDF8B0C7B200}
		{B4846B1A-A7B0-326E-B9E9-91E86352010B} = {EBFAA75C-DEBB-3DDC-A497-FDF8B0C7B200}
		{75337D59-6585-31FB-9D89-53D9D7A4BBDA} = {EBFAA75C-DEBB-3DDC-A497-FDF8B0C7B200}
		{1300BAE6-5D52-377D-A246-047EB218891F} = {EBFAA75C-DEBB-3DDC-A497-FDF8B0C7B200}
		{BBBBCB96-7A2E-3626-AF42-9052DAABF6DC} = {EBFAA75C-DEBB-3DDC-A497-FDF8B0C7B200}
		{41B76232-8EEC-3E8D-881B-DEAE394803C3} = {EBFAA75C-DEBB-3DDC-A497-FDF8B0C7B200}
		{D46C43EC-E438-3465-99F5-BC04A208F7A9} = {EBFAA75C-DEBB-3DDC-A497-FDF8B0C7B200}
		{5768EC40-CDBC-333E-9457-CDE27E669591} = {EBFAA75C-DEBB-3DDC-A497-FDF8B0C7B200}
		{AFFE8721-A522-3D2B-822C-BF6CF405C0F9} = {EBFAA75C-DEBB-3DDC-A497-FDF8B0C7B200}
		{609CDD1B-F0DB-3D47-9D42-3BC814203F9D} = {EBFAA75C-DEBB-3DDC-A497-FDF8B0C7B200}
		{83F14AED-284B-34FB-85F7-340B9D8F332D} = {00CD1482-8974-3A5A-AFB1-577C0A18CD31}
		{18608225-420D-36E9-9C66-53A09EAA731F} = {00CD1482-8974-3A5A-AFB1-577C0A18CD31}
		{DC194ADB-3C58-33B6-AE4A-9D8AB7FC1925} = {00CD1482-8974-3A5A-AFB1-577C0A18CD31}
		{37C5A30C-D155-36D7-832B-9EFEE8EA7E93} = {00CD1482-8974-3A5A-AFB1-577C0A18CD31}
		{D47D49C5-723D-3481-B630-416C68CDB440} = {00CD1482-8974-3A5A-AFB1-577C0A18CD31}
		{390E2A47-8778-3B59-A42B-F41D40C4BFA4} = {00CD1482-8974-3A5A-AFB1-577C0A18CD31}
		{FD97B5B4-80CE-3C5B-8D17-B3453E35B241} = {00CD1482-8974-3A5A-AFB1-577C0A18CD31}
		{BD6DF50D-69E7-3D32-9878-3B93F7C6EC66} = {00CD1482-8974-3A5A-AFB1-577C0A18CD31}
		{B76A7134-8B6C-3787-AE3B-6614B974F028} = {00CD1482-8974-3A5A-AFB1-577C0A18CD31}
		{62460469-D850-3E2E-A0E9-22762F613AC7} = {00CD1482-8974-3A5A-AFB1-577C0A18CD31}
		{7318B48D-02DC-3537-A540-862EDA563199} = {00CD1482-8974-3A5A-AFB1-577C0A18CD31}
		{BCC202EB-43AE-344A-8DEF-DCF9726B285B} = {00CD1482-8974-3A5A-AFB1-577C0A18CD31}
		{170173B3-D027-3C03-89A9-880DBB0C6D30} = {00CD1482-8974-3A5A-AFB1-577C0A18CD31}
		{E576FA3A-8140-335D-9797-A2E6C2F4F33E} = {00CD1482-8974-3A5A-AFB1-577C0A18CD31}
		{26A2337F-0975-30B8-8248-786C51E1477A} = {00CD1482-8974-3A5A-AFB1-577C0A18CD31}
		{643108F3-FBAE-393B-AF66-F0D1093278AD} = {00CD1482-8974-3A5A-AFB1-577C0A18CD31}
		{5600F283-4400-382C-84EB-AAD839603320} = {00CD1482-8974-3A5A-AFB1-577C0A18CD31}
		{ABC7C41B-17B0-38CC-9010-24FD5D9AF14A} = {00CD1482-8974-3A5A-AFB1-577C0A18CD31}
		{8312282C-6902-3475-ACCF-E6147DC6A9DB} = {00CD1482-8974-3A5A-AFB1-577C0A18CD31}
	EndGlobalSection
	GlobalSection(ExtensibilityGlobals) = postSolution
		SolutionGuid = {7A3CF058-9FE9-36CF-B365-09549C5443D4}
	EndGlobalSection
	GlobalSection(ExtensibilityAddIns) = postSolution
	EndGlobalSection
EndGlobal
