<?xml version="1.0" encoding="utf-8"?>
<Project ToolsVersion="16.0" xmlns="http://schemas.microsoft.com/developer/msbuild/2003">
  <ItemGroup>
    <CustomBuild Include="C:\Users\lllll\Documents\GitHub\UniEngine\GLFW\CMakeFiles\52bbe4bdb81be4242265ca3b4413b5f0\uninstall.rule">
      <Filter>CMake Rules</Filter>
    </CustomBuild>
    <CustomBuild Include="C:\Users\lllll\Documents\GitHub\UniEngine\Submodules\glfw\CMakeLists.txt" />
  </ItemGroup>
  <ItemGroup>
    <None Include="C:\Users\lllll\Documents\GitHub\UniEngine\GLFW\CMakeFiles\uninstall" />
  </ItemGroup>
  <ItemGroup>
    <Filter Include="CMake Rules">
      <UniqueIdentifier>{7ACC7AE8-897A-3665-B0E2-1E32E50E72B1}</UniqueIdentifier>
    </Filter>
  </ItemGroup>
</Project>
