
Microsoft Visual Studio Solution File, Format Version 12.00
# Visual Studio 16
Project("{8BC9CEB8-8B4A-11D0-8D11-00A0C91BC942}") = "ALL_BUILD", "ALL_BUILD.vcxproj", "{E388F9C7-0CC1-321D-9914-2844AD094199}"
	ProjectSection(ProjectDependencies) = postProject
		{C92E7C6D-456D-3589-B185-94BB61423D58} = {C92E7C6D-456D-3589-B185-94BB61423D58}
		{569548E6-FF63-317E-9C98-C1E28AF98310} = {569548E6-FF63-317E-9C98-C1E28AF98310}
		{5C293CE8-19D3-3524-991D-7F738A422579} = {5C293CE8-19D3-3524-991D-7F738A422579}
	EndProjectSection
EndProject
Project("{8BC9CEB8-8B4A-11D0-8D11-00A0C91BC942}") = "INSTALL", "INSTALL.vcxproj", "{097EAF9F-A020-3981-977A-BD47DC6D8B33}"
	ProjectSection(ProjectDependencies) = postProject
		{E388F9C7-0CC1-321D-9914-2844AD094199} = {E388F9C7-0CC1-321D-9914-2844AD094199}
		{C92E7C6D-456D-3589-B185-94BB61423D58} = {C92E7C6D-456D-3589-B185-94BB61423D58}
	EndProjectSection
EndProject
Project("{8BC9CEB8-8B4A-11D0-8D11-00A0C91BC942}") = "ZERO_CHECK", "..\..\\ZERO_CHECK.vcxproj", "{C92E7C6D-456D-3589-B185-94BB61423D58}"
	ProjectSection(ProjectDependencies) = postProject
	EndProjectSection
EndProject
Project("{8BC9CEB8-8B4A-11D0-8D11-00A0C91BC942}") = "zlib", "zlib.vcxproj", "{569548E6-FF63-317E-9C98-C1E28AF98310}"
	ProjectSection(ProjectDependencies) = postProject
		{C92E7C6D-456D-3589-B185-94BB61423D58} = {C92E7C6D-456D-3589-B185-94BB61423D58}
	EndProjectSection
EndProject
Project("{8BC9CEB8-8B4A-11D0-8D11-00A0C91BC942}") = "zlibstatic", "zlibstatic.vcxproj", "{5C293CE8-19D3-3524-991D-7F738A422579}"
	ProjectSection(ProjectDependencies) = postProject
		{C92E7C6D-456D-3589-B185-94BB61423D58} = {C92E7C6D-456D-3589-B185-94BB61423D58}
	EndProjectSection
EndProject
Global
	GlobalSection(SolutionConfigurationPlatforms) = preSolution
		Debug|x64 = Debug|x64
		Release|x64 = Release|x64
		MinSizeRel|x64 = MinSizeRel|x64
		RelWithDebInfo|x64 = RelWithDebInfo|x64
	EndGlobalSection
	GlobalSection(ProjectConfigurationPlatforms) = postSolution
		{E388F9C7-0CC1-321D-9914-2844AD094199}.Debug|x64.ActiveCfg = Debug|x64
		{E388F9C7-0CC1-321D-9914-2844AD094199}.Debug|x64.Build.0 = Debug|x64
		{E388F9C7-0CC1-321D-9914-2844AD094199}.Release|x64.ActiveCfg = Release|x64
		{E388F9C7-0CC1-321D-9914-2844AD094199}.Release|x64.Build.0 = Release|x64
		{E388F9C7-0CC1-321D-9914-2844AD094199}.MinSizeRel|x64.ActiveCfg = MinSizeRel|x64
		{E388F9C7-0CC1-321D-9914-2844AD094199}.MinSizeRel|x64.Build.0 = MinSizeRel|x64
		{E388F9C7-0CC1-321D-9914-2844AD094199}.RelWithDebInfo|x64.ActiveCfg = RelWithDebInfo|x64
		{E388F9C7-0CC1-321D-9914-2844AD094199}.RelWithDebInfo|x64.Build.0 = RelWithDebInfo|x64
		{097EAF9F-A020-3981-977A-BD47DC6D8B33}.Debug|x64.ActiveCfg = Debug|x64
		{097EAF9F-A020-3981-977A-BD47DC6D8B33}.Release|x64.ActiveCfg = Release|x64
		{097EAF9F-A020-3981-977A-BD47DC6D8B33}.MinSizeRel|x64.ActiveCfg = MinSizeRel|x64
		{097EAF9F-A020-3981-977A-BD47DC6D8B33}.RelWithDebInfo|x64.ActiveCfg = RelWithDebInfo|x64
		{C92E7C6D-456D-3589-B185-94BB61423D58}.Debug|x64.ActiveCfg = Debug|x64
		{C92E7C6D-456D-3589-B185-94BB61423D58}.Debug|x64.Build.0 = Debug|x64
		{C92E7C6D-456D-3589-B185-94BB61423D58}.Release|x64.ActiveCfg = Release|x64
		{C92E7C6D-456D-3589-B185-94BB61423D58}.Release|x64.Build.0 = Release|x64
		{C92E7C6D-456D-3589-B185-94BB61423D58}.MinSizeRel|x64.ActiveCfg = MinSizeRel|x64
		{C92E7C6D-456D-3589-B185-94BB61423D58}.MinSizeRel|x64.Build.0 = MinSizeRel|x64
		{C92E7C6D-456D-3589-B185-94BB61423D58}.RelWithDebInfo|x64.ActiveCfg = RelWithDebInfo|x64
		{C92E7C6D-456D-3589-B185-94BB61423D58}.RelWithDebInfo|x64.Build.0 = RelWithDebInfo|x64
		{569548E6-FF63-317E-9C98-C1E28AF98310}.Debug|x64.ActiveCfg = Debug|x64
		{569548E6-FF63-317E-9C98-C1E28AF98310}.Debug|x64.Build.0 = Debug|x64
		{569548E6-FF63-317E-9C98-C1E28AF98310}.Release|x64.ActiveCfg = Release|x64
		{569548E6-FF63-317E-9C98-C1E28AF98310}.Release|x64.Build.0 = Release|x64
		{569548E6-FF63-317E-9C98-C1E28AF98310}.MinSizeRel|x64.ActiveCfg = MinSizeRel|x64
		{569548E6-FF63-317E-9C98-C1E28AF98310}.MinSizeRel|x64.Build.0 = MinSizeRel|x64
		{569548E6-FF63-317E-9C98-C1E28AF98310}.RelWithDebInfo|x64.ActiveCfg = RelWithDebInfo|x64
		{569548E6-FF63-317E-9C98-C1E28AF98310}.RelWithDebInfo|x64.Build.0 = RelWithDebInfo|x64
		{5C293CE8-19D3-3524-991D-7F738A422579}.Debug|x64.ActiveCfg = Debug|x64
		{5C293CE8-19D3-3524-991D-7F738A422579}.Debug|x64.Build.0 = Debug|x64
		{5C293CE8-19D3-3524-991D-7F738A422579}.Release|x64.ActiveCfg = Release|x64
		{5C293CE8-19D3-3524-991D-7F738A422579}.Release|x64.Build.0 = Release|x64
		{5C293CE8-19D3-3524-991D-7F738A422579}.MinSizeRel|x64.ActiveCfg = MinSizeRel|x64
		{5C293CE8-19D3-3524-991D-7F738A422579}.MinSizeRel|x64.Build.0 = MinSizeRel|x64
		{5C293CE8-19D3-3524-991D-7F738A422579}.RelWithDebInfo|x64.ActiveCfg = RelWithDebInfo|x64
		{5C293CE8-19D3-3524-991D-7F738A422579}.RelWithDebInfo|x64.Build.0 = RelWithDebInfo|x64
	EndGlobalSection
	GlobalSection(ExtensibilityGlobals) = postSolution
		SolutionGuid = {56C8FFE0-1BFD-36AD-ACE0-BF47AE54586F}
	EndGlobalSection
	GlobalSection(ExtensibilityAddIns) = postSolution
	EndGlobalSection
EndGlobal
