
Microsoft Visual Studio Solution File, Format Version 12.00
# Visual Studio 16
Project("{8BC9CEB8-8B4A-11D0-8D11-00A0C91BC942}") = "ALL_BUILD", "ALL_BUILD.vcxproj", "{E388F9C7-0CC1-321D-9914-2844AD094199}"
	ProjectSection(ProjectDependencies) = postProject
		{3F8E9F7D-3C34-3A1F-A47F-2195DFA7C188} = {3F8E9F7D-3C34-3A1F-A47F-2195DFA7C188}
		{C92E7C6D-456D-3589-B185-94BB61423D58} = {C92E7C6D-456D-3589-B185-94BB61423D58}
		{250B6178-3155-3BF9-A142-A3BA6DBFF3E0} = {250B6178-3155-3BF9-A142-A3BA6DBFF3E0}
		{38EA0130-3648-322D-960F-AA258E6F4EF9} = {38EA0130-3648-322D-960F-AA258E6F4EF9}
		{2E32EAF0-50D9-3A04-9556-0A8041B3BC80} = {2E32EAF0-50D9-3A04-9556-0A8041B3BC80}
		{569548E6-FF63-317E-9C98-C1E28AF98310} = {569548E6-FF63-317E-9C98-C1E28AF98310}
		{5C293CE8-19D3-3524-991D-7F738A422579} = {5C293CE8-19D3-3524-991D-7F738A422579}
	EndProjectSection
EndProject
Project("{8BC9CEB8-8B4A-11D0-8D11-00A0C91BC942}") = "INSTALL", "INSTALL.vcxproj", "{097EAF9F-A020-3981-977A-BD47DC6D8B33}"
	ProjectSection(ProjectDependencies) = postProject
		{E388F9C7-0CC1-321D-9914-2844AD094199} = {E388F9C7-0CC1-321D-9914-2844AD094199}
		{C92E7C6D-456D-3589-B185-94BB61423D58} = {C92E7C6D-456D-3589-B185-94BB61423D58}
	EndProjectSection
EndProject
Project("{8BC9CEB8-8B4A-11D0-8D11-00A0C91BC942}") = "IrrXML", "contrib\irrXML\IrrXML.vcxproj", "{3F8E9F7D-3C34-3A1F-A47F-2195DFA7C188}"
	ProjectSection(ProjectDependencies) = postProject
		{C92E7C6D-456D-3589-B185-94BB61423D58} = {C92E7C6D-456D-3589-B185-94BB61423D58}
	EndProjectSection
EndProject
Project("{8BC9CEB8-8B4A-11D0-8D11-00A0C91BC942}") = "UpdateAssimpLibsDebugSymbolsAndDLLs", "UpdateAssimpLibsDebugSymbolsAndDLLs.vcxproj", "{0AB82A53-2443-3133-8EAB-CB3F7C9FDB21}"
	ProjectSection(ProjectDependencies) = postProject
		{C92E7C6D-456D-3589-B185-94BB61423D58} = {C92E7C6D-456D-3589-B185-94BB61423D58}
	EndProjectSection
EndProject
Project("{8BC9CEB8-8B4A-11D0-8D11-00A0C91BC942}") = "ZERO_CHECK", "ZERO_CHECK.vcxproj", "{C92E7C6D-456D-3589-B185-94BB61423D58}"
	ProjectSection(ProjectDependencies) = postProject
	EndProjectSection
EndProject
Project("{8BC9CEB8-8B4A-11D0-8D11-00A0C91BC942}") = "assimp", "code\assimp.vcxproj", "{250B6178-3155-3BF9-A142-A3BA6DBFF3E0}"
	ProjectSection(ProjectDependencies) = postProject
		{3F8E9F7D-3C34-3A1F-A47F-2195DFA7C188} = {3F8E9F7D-3C34-3A1F-A47F-2195DFA7C188}
		{C92E7C6D-456D-3589-B185-94BB61423D58} = {C92E7C6D-456D-3589-B185-94BB61423D58}
		{5C293CE8-19D3-3524-991D-7F738A422579} = {5C293CE8-19D3-3524-991D-7F738A422579}
	EndProjectSection
EndProject
Project("{8BC9CEB8-8B4A-11D0-8D11-00A0C91BC942}") = "assimp_cmd", "tools\assimp_cmd\assimp_cmd.vcxproj", "{38EA0130-3648-322D-960F-AA258E6F4EF9}"
	ProjectSection(ProjectDependencies) = postProject
		{3F8E9F7D-3C34-3A1F-A47F-2195DFA7C188} = {3F8E9F7D-3C34-3A1F-A47F-2195DFA7C188}
		{C92E7C6D-456D-3589-B185-94BB61423D58} = {C92E7C6D-456D-3589-B185-94BB61423D58}
		{250B6178-3155-3BF9-A142-A3BA6DBFF3E0} = {250B6178-3155-3BF9-A142-A3BA6DBFF3E0}
		{5C293CE8-19D3-3524-991D-7F738A422579} = {5C293CE8-19D3-3524-991D-7F738A422579}
	EndProjectSection
EndProject
Project("{8BC9CEB8-8B4A-11D0-8D11-00A0C91BC942}") = "uninstall", "uninstall.vcxproj", "{0AF7D32A-9F6B-3F3F-BA80-C3163DCF7943}"
	ProjectSection(ProjectDependencies) = postProject
		{C92E7C6D-456D-3589-B185-94BB61423D58} = {C92E7C6D-456D-3589-B185-94BB61423D58}
	EndProjectSection
EndProject
Project("{8BC9CEB8-8B4A-11D0-8D11-00A0C91BC942}") = "unit", "test\unit.vcxproj", "{2E32EAF0-50D9-3A04-9556-0A8041B3BC80}"
	ProjectSection(ProjectDependencies) = postProject
		{3F8E9F7D-3C34-3A1F-A47F-2195DFA7C188} = {3F8E9F7D-3C34-3A1F-A47F-2195DFA7C188}
		{C92E7C6D-456D-3589-B185-94BB61423D58} = {C92E7C6D-456D-3589-B185-94BB61423D58}
		{250B6178-3155-3BF9-A142-A3BA6DBFF3E0} = {250B6178-3155-3BF9-A142-A3BA6DBFF3E0}
		{5C293CE8-19D3-3524-991D-7F738A422579} = {5C293CE8-19D3-3524-991D-7F738A422579}
	EndProjectSection
EndProject
Project("{8BC9CEB8-8B4A-11D0-8D11-00A0C91BC942}") = "zlib", "contrib\zlib\zlib.vcxproj", "{569548E6-FF63-317E-9C98-C1E28AF98310}"
	ProjectSection(ProjectDependencies) = postProject
		{C92E7C6D-456D-3589-B185-94BB61423D58} = {C92E7C6D-456D-3589-B185-94BB61423D58}
	EndProjectSection
EndProject
Project("{8BC9CEB8-8B4A-11D0-8D11-00A0C91BC942}") = "zlibstatic", "contrib\zlib\zlibstatic.vcxproj", "{5C293CE8-19D3-3524-991D-7F738A422579}"
	ProjectSection(ProjectDependencies) = postProject
		{C92E7C6D-456D-3589-B185-94BB61423D58} = {C92E7C6D-456D-3589-B185-94BB61423D58}
	EndProjectSection
EndProject
Global
	GlobalSection(SolutionConfigurationPlatforms) = preSolution
		Debug|x64 = Debug|x64
		Release|x64 = Release|x64
		MinSizeRel|x64 = MinSizeRel|x64
		RelWithDebInfo|x64 = RelWithDebInfo|x64
	EndGlobalSection
	GlobalSection(ProjectConfigurationPlatforms) = postSolution
		{E388F9C7-0CC1-321D-9914-2844AD094199}.Debug|x64.ActiveCfg = Debug|x64
		{E388F9C7-0CC1-321D-9914-2844AD094199}.Debug|x64.Build.0 = Debug|x64
		{E388F9C7-0CC1-321D-9914-2844AD094199}.Release|x64.ActiveCfg = Release|x64
		{E388F9C7-0CC1-321D-9914-2844AD094199}.Release|x64.Build.0 = Release|x64
		{E388F9C7-0CC1-321D-9914-2844AD094199}.MinSizeRel|x64.ActiveCfg = MinSizeRel|x64
		{E388F9C7-0CC1-321D-9914-2844AD094199}.MinSizeRel|x64.Build.0 = MinSizeRel|x64
		{E388F9C7-0CC1-321D-9914-2844AD094199}.RelWithDebInfo|x64.ActiveCfg = RelWithDebInfo|x64
		{E388F9C7-0CC1-321D-9914-2844AD094199}.RelWithDebInfo|x64.Build.0 = RelWithDebInfo|x64
		{097EAF9F-A020-3981-977A-BD47DC6D8B33}.Debug|x64.ActiveCfg = Debug|x64
		{097EAF9F-A020-3981-977A-BD47DC6D8B33}.Release|x64.ActiveCfg = Release|x64
		{097EAF9F-A020-3981-977A-BD47DC6D8B33}.MinSizeRel|x64.ActiveCfg = MinSizeRel|x64
		{097EAF9F-A020-3981-977A-BD47DC6D8B33}.RelWithDebInfo|x64.ActiveCfg = RelWithDebInfo|x64
		{3F8E9F7D-3C34-3A1F-A47F-2195DFA7C188}.Debug|x64.ActiveCfg = Debug|x64
		{3F8E9F7D-3C34-3A1F-A47F-2195DFA7C188}.Debug|x64.Build.0 = Debug|x64
		{3F8E9F7D-3C34-3A1F-A47F-2195DFA7C188}.Release|x64.ActiveCfg = Release|x64
		{3F8E9F7D-3C34-3A1F-A47F-2195DFA7C188}.Release|x64.Build.0 = Release|x64
		{3F8E9F7D-3C34-3A1F-A47F-2195DFA7C188}.MinSizeRel|x64.ActiveCfg = MinSizeRel|x64
		{3F8E9F7D-3C34-3A1F-A47F-2195DFA7C188}.MinSizeRel|x64.Build.0 = MinSizeRel|x64
		{3F8E9F7D-3C34-3A1F-A47F-2195DFA7C188}.RelWithDebInfo|x64.ActiveCfg = RelWithDebInfo|x64
		{3F8E9F7D-3C34-3A1F-A47F-2195DFA7C188}.RelWithDebInfo|x64.Build.0 = RelWithDebInfo|x64
		{0AB82A53-2443-3133-8EAB-CB3F7C9FDB21}.Debug|x64.ActiveCfg = Debug|x64
		{0AB82A53-2443-3133-8EAB-CB3F7C9FDB21}.Release|x64.ActiveCfg = Release|x64
		{0AB82A53-2443-3133-8EAB-CB3F7C9FDB21}.MinSizeRel|x64.ActiveCfg = MinSizeRel|x64
		{0AB82A53-2443-3133-8EAB-CB3F7C9FDB21}.RelWithDebInfo|x64.ActiveCfg = RelWithDebInfo|x64
		{C92E7C6D-456D-3589-B185-94BB61423D58}.Debug|x64.ActiveCfg = Debug|x64
		{C92E7C6D-456D-3589-B185-94BB61423D58}.Debug|x64.Build.0 = Debug|x64
		{C92E7C6D-456D-3589-B185-94BB61423D58}.Release|x64.ActiveCfg = Release|x64
		{C92E7C6D-456D-3589-B185-94BB61423D58}.Release|x64.Build.0 = Release|x64
		{C92E7C6D-456D-3589-B185-94BB61423D58}.MinSizeRel|x64.ActiveCfg = MinSizeRel|x64
		{C92E7C6D-456D-3589-B185-94BB61423D58}.MinSizeRel|x64.Build.0 = MinSizeRel|x64
		{C92E7C6D-456D-3589-B185-94BB61423D58}.RelWithDebInfo|x64.ActiveCfg = RelWithDebInfo|x64
		{C92E7C6D-456D-3589-B185-94BB61423D58}.RelWithDebInfo|x64.Build.0 = RelWithDebInfo|x64
		{250B6178-3155-3BF9-A142-A3BA6DBFF3E0}.Debug|x64.ActiveCfg = Debug|x64
		{250B6178-3155-3BF9-A142-A3BA6DBFF3E0}.Debug|x64.Build.0 = Debug|x64
		{250B6178-3155-3BF9-A142-A3BA6DBFF3E0}.Release|x64.ActiveCfg = Release|x64
		{250B6178-3155-3BF9-A142-A3BA6DBFF3E0}.Release|x64.Build.0 = Release|x64
		{250B6178-3155-3BF9-A142-A3BA6DBFF3E0}.MinSizeRel|x64.ActiveCfg = MinSizeRel|x64
		{250B6178-3155-3BF9-A142-A3BA6DBFF3E0}.MinSizeRel|x64.Build.0 = MinSizeRel|x64
		{250B6178-3155-3BF9-A142-A3BA6DBFF3E0}.RelWithDebInfo|x64.ActiveCfg = RelWithDebInfo|x64
		{250B6178-3155-3BF9-A142-A3BA6DBFF3E0}.RelWithDebInfo|x64.Build.0 = RelWithDebInfo|x64
		{38EA0130-3648-322D-960F-AA258E6F4EF9}.Debug|x64.ActiveCfg = Debug|x64
		{38EA0130-3648-322D-960F-AA258E6F4EF9}.Debug|x64.Build.0 = Debug|x64
		{38EA0130-3648-322D-960F-AA258E6F4EF9}.Release|x64.ActiveCfg = Release|x64
		{38EA0130-3648-322D-960F-AA258E6F4EF9}.Release|x64.Build.0 = Release|x64
		{38EA0130-3648-322D-960F-AA258E6F4EF9}.MinSizeRel|x64.ActiveCfg = MinSizeRel|x64
		{38EA0130-3648-322D-960F-AA258E6F4EF9}.MinSizeRel|x64.Build.0 = MinSizeRel|x64
		{38EA0130-3648-322D-960F-AA258E6F4EF9}.RelWithDebInfo|x64.ActiveCfg = RelWithDebInfo|x64
		{38EA0130-3648-322D-960F-AA258E6F4EF9}.RelWithDebInfo|x64.Build.0 = RelWithDebInfo|x64
		{0AF7D32A-9F6B-3F3F-BA80-C3163DCF7943}.Debug|x64.ActiveCfg = Debug|x64
		{0AF7D32A-9F6B-3F3F-BA80-C3163DCF7943}.Release|x64.ActiveCfg = Release|x64
		{0AF7D32A-9F6B-3F3F-BA80-C3163DCF7943}.MinSizeRel|x64.ActiveCfg = MinSizeRel|x64
		{0AF7D32A-9F6B-3F3F-BA80-C3163DCF7943}.RelWithDebInfo|x64.ActiveCfg = RelWithDebInfo|x64
		{2E32EAF0-50D9-3A04-9556-0A8041B3BC80}.Debug|x64.ActiveCfg = Debug|x64
		{2E32EAF0-50D9-3A04-9556-0A8041B3BC80}.Debug|x64.Build.0 = Debug|x64
		{2E32EAF0-50D9-3A04-9556-0A8041B3BC80}.Release|x64.ActiveCfg = Release|x64
		{2E32EAF0-50D9-3A04-9556-0A8041B3BC80}.Release|x64.Build.0 = Release|x64
		{2E32EAF0-50D9-3A04-9556-0A8041B3BC80}.MinSizeRel|x64.ActiveCfg = MinSizeRel|x64
		{2E32EAF0-50D9-3A04-9556-0A8041B3BC80}.MinSizeRel|x64.Build.0 = MinSizeRel|x64
		{2E32EAF0-50D9-3A04-9556-0A8041B3BC80}.RelWithDebInfo|x64.ActiveCfg = RelWithDebInfo|x64
		{2E32EAF0-50D9-3A04-9556-0A8041B3BC80}.RelWithDebInfo|x64.Build.0 = RelWithDebInfo|x64
		{569548E6-FF63-317E-9C98-C1E28AF98310}.Debug|x64.ActiveCfg = Debug|x64
		{569548E6-FF63-317E-9C98-C1E28AF98310}.Debug|x64.Build.0 = Debug|x64
		{569548E6-FF63-317E-9C98-C1E28AF98310}.Release|x64.ActiveCfg = Release|x64
		{569548E6-FF63-317E-9C98-C1E28AF98310}.Release|x64.Build.0 = Release|x64
		{569548E6-FF63-317E-9C98-C1E28AF98310}.MinSizeRel|x64.ActiveCfg = MinSizeRel|x64
		{569548E6-FF63-317E-9C98-C1E28AF98310}.MinSizeRel|x64.Build.0 = MinSizeRel|x64
		{569548E6-FF63-317E-9C98-C1E28AF98310}.RelWithDebInfo|x64.ActiveCfg = RelWithDebInfo|x64
		{569548E6-FF63-317E-9C98-C1E28AF98310}.RelWithDebInfo|x64.Build.0 = RelWithDebInfo|x64
		{5C293CE8-19D3-3524-991D-7F738A422579}.Debug|x64.ActiveCfg = Debug|x64
		{5C293CE8-19D3-3524-991D-7F738A422579}.Debug|x64.Build.0 = Debug|x64
		{5C293CE8-19D3-3524-991D-7F738A422579}.Release|x64.ActiveCfg = Release|x64
		{5C293CE8-19D3-3524-991D-7F738A422579}.Release|x64.Build.0 = Release|x64
		{5C293CE8-19D3-3524-991D-7F738A422579}.MinSizeRel|x64.ActiveCfg = MinSizeRel|x64
		{5C293CE8-19D3-3524-991D-7F738A422579}.MinSizeRel|x64.Build.0 = MinSizeRel|x64
		{5C293CE8-19D3-3524-991D-7F738A422579}.RelWithDebInfo|x64.ActiveCfg = RelWithDebInfo|x64
		{5C293CE8-19D3-3524-991D-7F738A422579}.RelWithDebInfo|x64.Build.0 = RelWithDebInfo|x64
	EndGlobalSection
	GlobalSection(ExtensibilityGlobals) = postSolution
		SolutionGuid = {65AEB334-06C8-308F-BD4C-FC47D33CEBBC}
	EndGlobalSection
	GlobalSection(ExtensibilityAddIns) = postSolution
	EndGlobalSection
EndGlobal
