
Microsoft Visual Studio Solution File, Format Version 12.00
# Visual Studio 16
Project("{2150E333-8FDC-42A3-9474-1A3956D46DE8}") = "CMakePredefinedTargets", "CMakePredefinedTargets", "{2B225E8A-9226-393F-8D0C-A4B823D1654C}"
EndProject
Project("{2150E333-8FDC-42A3-9474-1A3956D46DE8}") = "GLFW3", "GLFW3", "{EE00F2ED-B013-3A20-8936-E9BD619A26B4}"
EndProject
Project("{2150E333-8FDC-42A3-9474-1A3956D46DE8}") = "Examples", "GLFW3\Examples", "{914C240A-B0B8-36A1-9B97-21084273DE32}"
EndProject
Project("{2150E333-8FDC-42A3-9474-1A3956D46DE8}") = "Tests", "GLFW3\Tests", "{4E24B388-B769-3486-BD5C-4BD6CEF18AAA}"
EndProject
Project("{8BC9CEB8-8B4A-11D0-8D11-00A0C91BC942}") = "ALL_BUILD", "ALL_BUILD.vcxproj", "{336C6492-8245-3115-8A32-65461CBC64E7}"
	ProjectSection(ProjectDependencies) = postProject
		{F811D80F-6BF0-38F4-8D32-7DA724221072} = {F811D80F-6BF0-38F4-8D32-7DA724221072}
		{47D6C52C-2970-300C-B063-441DCF5D747F} = {47D6C52C-2970-300C-B063-441DCF5D747F}
		{E6EBF773-2E8D-3B3B-87C4-8180CD9B85F9} = {E6EBF773-2E8D-3B3B-87C4-8180CD9B85F9}
		{722E96EC-62B0-3E0E-BA99-F707FD70E349} = {722E96EC-62B0-3E0E-BA99-F707FD70E349}
		{CE345CAD-7744-343D-85EA-7DFAD170491C} = {CE345CAD-7744-343D-85EA-7DFAD170491C}
		{DCC461D7-C1F2-3F96-A73F-5CE0E07B1463} = {DCC461D7-C1F2-3F96-A73F-5CE0E07B1463}
		{703E94B8-4138-356F-9D51-AA4A576D91F6} = {703E94B8-4138-356F-9D51-AA4A576D91F6}
		{85BADB90-3D63-3F67-AF8E-E799E9B67D3E} = {85BADB90-3D63-3F67-AF8E-E799E9B67D3E}
		{754182EE-9FF2-32C9-A93B-D83A5D172C41} = {754182EE-9FF2-32C9-A93B-D83A5D172C41}
		{59C37D7F-988B-38E1-965F-5DBE48F9C5BE} = {59C37D7F-988B-38E1-965F-5DBE48F9C5BE}
		{6C3B39E8-8CA4-34D8-8555-350E3CE38879} = {6C3B39E8-8CA4-34D8-8555-350E3CE38879}
		{DF80B708-A1FA-3D8F-8B37-7625DF931883} = {DF80B708-A1FA-3D8F-8B37-7625DF931883}
		{3C70B621-D53A-358A-A640-1DC038EACDE8} = {3C70B621-D53A-358A-A640-1DC038EACDE8}
		{75314E67-FF70-386F-9CA2-E38B451FC130} = {75314E67-FF70-386F-9CA2-E38B451FC130}
		{9F2D5128-277B-315B-88C7-B1F15C7A00B8} = {9F2D5128-277B-315B-88C7-B1F15C7A00B8}
		{DF6715D0-1B95-309E-BA4B-61C8CA122D26} = {DF6715D0-1B95-309E-BA4B-61C8CA122D26}
		{9B7FA6D9-6E95-3F34-91E3-5DA656B3A088} = {9B7FA6D9-6E95-3F34-91E3-5DA656B3A088}
		{E7756EBA-1331-3E93-A270-FE5ABE111B01} = {E7756EBA-1331-3E93-A270-FE5ABE111B01}
		{1A75EB1C-34B7-35CA-A982-BAD0273D8BFD} = {1A75EB1C-34B7-35CA-A982-BAD0273D8BFD}
		{BE808F11-4D8F-3063-9CA4-97C13D1A7528} = {BE808F11-4D8F-3063-9CA4-97C13D1A7528}
		{6D493A9A-F73E-36BC-B490-3529630C19EC} = {6D493A9A-F73E-36BC-B490-3529630C19EC}
		{B4A9DDA7-24BA-36AD-8231-D1232A937338} = {B4A9DDA7-24BA-36AD-8231-D1232A937338}
		{E0CA88A4-27CB-3E70-9CCB-48F6D4A001D5} = {E0CA88A4-27CB-3E70-9CCB-48F6D4A001D5}
		{26CCE807-4FD4-387A-9173-B3E6AA761B8F} = {26CCE807-4FD4-387A-9173-B3E6AA761B8F}
		{5DB80C44-A25A-3502-B62B-04CC4D8E1F64} = {5DB80C44-A25A-3502-B62B-04CC4D8E1F64}
		{0BAC7AE9-75DD-3F7D-A42B-6C869FB14130} = {0BAC7AE9-75DD-3F7D-A42B-6C869FB14130}
		{6D133E4B-B2CB-3C98-A681-85ED9959CB33} = {6D133E4B-B2CB-3C98-A681-85ED9959CB33}
		{A78075AE-1B38-3315-B60F-99B934224F23} = {A78075AE-1B38-3315-B60F-99B934224F23}
		{102DD62E-3432-3CE8-B3A3-B2F2FC3EBBD6} = {102DD62E-3432-3CE8-B3A3-B2F2FC3EBBD6}
		{0B4AF860-F5AC-3316-B274-D2766B53790B} = {0B4AF860-F5AC-3316-B274-D2766B53790B}
		{6CBD4AB0-B79F-37C2-A193-CB5CA989BC17} = {6CBD4AB0-B79F-37C2-A193-CB5CA989BC17}
	EndProjectSection
EndProject
Project("{8BC9CEB8-8B4A-11D0-8D11-00A0C91BC942}") = "INSTALL", "INSTALL.vcxproj", "{E2BB1290-3DE6-39C3-B977-C1B387A94BCB}"
	ProjectSection(ProjectDependencies) = postProject
		{336C6492-8245-3115-8A32-65461CBC64E7} = {336C6492-8245-3115-8A32-65461CBC64E7}
		{F811D80F-6BF0-38F4-8D32-7DA724221072} = {F811D80F-6BF0-38F4-8D32-7DA724221072}
	EndProjectSection
EndProject
Project("{8BC9CEB8-8B4A-11D0-8D11-00A0C91BC942}") = "ZERO_CHECK", "ZERO_CHECK.vcxproj", "{F811D80F-6BF0-38F4-8D32-7DA724221072}"
	ProjectSection(ProjectDependencies) = postProject
	EndProjectSection
EndProject
Project("{8BC9CEB8-8B4A-11D0-8D11-00A0C91BC942}") = "boing", "examples\boing.vcxproj", "{47D6C52C-2970-300C-B063-441DCF5D747F}"
	ProjectSection(ProjectDependencies) = postProject
		{F811D80F-6BF0-38F4-8D32-7DA724221072} = {F811D80F-6BF0-38F4-8D32-7DA724221072}
		{754182EE-9FF2-32C9-A93B-D83A5D172C41} = {754182EE-9FF2-32C9-A93B-D83A5D172C41}
	EndProjectSection
EndProject
Project("{8BC9CEB8-8B4A-11D0-8D11-00A0C91BC942}") = "clipboard", "tests\clipboard.vcxproj", "{E6EBF773-2E8D-3B3B-87C4-8180CD9B85F9}"
	ProjectSection(ProjectDependencies) = postProject
		{F811D80F-6BF0-38F4-8D32-7DA724221072} = {F811D80F-6BF0-38F4-8D32-7DA724221072}
		{754182EE-9FF2-32C9-A93B-D83A5D172C41} = {754182EE-9FF2-32C9-A93B-D83A5D172C41}
	EndProjectSection
EndProject
Project("{8BC9CEB8-8B4A-11D0-8D11-00A0C91BC942}") = "cursor", "tests\cursor.vcxproj", "{722E96EC-62B0-3E0E-BA99-F707FD70E349}"
	ProjectSection(ProjectDependencies) = postProject
		{F811D80F-6BF0-38F4-8D32-7DA724221072} = {F811D80F-6BF0-38F4-8D32-7DA724221072}
		{754182EE-9FF2-32C9-A93B-D83A5D172C41} = {754182EE-9FF2-32C9-A93B-D83A5D172C41}
	EndProjectSection
EndProject
Project("{8BC9CEB8-8B4A-11D0-8D11-00A0C91BC942}") = "empty", "tests\empty.vcxproj", "{CE345CAD-7744-343D-85EA-7DFAD170491C}"
	ProjectSection(ProjectDependencies) = postProject
		{F811D80F-6BF0-38F4-8D32-7DA724221072} = {F811D80F-6BF0-38F4-8D32-7DA724221072}
		{754182EE-9FF2-32C9-A93B-D83A5D172C41} = {754182EE-9FF2-32C9-A93B-D83A5D172C41}
	EndProjectSection
EndProject
Project("{8BC9CEB8-8B4A-11D0-8D11-00A0C91BC942}") = "events", "tests\events.vcxproj", "{DCC461D7-C1F2-3F96-A73F-5CE0E07B1463}"
	ProjectSection(ProjectDependencies) = postProject
		{F811D80F-6BF0-38F4-8D32-7DA724221072} = {F811D80F-6BF0-38F4-8D32-7DA724221072}
		{754182EE-9FF2-32C9-A93B-D83A5D172C41} = {754182EE-9FF2-32C9-A93B-D83A5D172C41}
	EndProjectSection
EndProject
Project("{8BC9CEB8-8B4A-11D0-8D11-00A0C91BC942}") = "gamma", "tests\gamma.vcxproj", "{703E94B8-4138-356F-9D51-AA4A576D91F6}"
	ProjectSection(ProjectDependencies) = postProject
		{F811D80F-6BF0-38F4-8D32-7DA724221072} = {F811D80F-6BF0-38F4-8D32-7DA724221072}
		{754182EE-9FF2-32C9-A93B-D83A5D172C41} = {754182EE-9FF2-32C9-A93B-D83A5D172C41}
	EndProjectSection
EndProject
Project("{8BC9CEB8-8B4A-11D0-8D11-00A0C91BC942}") = "gears", "examples\gears.vcxproj", "{85BADB90-3D63-3F67-AF8E-E799E9B67D3E}"
	ProjectSection(ProjectDependencies) = postProject
		{F811D80F-6BF0-38F4-8D32-7DA724221072} = {F811D80F-6BF0-38F4-8D32-7DA724221072}
		{754182EE-9FF2-32C9-A93B-D83A5D172C41} = {754182EE-9FF2-32C9-A93B-D83A5D172C41}
	EndProjectSection
EndProject
Project("{8BC9CEB8-8B4A-11D0-8D11-00A0C91BC942}") = "glfw", "src\glfw.vcxproj", "{754182EE-9FF2-32C9-A93B-D83A5D172C41}"
	ProjectSection(ProjectDependencies) = postProject
		{F811D80F-6BF0-38F4-8D32-7DA724221072} = {F811D80F-6BF0-38F4-8D32-7DA724221072}
	EndProjectSection
EndProject
Project("{8BC9CEB8-8B4A-11D0-8D11-00A0C91BC942}") = "glfwinfo", "tests\glfwinfo.vcxproj", "{59C37D7F-988B-38E1-965F-5DBE48F9C5BE}"
	ProjectSection(ProjectDependencies) = postProject
		{F811D80F-6BF0-38F4-8D32-7DA724221072} = {F811D80F-6BF0-38F4-8D32-7DA724221072}
		{754182EE-9FF2-32C9-A93B-D83A5D172C41} = {754182EE-9FF2-32C9-A93B-D83A5D172C41}
	EndProjectSection
EndProject
Project("{8BC9CEB8-8B4A-11D0-8D11-00A0C91BC942}") = "heightmap", "examples\heightmap.vcxproj", "{6C3B39E8-8CA4-34D8-8555-350E3CE38879}"
	ProjectSection(ProjectDependencies) = postProject
		{F811D80F-6BF0-38F4-8D32-7DA724221072} = {F811D80F-6BF0-38F4-8D32-7DA724221072}
		{754182EE-9FF2-32C9-A93B-D83A5D172C41} = {754182EE-9FF2-32C9-A93B-D83A5D172C41}
	EndProjectSection
EndProject
Project("{8BC9CEB8-8B4A-11D0-8D11-00A0C91BC942}") = "icon", "tests\icon.vcxproj", "{DF80B708-A1FA-3D8F-8B37-7625DF931883}"
	ProjectSection(ProjectDependencies) = postProject
		{F811D80F-6BF0-38F4-8D32-7DA724221072} = {F811D80F-6BF0-38F4-8D32-7DA724221072}
		{754182EE-9FF2-32C9-A93B-D83A5D172C41} = {754182EE-9FF2-32C9-A93B-D83A5D172C41}
	EndProjectSection
EndProject
Project("{8BC9CEB8-8B4A-11D0-8D11-00A0C91BC942}") = "iconify", "tests\iconify.vcxproj", "{3C70B621-D53A-358A-A640-1DC038EACDE8}"
	ProjectSection(ProjectDependencies) = postProject
		{F811D80F-6BF0-38F4-8D32-7DA724221072} = {F811D80F-6BF0-38F4-8D32-7DA724221072}
		{754182EE-9FF2-32C9-A93B-D83A5D172C41} = {754182EE-9FF2-32C9-A93B-D83A5D172C41}
	EndProjectSection
EndProject
Project("{8BC9CEB8-8B4A-11D0-8D11-00A0C91BC942}") = "inputlag", "tests\inputlag.vcxproj", "{75314E67-FF70-386F-9CA2-E38B451FC130}"
	ProjectSection(ProjectDependencies) = postProject
		{F811D80F-6BF0-38F4-8D32-7DA724221072} = {F811D80F-6BF0-38F4-8D32-7DA724221072}
		{754182EE-9FF2-32C9-A93B-D83A5D172C41} = {754182EE-9FF2-32C9-A93B-D83A5D172C41}
	EndProjectSection
EndProject
Project("{8BC9CEB8-8B4A-11D0-8D11-00A0C91BC942}") = "joysticks", "tests\joysticks.vcxproj", "{9F2D5128-277B-315B-88C7-B1F15C7A00B8}"
	ProjectSection(ProjectDependencies) = postProject
		{F811D80F-6BF0-38F4-8D32-7DA724221072} = {F811D80F-6BF0-38F4-8D32-7DA724221072}
		{754182EE-9FF2-32C9-A93B-D83A5D172C41} = {754182EE-9FF2-32C9-A93B-D83A5D172C41}
	EndProjectSection
EndProject
Project("{8BC9CEB8-8B4A-11D0-8D11-00A0C91BC942}") = "monitors", "tests\monitors.vcxproj", "{DF6715D0-1B95-309E-BA4B-61C8CA122D26}"
	ProjectSection(ProjectDependencies) = postProject
		{F811D80F-6BF0-38F4-8D32-7DA724221072} = {F811D80F-6BF0-38F4-8D32-7DA724221072}
		{754182EE-9FF2-32C9-A93B-D83A5D172C41} = {754182EE-9FF2-32C9-A93B-D83A5D172C41}
	EndProjectSection
EndProject
Project("{8BC9CEB8-8B4A-11D0-8D11-00A0C91BC942}") = "msaa", "tests\msaa.vcxproj", "{9B7FA6D9-6E95-3F34-91E3-5DA656B3A088}"
	ProjectSection(ProjectDependencies) = postProject
		{F811D80F-6BF0-38F4-8D32-7DA724221072} = {F811D80F-6BF0-38F4-8D32-7DA724221072}
		{754182EE-9FF2-32C9-A93B-D83A5D172C41} = {754182EE-9FF2-32C9-A93B-D83A5D172C41}
	EndProjectSection
EndProject
Project("{8BC9CEB8-8B4A-11D0-8D11-00A0C91BC942}") = "offscreen", "examples\offscreen.vcxproj", "{E7756EBA-1331-3E93-A270-FE5ABE111B01}"
	ProjectSection(ProjectDependencies) = postProject
		{F811D80F-6BF0-38F4-8D32-7DA724221072} = {F811D80F-6BF0-38F4-8D32-7DA724221072}
		{754182EE-9FF2-32C9-A93B-D83A5D172C41} = {754182EE-9FF2-32C9-A93B-D83A5D172C41}
	EndProjectSection
EndProject
Project("{8BC9CEB8-8B4A-11D0-8D11-00A0C91BC942}") = "opacity", "tests\opacity.vcxproj", "{1A75EB1C-34B7-35CA-A982-BAD0273D8BFD}"
	ProjectSection(ProjectDependencies) = postProject
		{F811D80F-6BF0-38F4-8D32-7DA724221072} = {F811D80F-6BF0-38F4-8D32-7DA724221072}
		{754182EE-9FF2-32C9-A93B-D83A5D172C41} = {754182EE-9FF2-32C9-A93B-D83A5D172C41}
	EndProjectSection
EndProject
Project("{8BC9CEB8-8B4A-11D0-8D11-00A0C91BC942}") = "particles", "examples\particles.vcxproj", "{BE808F11-4D8F-3063-9CA4-97C13D1A7528}"
	ProjectSection(ProjectDependencies) = postProject
		{F811D80F-6BF0-38F4-8D32-7DA724221072} = {F811D80F-6BF0-38F4-8D32-7DA724221072}
		{754182EE-9FF2-32C9-A93B-D83A5D172C41} = {754182EE-9FF2-32C9-A93B-D83A5D172C41}
	EndProjectSection
EndProject
Project("{8BC9CEB8-8B4A-11D0-8D11-00A0C91BC942}") = "reopen", "tests\reopen.vcxproj", "{6D493A9A-F73E-36BC-B490-3529630C19EC}"
	ProjectSection(ProjectDependencies) = postProject
		{F811D80F-6BF0-38F4-8D32-7DA724221072} = {F811D80F-6BF0-38F4-8D32-7DA724221072}
		{754182EE-9FF2-32C9-A93B-D83A5D172C41} = {754182EE-9FF2-32C9-A93B-D83A5D172C41}
	EndProjectSection
EndProject
Project("{8BC9CEB8-8B4A-11D0-8D11-00A0C91BC942}") = "sharing", "examples\sharing.vcxproj", "{B4A9DDA7-24BA-36AD-8231-D1232A937338}"
	ProjectSection(ProjectDependencies) = postProject
		{F811D80F-6BF0-38F4-8D32-7DA724221072} = {F811D80F-6BF0-38F4-8D32-7DA724221072}
		{754182EE-9FF2-32C9-A93B-D83A5D172C41} = {754182EE-9FF2-32C9-A93B-D83A5D172C41}
	EndProjectSection
EndProject
Project("{8BC9CEB8-8B4A-11D0-8D11-00A0C91BC942}") = "simple", "examples\simple.vcxproj", "{E0CA88A4-27CB-3E70-9CCB-48F6D4A001D5}"
	ProjectSection(ProjectDependencies) = postProject
		{F811D80F-6BF0-38F4-8D32-7DA724221072} = {F811D80F-6BF0-38F4-8D32-7DA724221072}
		{754182EE-9FF2-32C9-A93B-D83A5D172C41} = {754182EE-9FF2-32C9-A93B-D83A5D172C41}
	EndProjectSection
EndProject
Project("{8BC9CEB8-8B4A-11D0-8D11-00A0C91BC942}") = "splitview", "examples\splitview.vcxproj", "{26CCE807-4FD4-387A-9173-B3E6AA761B8F}"
	ProjectSection(ProjectDependencies) = postProject
		{F811D80F-6BF0-38F4-8D32-7DA724221072} = {F811D80F-6BF0-38F4-8D32-7DA724221072}
		{754182EE-9FF2-32C9-A93B-D83A5D172C41} = {754182EE-9FF2-32C9-A93B-D83A5D172C41}
	EndProjectSection
EndProject
Project("{8BC9CEB8-8B4A-11D0-8D11-00A0C91BC942}") = "tearing", "tests\tearing.vcxproj", "{5DB80C44-A25A-3502-B62B-04CC4D8E1F64}"
	ProjectSection(ProjectDependencies) = postProject
		{F811D80F-6BF0-38F4-8D32-7DA724221072} = {F811D80F-6BF0-38F4-8D32-7DA724221072}
		{754182EE-9FF2-32C9-A93B-D83A5D172C41} = {754182EE-9FF2-32C9-A93B-D83A5D172C41}
	EndProjectSection
EndProject
Project("{8BC9CEB8-8B4A-11D0-8D11-00A0C91BC942}") = "threads", "tests\threads.vcxproj", "{0BAC7AE9-75DD-3F7D-A42B-6C869FB14130}"
	ProjectSection(ProjectDependencies) = postProject
		{F811D80F-6BF0-38F4-8D32-7DA724221072} = {F811D80F-6BF0-38F4-8D32-7DA724221072}
		{754182EE-9FF2-32C9-A93B-D83A5D172C41} = {754182EE-9FF2-32C9-A93B-D83A5D172C41}
	EndProjectSection
EndProject
Project("{8BC9CEB8-8B4A-11D0-8D11-00A0C91BC942}") = "timeout", "tests\timeout.vcxproj", "{6D133E4B-B2CB-3C98-A681-85ED9959CB33}"
	ProjectSection(ProjectDependencies) = postProject
		{F811D80F-6BF0-38F4-8D32-7DA724221072} = {F811D80F-6BF0-38F4-8D32-7DA724221072}
		{754182EE-9FF2-32C9-A93B-D83A5D172C41} = {754182EE-9FF2-32C9-A93B-D83A5D172C41}
	EndProjectSection
EndProject
Project("{8BC9CEB8-8B4A-11D0-8D11-00A0C91BC942}") = "title", "tests\title.vcxproj", "{A78075AE-1B38-3315-B60F-99B934224F23}"
	ProjectSection(ProjectDependencies) = postProject
		{F811D80F-6BF0-38F4-8D32-7DA724221072} = {F811D80F-6BF0-38F4-8D32-7DA724221072}
		{754182EE-9FF2-32C9-A93B-D83A5D172C41} = {754182EE-9FF2-32C9-A93B-D83A5D172C41}
	EndProjectSection
EndProject
Project("{8BC9CEB8-8B4A-11D0-8D11-00A0C91BC942}") = "triangle-vulkan", "tests\triangle-vulkan.vcxproj", "{102DD62E-3432-3CE8-B3A3-B2F2FC3EBBD6}"
	ProjectSection(ProjectDependencies) = postProject
		{F811D80F-6BF0-38F4-8D32-7DA724221072} = {F811D80F-6BF0-38F4-8D32-7DA724221072}
		{754182EE-9FF2-32C9-A93B-D83A5D172C41} = {754182EE-9FF2-32C9-A93B-D83A5D172C41}
	EndProjectSection
EndProject
Project("{8BC9CEB8-8B4A-11D0-8D11-00A0C91BC942}") = "uninstall", "uninstall.vcxproj", "{51807BB1-9EA9-3DCC-BAD6-F6173E66223E}"
	ProjectSection(ProjectDependencies) = postProject
		{F811D80F-6BF0-38F4-8D32-7DA724221072} = {F811D80F-6BF0-38F4-8D32-7DA724221072}
	EndProjectSection
EndProject
Project("{8BC9CEB8-8B4A-11D0-8D11-00A0C91BC942}") = "wave", "examples\wave.vcxproj", "{0B4AF860-F5AC-3316-B274-D2766B53790B}"
	ProjectSection(ProjectDependencies) = postProject
		{F811D80F-6BF0-38F4-8D32-7DA724221072} = {F811D80F-6BF0-38F4-8D32-7DA724221072}
		{754182EE-9FF2-32C9-A93B-D83A5D172C41} = {754182EE-9FF2-32C9-A93B-D83A5D172C41}
	EndProjectSection
EndProject
Project("{8BC9CEB8-8B4A-11D0-8D11-00A0C91BC942}") = "windows", "tests\windows.vcxproj", "{6CBD4AB0-B79F-37C2-A193-CB5CA989BC17}"
	ProjectSection(ProjectDependencies) = postProject
		{F811D80F-6BF0-38F4-8D32-7DA724221072} = {F811D80F-6BF0-38F4-8D32-7DA724221072}
		{754182EE-9FF2-32C9-A93B-D83A5D172C41} = {754182EE-9FF2-32C9-A93B-D83A5D172C41}
	EndProjectSection
EndProject
Global
	GlobalSection(SolutionConfigurationPlatforms) = preSolution
		Debug|x64 = Debug|x64
		Release|x64 = Release|x64
		MinSizeRel|x64 = MinSizeRel|x64
		RelWithDebInfo|x64 = RelWithDebInfo|x64
	EndGlobalSection
	GlobalSection(ProjectConfigurationPlatforms) = postSolution
		{336C6492-8245-3115-8A32-65461CBC64E7}.Debug|x64.ActiveCfg = Debug|x64
		{336C6492-8245-3115-8A32-65461CBC64E7}.Debug|x64.Build.0 = Debug|x64
		{336C6492-8245-3115-8A32-65461CBC64E7}.Release|x64.ActiveCfg = Release|x64
		{336C6492-8245-3115-8A32-65461CBC64E7}.Release|x64.Build.0 = Release|x64
		{336C6492-8245-3115-8A32-65461CBC64E7}.MinSizeRel|x64.ActiveCfg = MinSizeRel|x64
		{336C6492-8245-3115-8A32-65461CBC64E7}.MinSizeRel|x64.Build.0 = MinSizeRel|x64
		{336C6492-8245-3115-8A32-65461CBC64E7}.RelWithDebInfo|x64.ActiveCfg = RelWithDebInfo|x64
		{336C6492-8245-3115-8A32-65461CBC64E7}.RelWithDebInfo|x64.Build.0 = RelWithDebInfo|x64
		{E2BB1290-3DE6-39C3-B977-C1B387A94BCB}.Debug|x64.ActiveCfg = Debug|x64
		{E2BB1290-3DE6-39C3-B977-C1B387A94BCB}.Release|x64.ActiveCfg = Release|x64
		{E2BB1290-3DE6-39C3-B977-C1B387A94BCB}.MinSizeRel|x64.ActiveCfg = MinSizeRel|x64
		{E2BB1290-3DE6-39C3-B977-C1B387A94BCB}.RelWithDebInfo|x64.ActiveCfg = RelWithDebInfo|x64
		{F811D80F-6BF0-38F4-8D32-7DA724221072}.Debug|x64.ActiveCfg = Debug|x64
		{F811D80F-6BF0-38F4-8D32-7DA724221072}.Debug|x64.Build.0 = Debug|x64
		{F811D80F-6BF0-38F4-8D32-7DA724221072}.Release|x64.ActiveCfg = Release|x64
		{F811D80F-6BF0-38F4-8D32-7DA724221072}.Release|x64.Build.0 = Release|x64
		{F811D80F-6BF0-38F4-8D32-7DA724221072}.MinSizeRel|x64.ActiveCfg = MinSizeRel|x64
		{F811D80F-6BF0-38F4-8D32-7DA724221072}.MinSizeRel|x64.Build.0 = MinSizeRel|x64
		{F811D80F-6BF0-38F4-8D32-7DA724221072}.RelWithDebInfo|x64.ActiveCfg = RelWithDebInfo|x64
		{F811D80F-6BF0-38F4-8D32-7DA724221072}.RelWithDebInfo|x64.Build.0 = RelWithDebInfo|x64
		{47D6C52C-2970-300C-B063-441DCF5D747F}.Debug|x64.ActiveCfg = Debug|x64
		{47D6C52C-2970-300C-B063-441DCF5D747F}.Debug|x64.Build.0 = Debug|x64
		{47D6C52C-2970-300C-B063-441DCF5D747F}.Release|x64.ActiveCfg = Release|x64
		{47D6C52C-2970-300C-B063-441DCF5D747F}.Release|x64.Build.0 = Release|x64
		{47D6C52C-2970-300C-B063-441DCF5D747F}.MinSizeRel|x64.ActiveCfg = MinSizeRel|x64
		{47D6C52C-2970-300C-B063-441DCF5D747F}.MinSizeRel|x64.Build.0 = MinSizeRel|x64
		{47D6C52C-2970-300C-B063-441DCF5D747F}.RelWithDebInfo|x64.ActiveCfg = RelWithDebInfo|x64
		{47D6C52C-2970-300C-B063-441DCF5D747F}.RelWithDebInfo|x64.Build.0 = RelWithDebInfo|x64
		{E6EBF773-2E8D-3B3B-87C4-8180CD9B85F9}.Debug|x64.ActiveCfg = Debug|x64
		{E6EBF773-2E8D-3B3B-87C4-8180CD9B85F9}.Debug|x64.Build.0 = Debug|x64
		{E6EBF773-2E8D-3B3B-87C4-8180CD9B85F9}.Release|x64.ActiveCfg = Release|x64
		{E6EBF773-2E8D-3B3B-87C4-8180CD9B85F9}.Release|x64.Build.0 = Release|x64
		{E6EBF773-2E8D-3B3B-87C4-8180CD9B85F9}.MinSizeRel|x64.ActiveCfg = MinSizeRel|x64
		{E6EBF773-2E8D-3B3B-87C4-8180CD9B85F9}.MinSizeRel|x64.Build.0 = MinSizeRel|x64
		{E6EBF773-2E8D-3B3B-87C4-8180CD9B85F9}.RelWithDebInfo|x64.ActiveCfg = RelWithDebInfo|x64
		{E6EBF773-2E8D-3B3B-87C4-8180CD9B85F9}.RelWithDebInfo|x64.Build.0 = RelWithDebInfo|x64
		{722E96EC-62B0-3E0E-BA99-F707FD70E349}.Debug|x64.ActiveCfg = Debug|x64
		{722E96EC-62B0-3E0E-BA99-F707FD70E349}.Debug|x64.Build.0 = Debug|x64
		{722E96EC-62B0-3E0E-BA99-F707FD70E349}.Release|x64.ActiveCfg = Release|x64
		{722E96EC-62B0-3E0E-BA99-F707FD70E349}.Release|x64.Build.0 = Release|x64
		{722E96EC-62B0-3E0E-BA99-F707FD70E349}.MinSizeRel|x64.ActiveCfg = MinSizeRel|x64
		{722E96EC-62B0-3E0E-BA99-F707FD70E349}.MinSizeRel|x64.Build.0 = MinSizeRel|x64
		{722E96EC-62B0-3E0E-BA99-F707FD70E349}.RelWithDebInfo|x64.ActiveCfg = RelWithDebInfo|x64
		{722E96EC-62B0-3E0E-BA99-F707FD70E349}.RelWithDebInfo|x64.Build.0 = RelWithDebInfo|x64
		{CE345CAD-7744-343D-85EA-7DFAD170491C}.Debug|x64.ActiveCfg = Debug|x64
		{CE345CAD-7744-343D-85EA-7DFAD170491C}.Debug|x64.Build.0 = Debug|x64
		{CE345CAD-7744-343D-85EA-7DFAD170491C}.Release|x64.ActiveCfg = Release|x64
		{CE345CAD-7744-343D-85EA-7DFAD170491C}.Release|x64.Build.0 = Release|x64
		{CE345CAD-7744-343D-85EA-7DFAD170491C}.MinSizeRel|x64.ActiveCfg = MinSizeRel|x64
		{CE345CAD-7744-343D-85EA-7DFAD170491C}.MinSizeRel|x64.Build.0 = MinSizeRel|x64
		{CE345CAD-7744-343D-85EA-7DFAD170491C}.RelWithDebInfo|x64.ActiveCfg = RelWithDebInfo|x64
		{CE345CAD-7744-343D-85EA-7DFAD170491C}.RelWithDebInfo|x64.Build.0 = RelWithDebInfo|x64
		{DCC461D7-C1F2-3F96-A73F-5CE0E07B1463}.Debug|x64.ActiveCfg = Debug|x64
		{DCC461D7-C1F2-3F96-A73F-5CE0E07B1463}.Debug|x64.Build.0 = Debug|x64
		{DCC461D7-C1F2-3F96-A73F-5CE0E07B1463}.Release|x64.ActiveCfg = Release|x64
		{DCC461D7-C1F2-3F96-A73F-5CE0E07B1463}.Release|x64.Build.0 = Release|x64
		{DCC461D7-C1F2-3F96-A73F-5CE0E07B1463}.MinSizeRel|x64.ActiveCfg = MinSizeRel|x64
		{DCC461D7-C1F2-3F96-A73F-5CE0E07B1463}.MinSizeRel|x64.Build.0 = MinSizeRel|x64
		{DCC461D7-C1F2-3F96-A73F-5CE0E07B1463}.RelWithDebInfo|x64.ActiveCfg = RelWithDebInfo|x64
		{DCC461D7-C1F2-3F96-A73F-5CE0E07B1463}.RelWithDebInfo|x64.Build.0 = RelWithDebInfo|x64
		{703E94B8-4138-356F-9D51-AA4A576D91F6}.Debug|x64.ActiveCfg = Debug|x64
		{703E94B8-4138-356F-9D51-AA4A576D91F6}.Debug|x64.Build.0 = Debug|x64
		{703E94B8-4138-356F-9D51-AA4A576D91F6}.Release|x64.ActiveCfg = Release|x64
		{703E94B8-4138-356F-9D51-AA4A576D91F6}.Release|x64.Build.0 = Release|x64
		{703E94B8-4138-356F-9D51-AA4A576D91F6}.MinSizeRel|x64.ActiveCfg = MinSizeRel|x64
		{703E94B8-4138-356F-9D51-AA4A576D91F6}.MinSizeRel|x64.Build.0 = MinSizeRel|x64
		{703E94B8-4138-356F-9D51-AA4A576D91F6}.RelWithDebInfo|x64.ActiveCfg = RelWithDebInfo|x64
		{703E94B8-4138-356F-9D51-AA4A576D91F6}.RelWithDebInfo|x64.Build.0 = RelWithDebInfo|x64
		{85BADB90-3D63-3F67-AF8E-E799E9B67D3E}.Debug|x64.ActiveCfg = Debug|x64
		{85BADB90-3D63-3F67-AF8E-E799E9B67D3E}.Debug|x64.Build.0 = Debug|x64
		{85BADB90-3D63-3F67-AF8E-E799E9B67D3E}.Release|x64.ActiveCfg = Release|x64
		{85BADB90-3D63-3F67-AF8E-E799E9B67D3E}.Release|x64.Build.0 = Release|x64
		{85BADB90-3D63-3F67-AF8E-E799E9B67D3E}.MinSizeRel|x64.ActiveCfg = MinSizeRel|x64
		{85BADB90-3D63-3F67-AF8E-E799E9B67D3E}.MinSizeRel|x64.Build.0 = MinSizeRel|x64
		{85BADB90-3D63-3F67-AF8E-E799E9B67D3E}.RelWithDebInfo|x64.ActiveCfg = RelWithDebInfo|x64
		{85BADB90-3D63-3F67-AF8E-E799E9B67D3E}.RelWithDebInfo|x64.Build.0 = RelWithDebInfo|x64
		{754182EE-9FF2-32C9-A93B-D83A5D172C41}.Debug|x64.ActiveCfg = Debug|x64
		{754182EE-9FF2-32C9-A93B-D83A5D172C41}.Debug|x64.Build.0 = Debug|x64
		{754182EE-9FF2-32C9-A93B-D83A5D172C41}.Release|x64.ActiveCfg = Release|x64
		{754182EE-9FF2-32C9-A93B-D83A5D172C41}.Release|x64.Build.0 = Release|x64
		{754182EE-9FF2-32C9-A93B-D83A5D172C41}.MinSizeRel|x64.ActiveCfg = MinSizeRel|x64
		{754182EE-9FF2-32C9-A93B-D83A5D172C41}.MinSizeRel|x64.Build.0 = MinSizeRel|x64
		{754182EE-9FF2-32C9-A93B-D83A5D172C41}.RelWithDebInfo|x64.ActiveCfg = RelWithDebInfo|x64
		{754182EE-9FF2-32C9-A93B-D83A5D172C41}.RelWithDebInfo|x64.Build.0 = RelWithDebInfo|x64
		{59C37D7F-988B-38E1-965F-5DBE48F9C5BE}.Debug|x64.ActiveCfg = Debug|x64
		{59C37D7F-988B-38E1-965F-5DBE48F9C5BE}.Debug|x64.Build.0 = Debug|x64
		{59C37D7F-988B-38E1-965F-5DBE48F9C5BE}.Release|x64.ActiveCfg = Release|x64
		{59C37D7F-988B-38E1-965F-5DBE48F9C5BE}.Release|x64.Build.0 = Release|x64
		{59C37D7F-988B-38E1-965F-5DBE48F9C5BE}.MinSizeRel|x64.ActiveCfg = MinSizeRel|x64
		{59C37D7F-988B-38E1-965F-5DBE48F9C5BE}.MinSizeRel|x64.Build.0 = MinSizeRel|x64
		{59C37D7F-988B-38E1-965F-5DBE48F9C5BE}.RelWithDebInfo|x64.ActiveCfg = RelWithDebInfo|x64
		{59C37D7F-988B-38E1-965F-5DBE48F9C5BE}.RelWithDebInfo|x64.Build.0 = RelWithDebInfo|x64
		{6C3B39E8-8CA4-34D8-8555-350E3CE38879}.Debug|x64.ActiveCfg = Debug|x64
		{6C3B39E8-8CA4-34D8-8555-350E3CE38879}.Debug|x64.Build.0 = Debug|x64
		{6C3B39E8-8CA4-34D8-8555-350E3CE38879}.Release|x64.ActiveCfg = Release|x64
		{6C3B39E8-8CA4-34D8-8555-350E3CE38879}.Release|x64.Build.0 = Release|x64
		{6C3B39E8-8CA4-34D8-8555-350E3CE38879}.MinSizeRel|x64.ActiveCfg = MinSizeRel|x64
		{6C3B39E8-8CA4-34D8-8555-350E3CE38879}.MinSizeRel|x64.Build.0 = MinSizeRel|x64
		{6C3B39E8-8CA4-34D8-8555-350E3CE38879}.RelWithDebInfo|x64.ActiveCfg = RelWithDebInfo|x64
		{6C3B39E8-8CA4-34D8-8555-350E3CE38879}.RelWithDebInfo|x64.Build.0 = RelWithDebInfo|x64
		{DF80B708-A1FA-3D8F-8B37-7625DF931883}.Debug|x64.ActiveCfg = Debug|x64
		{DF80B708-A1FA-3D8F-8B37-7625DF931883}.Debug|x64.Build.0 = Debug|x64
		{DF80B708-A1FA-3D8F-8B37-7625DF931883}.Release|x64.ActiveCfg = Release|x64
		{DF80B708-A1FA-3D8F-8B37-7625DF931883}.Release|x64.Build.0 = Release|x64
		{DF80B708-A1FA-3D8F-8B37-7625DF931883}.MinSizeRel|x64.ActiveCfg = MinSizeRel|x64
		{DF80B708-A1FA-3D8F-8B37-7625DF931883}.MinSizeRel|x64.Build.0 = MinSizeRel|x64
		{DF80B708-A1FA-3D8F-8B37-7625DF931883}.RelWithDebInfo|x64.ActiveCfg = RelWithDebInfo|x64
		{DF80B708-A1FA-3D8F-8B37-7625DF931883}.RelWithDebInfo|x64.Build.0 = RelWithDebInfo|x64
		{3C70B621-D53A-358A-A640-1DC038EACDE8}.Debug|x64.ActiveCfg = Debug|x64
		{3C70B621-D53A-358A-A640-1DC038EACDE8}.Debug|x64.Build.0 = Debug|x64
		{3C70B621-D53A-358A-A640-1DC038EACDE8}.Release|x64.ActiveCfg = Release|x64
		{3C70B621-D53A-358A-A640-1DC038EACDE8}.Release|x64.Build.0 = Release|x64
		{3C70B621-D53A-358A-A640-1DC038EACDE8}.MinSizeRel|x64.ActiveCfg = MinSizeRel|x64
		{3C70B621-D53A-358A-A640-1DC038EACDE8}.MinSizeRel|x64.Build.0 = MinSizeRel|x64
		{3C70B621-D53A-358A-A640-1DC038EACDE8}.RelWithDebInfo|x64.ActiveCfg = RelWithDebInfo|x64
		{3C70B621-D53A-358A-A640-1DC038EACDE8}.RelWithDebInfo|x64.Build.0 = RelWithDebInfo|x64
		{75314E67-FF70-386F-9CA2-E38B451FC130}.Debug|x64.ActiveCfg = Debug|x64
		{75314E67-FF70-386F-9CA2-E38B451FC130}.Debug|x64.Build.0 = Debug|x64
		{75314E67-FF70-386F-9CA2-E38B451FC130}.Release|x64.ActiveCfg = Release|x64
		{75314E67-FF70-386F-9CA2-E38B451FC130}.Release|x64.Build.0 = Release|x64
		{75314E67-FF70-386F-9CA2-E38B451FC130}.MinSizeRel|x64.ActiveCfg = MinSizeRel|x64
		{75314E67-FF70-386F-9CA2-E38B451FC130}.MinSizeRel|x64.Build.0 = MinSizeRel|x64
		{75314E67-FF70-386F-9CA2-E38B451FC130}.RelWithDebInfo|x64.ActiveCfg = RelWithDebInfo|x64
		{75314E67-FF70-386F-9CA2-E38B451FC130}.RelWithDebInfo|x64.Build.0 = RelWithDebInfo|x64
		{9F2D5128-277B-315B-88C7-B1F15C7A00B8}.Debug|x64.ActiveCfg = Debug|x64
		{9F2D5128-277B-315B-88C7-B1F15C7A00B8}.Debug|x64.Build.0 = Debug|x64
		{9F2D5128-277B-315B-88C7-B1F15C7A00B8}.Release|x64.ActiveCfg = Release|x64
		{9F2D5128-277B-315B-88C7-B1F15C7A00B8}.Release|x64.Build.0 = Release|x64
		{9F2D5128-277B-315B-88C7-B1F15C7A00B8}.MinSizeRel|x64.ActiveCfg = MinSizeRel|x64
		{9F2D5128-277B-315B-88C7-B1F15C7A00B8}.MinSizeRel|x64.Build.0 = MinSizeRel|x64
		{9F2D5128-277B-315B-88C7-B1F15C7A00B8}.RelWithDebInfo|x64.ActiveCfg = RelWithDebInfo|x64
		{9F2D5128-277B-315B-88C7-B1F15C7A00B8}.RelWithDebInfo|x64.Build.0 = RelWithDebInfo|x64
		{DF6715D0-1B95-309E-BA4B-61C8CA122D26}.Debug|x64.ActiveCfg = Debug|x64
		{DF6715D0-1B95-309E-BA4B-61C8CA122D26}.Debug|x64.Build.0 = Debug|x64
		{DF6715D0-1B95-309E-BA4B-61C8CA122D26}.Release|x64.ActiveCfg = Release|x64
		{DF6715D0-1B95-309E-BA4B-61C8CA122D26}.Release|x64.Build.0 = Release|x64
		{DF6715D0-1B95-309E-BA4B-61C8CA122D26}.MinSizeRel|x64.ActiveCfg = MinSizeRel|x64
		{DF6715D0-1B95-309E-BA4B-61C8CA122D26}.MinSizeRel|x64.Build.0 = MinSizeRel|x64
		{DF6715D0-1B95-309E-BA4B-61C8CA122D26}.RelWithDebInfo|x64.ActiveCfg = RelWithDebInfo|x64
		{DF6715D0-1B95-309E-BA4B-61C8CA122D26}.RelWithDebInfo|x64.Build.0 = RelWithDebInfo|x64
		{9B7FA6D9-6E95-3F34-91E3-5DA656B3A088}.Debug|x64.ActiveCfg = Debug|x64
		{9B7FA6D9-6E95-3F34-91E3-5DA656B3A088}.Debug|x64.Build.0 = Debug|x64
		{9B7FA6D9-6E95-3F34-91E3-5DA656B3A088}.Release|x64.ActiveCfg = Release|x64
		{9B7FA6D9-6E95-3F34-91E3-5DA656B3A088}.Release|x64.Build.0 = Release|x64
		{9B7FA6D9-6E95-3F34-91E3-5DA656B3A088}.MinSizeRel|x64.ActiveCfg = MinSizeRel|x64
		{9B7FA6D9-6E95-3F34-91E3-5DA656B3A088}.MinSizeRel|x64.Build.0 = MinSizeRel|x64
		{9B7FA6D9-6E95-3F34-91E3-5DA656B3A088}.RelWithDebInfo|x64.ActiveCfg = RelWithDebInfo|x64
		{9B7FA6D9-6E95-3F34-91E3-5DA656B3A088}.RelWithDebInfo|x64.Build.0 = RelWithDebInfo|x64
		{E7756EBA-1331-3E93-A270-FE5ABE111B01}.Debug|x64.ActiveCfg = Debug|x64
		{E7756EBA-1331-3E93-A270-FE5ABE111B01}.Debug|x64.Build.0 = Debug|x64
		{E7756EBA-1331-3E93-A270-FE5ABE111B01}.Release|x64.ActiveCfg = Release|x64
		{E7756EBA-1331-3E93-A270-FE5ABE111B01}.Release|x64.Build.0 = Release|x64
		{E7756EBA-1331-3E93-A270-FE5ABE111B01}.MinSizeRel|x64.ActiveCfg = MinSizeRel|x64
		{E7756EBA-1331-3E93-A270-FE5ABE111B01}.MinSizeRel|x64.Build.0 = MinSizeRel|x64
		{E7756EBA-1331-3E93-A270-FE5ABE111B01}.RelWithDebInfo|x64.ActiveCfg = RelWithDebInfo|x64
		{E7756EBA-1331-3E93-A270-FE5ABE111B01}.RelWithDebInfo|x64.Build.0 = RelWithDebInfo|x64
		{1A75EB1C-34B7-35CA-A982-BAD0273D8BFD}.Debug|x64.ActiveCfg = Debug|x64
		{1A75EB1C-34B7-35CA-A982-BAD0273D8BFD}.Debug|x64.Build.0 = Debug|x64
		{1A75EB1C-34B7-35CA-A982-BAD0273D8BFD}.Release|x64.ActiveCfg = Release|x64
		{1A75EB1C-34B7-35CA-A982-BAD0273D8BFD}.Release|x64.Build.0 = Release|x64
		{1A75EB1C-34B7-35CA-A982-BAD0273D8BFD}.MinSizeRel|x64.ActiveCfg = MinSizeRel|x64
		{1A75EB1C-34B7-35CA-A982-BAD0273D8BFD}.MinSizeRel|x64.Build.0 = MinSizeRel|x64
		{1A75EB1C-34B7-35CA-A982-BAD0273D8BFD}.RelWithDebInfo|x64.ActiveCfg = RelWithDebInfo|x64
		{1A75EB1C-34B7-35CA-A982-BAD0273D8BFD}.RelWithDebInfo|x64.Build.0 = RelWithDebInfo|x64
		{BE808F11-4D8F-3063-9CA4-97C13D1A7528}.Debug|x64.ActiveCfg = Debug|x64
		{BE808F11-4D8F-3063-9CA4-97C13D1A7528}.Debug|x64.Build.0 = Debug|x64
		{BE808F11-4D8F-3063-9CA4-97C13D1A7528}.Release|x64.ActiveCfg = Release|x64
		{BE808F11-4D8F-3063-9CA4-97C13D1A7528}.Release|x64.Build.0 = Release|x64
		{BE808F11-4D8F-3063-9CA4-97C13D1A7528}.MinSizeRel|x64.ActiveCfg = MinSizeRel|x64
		{BE808F11-4D8F-3063-9CA4-97C13D1A7528}.MinSizeRel|x64.Build.0 = MinSizeRel|x64
		{BE808F11-4D8F-3063-9CA4-97C13D1A7528}.RelWithDebInfo|x64.ActiveCfg = RelWithDebInfo|x64
		{BE808F11-4D8F-3063-9CA4-97C13D1A7528}.RelWithDebInfo|x64.Build.0 = RelWithDebInfo|x64
		{6D493A9A-F73E-36BC-B490-3529630C19EC}.Debug|x64.ActiveCfg = Debug|x64
		{6D493A9A-F73E-36BC-B490-3529630C19EC}.Debug|x64.Build.0 = Debug|x64
		{6D493A9A-F73E-36BC-B490-3529630C19EC}.Release|x64.ActiveCfg = Release|x64
		{6D493A9A-F73E-36BC-B490-3529630C19EC}.Release|x64.Build.0 = Release|x64
		{6D493A9A-F73E-36BC-B490-3529630C19EC}.MinSizeRel|x64.ActiveCfg = MinSizeRel|x64
		{6D493A9A-F73E-36BC-B490-3529630C19EC}.MinSizeRel|x64.Build.0 = MinSizeRel|x64
		{6D493A9A-F73E-36BC-B490-3529630C19EC}.RelWithDebInfo|x64.ActiveCfg = RelWithDebInfo|x64
		{6D493A9A-F73E-36BC-B490-3529630C19EC}.RelWithDebInfo|x64.Build.0 = RelWithDebInfo|x64
		{B4A9DDA7-24BA-36AD-8231-D1232A937338}.Debug|x64.ActiveCfg = Debug|x64
		{B4A9DDA7-24BA-36AD-8231-D1232A937338}.Debug|x64.Build.0 = Debug|x64
		{B4A9DDA7-24BA-36AD-8231-D1232A937338}.Release|x64.ActiveCfg = Release|x64
		{B4A9DDA7-24BA-36AD-8231-D1232A937338}.Release|x64.Build.0 = Release|x64
		{B4A9DDA7-24BA-36AD-8231-D1232A937338}.MinSizeRel|x64.ActiveCfg = MinSizeRel|x64
		{B4A9DDA7-24BA-36AD-8231-D1232A937338}.MinSizeRel|x64.Build.0 = MinSizeRel|x64
		{B4A9DDA7-24BA-36AD-8231-D1232A937338}.RelWithDebInfo|x64.ActiveCfg = RelWithDebInfo|x64
		{B4A9DDA7-24BA-36AD-8231-D1232A937338}.RelWithDebInfo|x64.Build.0 = RelWithDebInfo|x64
		{E0CA88A4-27CB-3E70-9CCB-48F6D4A001D5}.Debug|x64.ActiveCfg = Debug|x64
		{E0CA88A4-27CB-3E70-9CCB-48F6D4A001D5}.Debug|x64.Build.0 = Debug|x64
		{E0CA88A4-27CB-3E70-9CCB-48F6D4A001D5}.Release|x64.ActiveCfg = Release|x64
		{E0CA88A4-27CB-3E70-9CCB-48F6D4A001D5}.Release|x64.Build.0 = Release|x64
		{E0CA88A4-27CB-3E70-9CCB-48F6D4A001D5}.MinSizeRel|x64.ActiveCfg = MinSizeRel|x64
		{E0CA88A4-27CB-3E70-9CCB-48F6D4A001D5}.MinSizeRel|x64.Build.0 = MinSizeRel|x64
		{E0CA88A4-27CB-3E70-9CCB-48F6D4A001D5}.RelWithDebInfo|x64.ActiveCfg = RelWithDebInfo|x64
		{E0CA88A4-27CB-3E70-9CCB-48F6D4A001D5}.RelWithDebInfo|x64.Build.0 = RelWithDebInfo|x64
		{26CCE807-4FD4-387A-9173-B3E6AA761B8F}.Debug|x64.ActiveCfg = Debug|x64
		{26CCE807-4FD4-387A-9173-B3E6AA761B8F}.Debug|x64.Build.0 = Debug|x64
		{26CCE807-4FD4-387A-9173-B3E6AA761B8F}.Release|x64.ActiveCfg = Release|x64
		{26CCE807-4FD4-387A-9173-B3E6AA761B8F}.Release|x64.Build.0 = Release|x64
		{26CCE807-4FD4-387A-9173-B3E6AA761B8F}.MinSizeRel|x64.ActiveCfg = MinSizeRel|x64
		{26CCE807-4FD4-387A-9173-B3E6AA761B8F}.MinSizeRel|x64.Build.0 = MinSizeRel|x64
		{26CCE807-4FD4-387A-9173-B3E6AA761B8F}.RelWithDebInfo|x64.ActiveCfg = RelWithDebInfo|x64
		{26CCE807-4FD4-387A-9173-B3E6AA761B8F}.RelWithDebInfo|x64.Build.0 = RelWithDebInfo|x64
		{5DB80C44-A25A-3502-B62B-04CC4D8E1F64}.Debug|x64.ActiveCfg = Debug|x64
		{5DB80C44-A25A-3502-B62B-04CC4D8E1F64}.Debug|x64.Build.0 = Debug|x64
		{5DB80C44-A25A-3502-B62B-04CC4D8E1F64}.Release|x64.ActiveCfg = Release|x64
		{5DB80C44-A25A-3502-B62B-04CC4D8E1F64}.Release|x64.Build.0 = Release|x64
		{5DB80C44-A25A-3502-B62B-04CC4D8E1F64}.MinSizeRel|x64.ActiveCfg = MinSizeRel|x64
		{5DB80C44-A25A-3502-B62B-04CC4D8E1F64}.MinSizeRel|x64.Build.0 = MinSizeRel|x64
		{5DB80C44-A25A-3502-B62B-04CC4D8E1F64}.RelWithDebInfo|x64.ActiveCfg = RelWithDebInfo|x64
		{5DB80C44-A25A-3502-B62B-04CC4D8E1F64}.RelWithDebInfo|x64.Build.0 = RelWithDebInfo|x64
		{0BAC7AE9-75DD-3F7D-A42B-6C869FB14130}.Debug|x64.ActiveCfg = Debug|x64
		{0BAC7AE9-75DD-3F7D-A42B-6C869FB14130}.Debug|x64.Build.0 = Debug|x64
		{0BAC7AE9-75DD-3F7D-A42B-6C869FB14130}.Release|x64.ActiveCfg = Release|x64
		{0BAC7AE9-75DD-3F7D-A42B-6C869FB14130}.Release|x64.Build.0 = Release|x64
		{0BAC7AE9-75DD-3F7D-A42B-6C869FB14130}.MinSizeRel|x64.ActiveCfg = MinSizeRel|x64
		{0BAC7AE9-75DD-3F7D-A42B-6C869FB14130}.MinSizeRel|x64.Build.0 = MinSizeRel|x64
		{0BAC7AE9-75DD-3F7D-A42B-6C869FB14130}.RelWithDebInfo|x64.ActiveCfg = RelWithDebInfo|x64
		{0BAC7AE9-75DD-3F7D-A42B-6C869FB14130}.RelWithDebInfo|x64.Build.0 = RelWithDebInfo|x64
		{6D133E4B-B2CB-3C98-A681-85ED9959CB33}.Debug|x64.ActiveCfg = Debug|x64
		{6D133E4B-B2CB-3C98-A681-85ED9959CB33}.Debug|x64.Build.0 = Debug|x64
		{6D133E4B-B2CB-3C98-A681-85ED9959CB33}.Release|x64.ActiveCfg = Release|x64
		{6D133E4B-B2CB-3C98-A681-85ED9959CB33}.Release|x64.Build.0 = Release|x64
		{6D133E4B-B2CB-3C98-A681-85ED9959CB33}.MinSizeRel|x64.ActiveCfg = MinSizeRel|x64
		{6D133E4B-B2CB-3C98-A681-85ED9959CB33}.MinSizeRel|x64.Build.0 = MinSizeRel|x64
		{6D133E4B-B2CB-3C98-A681-85ED9959CB33}.RelWithDebInfo|x64.ActiveCfg = RelWithDebInfo|x64
		{6D133E4B-B2CB-3C98-A681-85ED9959CB33}.RelWithDebInfo|x64.Build.0 = RelWithDebInfo|x64
		{A78075AE-1B38-3315-B60F-99B934224F23}.Debug|x64.ActiveCfg = Debug|x64
		{A78075AE-1B38-3315-B60F-99B934224F23}.Debug|x64.Build.0 = Debug|x64
		{A78075AE-1B38-3315-B60F-99B934224F23}.Release|x64.ActiveCfg = Release|x64
		{A78075AE-1B38-3315-B60F-99B934224F23}.Release|x64.Build.0 = Release|x64
		{A78075AE-1B38-3315-B60F-99B934224F23}.MinSizeRel|x64.ActiveCfg = MinSizeRel|x64
		{A78075AE-1B38-3315-B60F-99B934224F23}.MinSizeRel|x64.Build.0 = MinSizeRel|x64
		{A78075AE-1B38-3315-B60F-99B934224F23}.RelWithDebInfo|x64.ActiveCfg = RelWithDebInfo|x64
		{A78075AE-1B38-3315-B60F-99B934224F23}.RelWithDebInfo|x64.Build.0 = RelWithDebInfo|x64
		{102DD62E-3432-3CE8-B3A3-B2F2FC3EBBD6}.Debug|x64.ActiveCfg = Debug|x64
		{102DD62E-3432-3CE8-B3A3-B2F2FC3EBBD6}.Debug|x64.Build.0 = Debug|x64
		{102DD62E-3432-3CE8-B3A3-B2F2FC3EBBD6}.Release|x64.ActiveCfg = Release|x64
		{102DD62E-3432-3CE8-B3A3-B2F2FC3EBBD6}.Release|x64.Build.0 = Release|x64
		{102DD62E-3432-3CE8-B3A3-B2F2FC3EBBD6}.MinSizeRel|x64.ActiveCfg = MinSizeRel|x64
		{102DD62E-3432-3CE8-B3A3-B2F2FC3EBBD6}.MinSizeRel|x64.Build.0 = MinSizeRel|x64
		{102DD62E-3432-3CE8-B3A3-B2F2FC3EBBD6}.RelWithDebInfo|x64.ActiveCfg = RelWithDebInfo|x64
		{102DD62E-3432-3CE8-B3A3-B2F2FC3EBBD6}.RelWithDebInfo|x64.Build.0 = RelWithDebInfo|x64
		{51807BB1-9EA9-3DCC-BAD6-F6173E66223E}.Debug|x64.ActiveCfg = Debug|x64
		{51807BB1-9EA9-3DCC-BAD6-F6173E66223E}.Release|x64.ActiveCfg = Release|x64
		{51807BB1-9EA9-3DCC-BAD6-F6173E66223E}.MinSizeRel|x64.ActiveCfg = MinSizeRel|x64
		{51807BB1-9EA9-3DCC-BAD6-F6173E66223E}.RelWithDebInfo|x64.ActiveCfg = RelWithDebInfo|x64
		{0B4AF860-F5AC-3316-B274-D2766B53790B}.Debug|x64.ActiveCfg = Debug|x64
		{0B4AF860-F5AC-3316-B274-D2766B53790B}.Debug|x64.Build.0 = Debug|x64
		{0B4AF860-F5AC-3316-B274-D2766B53790B}.Release|x64.ActiveCfg = Release|x64
		{0B4AF860-F5AC-3316-B274-D2766B53790B}.Release|x64.Build.0 = Release|x64
		{0B4AF860-F5AC-3316-B274-D2766B53790B}.MinSizeRel|x64.ActiveCfg = MinSizeRel|x64
		{0B4AF860-F5AC-3316-B274-D2766B53790B}.MinSizeRel|x64.Build.0 = MinSizeRel|x64
		{0B4AF860-F5AC-3316-B274-D2766B53790B}.RelWithDebInfo|x64.ActiveCfg = RelWithDebInfo|x64
		{0B4AF860-F5AC-3316-B274-D2766B53790B}.RelWithDebInfo|x64.Build.0 = RelWithDebInfo|x64
		{6CBD4AB0-B79F-37C2-A193-CB5CA989BC17}.Debug|x64.ActiveCfg = Debug|x64
		{6CBD4AB0-B79F-37C2-A193-CB5CA989BC17}.Debug|x64.Build.0 = Debug|x64
		{6CBD4AB0-B79F-37C2-A193-CB5CA989BC17}.Release|x64.ActiveCfg = Release|x64
		{6CBD4AB0-B79F-37C2-A193-CB5CA989BC17}.Release|x64.Build.0 = Release|x64
		{6CBD4AB0-B79F-37C2-A193-CB5CA989BC17}.MinSizeRel|x64.ActiveCfg = MinSizeRel|x64
		{6CBD4AB0-B79F-37C2-A193-CB5CA989BC17}.MinSizeRel|x64.Build.0 = MinSizeRel|x64
		{6CBD4AB0-B79F-37C2-A193-CB5CA989BC17}.RelWithDebInfo|x64.ActiveCfg = RelWithDebInfo|x64
		{6CBD4AB0-B79F-37C2-A193-CB5CA989BC17}.RelWithDebInfo|x64.Build.0 = RelWithDebInfo|x64
	EndGlobalSection
	GlobalSection(NestedProjects) = preSolution
		{336C6492-8245-3115-8A32-65461CBC64E7} = {2B225E8A-9226-393F-8D0C-A4B823D1654C}
		{E2BB1290-3DE6-39C3-B977-C1B387A94BCB} = {2B225E8A-9226-393F-8D0C-A4B823D1654C}
		{F811D80F-6BF0-38F4-8D32-7DA724221072} = {2B225E8A-9226-393F-8D0C-A4B823D1654C}
		{914C240A-B0B8-36A1-9B97-21084273DE32} = {EE00F2ED-B013-3A20-8936-E9BD619A26B4}
		{4E24B388-B769-3486-BD5C-4BD6CEF18AAA} = {EE00F2ED-B013-3A20-8936-E9BD619A26B4}
		{754182EE-9FF2-32C9-A93B-D83A5D172C41} = {EE00F2ED-B013-3A20-8936-E9BD619A26B4}
		{51807BB1-9EA9-3DCC-BAD6-F6173E66223E} = {EE00F2ED-B013-3A20-8936-E9BD619A26B4}
		{47D6C52C-2970-300C-B063-441DCF5D747F} = {914C240A-B0B8-36A1-9B97-21084273DE32}
		{85BADB90-3D63-3F67-AF8E-E799E9B67D3E} = {914C240A-B0B8-36A1-9B97-21084273DE32}
		{6C3B39E8-8CA4-34D8-8555-350E3CE38879} = {914C240A-B0B8-36A1-9B97-21084273DE32}
		{E7756EBA-1331-3E93-A270-FE5ABE111B01} = {914C240A-B0B8-36A1-9B97-21084273DE32}
		{BE808F11-4D8F-3063-9CA4-97C13D1A7528} = {914C240A-B0B8-36A1-9B97-21084273DE32}
		{B4A9DDA7-24BA-36AD-8231-D1232A937338} = {914C240A-B0B8-36A1-9B97-21084273DE32}
		{E0CA88A4-27CB-3E70-9CCB-48F6D4A001D5} = {914C240A-B0B8-36A1-9B97-21084273DE32}
		{26CCE807-4FD4-387A-9173-B3E6AA761B8F} = {914C240A-B0B8-36A1-9B97-21084273DE32}
		{0B4AF860-F5AC-3316-B274-D2766B53790B} = {914C240A-B0B8-36A1-9B97-21084273DE32}
		{E6EBF773-2E8D-3B3B-87C4-8180CD9B85F9} = {4E24B388-B769-3486-BD5C-4BD6CEF18AAA}
		{722E96EC-62B0-3E0E-BA99-F707FD70E349} = {4E24B388-B769-3486-BD5C-4BD6CEF18AAA}
		{CE345CAD-7744-343D-85EA-7DFAD170491C} = {4E24B388-B769-3486-BD5C-4BD6CEF18AAA}
		{DCC461D7-C1F2-3F96-A73F-5CE0E07B1463} = {4E24B388-B769-3486-BD5C-4BD6CEF18AAA}
		{703E94B8-4138-356F-9D51-AA4A576D91F6} = {4E24B388-B769-3486-BD5C-4BD6CEF18AAA}
		{59C37D7F-988B-38E1-965F-5DBE48F9C5BE} = {4E24B388-B769-3486-BD5C-4BD6CEF18AAA}
		{DF80B708-A1FA-3D8F-8B37-7625DF931883} = {4E24B388-B769-3486-BD5C-4BD6CEF18AAA}
		{3C70B621-D53A-358A-A640-1DC038EACDE8} = {4E24B388-B769-3486-BD5C-4BD6CEF18AAA}
		{75314E67-FF70-386F-9CA2-E38B451FC130} = {4E24B388-B769-3486-BD5C-4BD6CEF18AAA}
		{9F2D5128-277B-315B-88C7-B1F15C7A00B8} = {4E24B388-B769-3486-BD5C-4BD6CEF18AAA}
		{DF6715D0-1B95-309E-BA4B-61C8CA122D26} = {4E24B388-B769-3486-BD5C-4BD6CEF18AAA}
		{9B7FA6D9-6E95-3F34-91E3-5DA656B3A088} = {4E24B388-B769-3486-BD5C-4BD6CEF18AAA}
		{1A75EB1C-34B7-35CA-A982-BAD0273D8BFD} = {4E24B388-B769-3486-BD5C-4BD6CEF18AAA}
		{6D493A9A-F73E-36BC-B490-3529630C19EC} = {4E24B388-B769-3486-BD5C-4BD6CEF18AAA}
		{5DB80C44-A25A-3502-B62B-04CC4D8E1F64} = {4E24B388-B769-3486-BD5C-4BD6CEF18AAA}
		{0BAC7AE9-75DD-3F7D-A42B-6C869FB14130} = {4E24B388-B769-3486-BD5C-4BD6CEF18AAA}
		{6D133E4B-B2CB-3C98-A681-85ED9959CB33} = {4E24B388-B769-3486-BD5C-4BD6CEF18AAA}
		{A78075AE-1B38-3315-B60F-99B934224F23} = {4E24B388-B769-3486-BD5C-4BD6CEF18AAA}
		{102DD62E-3432-3CE8-B3A3-B2F2FC3EBBD6} = {4E24B388-B769-3486-BD5C-4BD6CEF18AAA}
		{6CBD4AB0-B79F-37C2-A193-CB5CA989BC17} = {4E24B388-B769-3486-BD5C-4BD6CEF18AAA}
	EndGlobalSection
	GlobalSection(ExtensibilityGlobals) = postSolution
		SolutionGuid = {8C537E8B-DCFE-37BA-ADF4-AD2865D8A763}
	EndGlobalSection
	GlobalSection(ExtensibilityAddIns) = postSolution
	EndGlobalSection
EndGlobal
