<?xml version="1.0" encoding="utf-8"?>
<Project ToolsVersion="16.0" xmlns="http://schemas.microsoft.com/developer/msbuild/2003">
  <ItemGroup>
    <CustomBuild Include="C:\Users\lllll\Documents\GitHub\UniEngine\UniEngine\includes\Assimp\CMakeFiles\8e6e17154452f70ad0b8765d8dd8f6d5\INSTALL_force.rule">
      <Filter>CMake Rules</Filter>
    </CustomBuild>
  </ItemGroup>
  <ItemGroup>
    <Filter Include="CMake Rules">
      <UniqueIdentifier>{20C2E61D-9CD1-3C8E-8DA1-F1DE9D683902}</UniqueIdentifier>
    </Filter>
  </ItemGroup>
</Project>
