<?xml version="1.0" encoding="utf-8"?>
<Project ToolsVersion="16.0" xmlns="http://schemas.microsoft.com/developer/msbuild/2003">
  <ItemGroup>
    <CustomBuild Include="C:\Users\lllll\Documents\GitHub\UniEngine\UniEngine\includes\assimp-5.0.1\CMakeFiles\e419d213481fe8a3f39205b0a46643d2\INSTALL_force.rule">
      <Filter>CMake Rules</Filter>
    </CustomBuild>
  </ItemGroup>
  <ItemGroup>
    <Filter Include="CMake Rules">
      <UniqueIdentifier>{66E0CB48-720A-3A1D-B2EA-A62E5F34E0A7}</UniqueIdentifier>
    </Filter>
  </ItemGroup>
</Project>
